{
  "version": 4,
  "terraform_version": "1.11.3",
  "serial": 367,
  "lineage": "e80bf311-4355-2330-631b-3d8dd3cf0a74",
  "outputs": {},
  "resources": [
    {
      "mode": "data",
      "type": "aws_availability_zones",
      "name": "available",
      "provider": "provider[\"registry.terraform.io/hashicorp/aws\"]",
      "instances": [
        {
          "schema_version": 0,
          "attributes": {
            "all_availability_zones": null,
            "exclude_names": null,
            "exclude_zone_ids": null,
            "filter": null,
            "group_names": [
              "ap-southeast-1-zg-1"
            ],
            "id": "ap-southeast-1",
            "names": [
              "ap-southeast-1a",
              "ap-southeast-1b",
              "ap-southeast-1c"
            ],
            "region": "ap-southeast-1",
            "state": null,
            "timeouts": null,
            "zone_ids": [
              "apse1-az2",
              "apse1-az1",
              "apse1-az3"
            ]
          },
          "sensitive_attributes": []
        }
      ]
    },
    {
      "mode": "managed",
      "type": "aws_service_discovery_http_namespace",
      "name": "this",
      "provider": "provider[\"registry.terraform.io/hashicorp/aws\"]",
      "instances": [
        {
          "schema_version": 0,
          "attributes": {
            "arn": "arn:aws:servicediscovery:ap-southeast-1:058264383156:namespace/ns-x6ycx3lytlmbzyi3",
            "description": "CloudMap namespace for ex-ecs-test",
            "http_name": "ex-ecs-test",
            "id": "ns-x6ycx3lytlmbzyi3",
            "name": "ex-ecs-test",
            "region": "ap-southeast-1",
            "tags": {
              "Example": "ex-ecs-test",
              "Name": "ex-ecs-test",
              "Repository": "https://github.com/terraform-aws-modules/terraform-aws-ecs"
            },
            "tags_all": {
              "Example": "ex-ecs-test",
              "Name": "ex-ecs-test",
              "Repository": "https://github.com/terraform-aws-modules/terraform-aws-ecs"
            }
          },
          "sensitive_attributes": [],
          "private": "bnVsbA=="
        }
      ]
    },
    {
      "module": "module.alb",
      "mode": "data",
      "type": "aws_partition",
      "name": "current",
      "provider": "provider[\"registry.terraform.io/hashicorp/aws\"]",
      "instances": [
        {
          "schema_version": 0,
          "attributes": {
            "dns_suffix": "amazonaws.com",
            "id": "aws",
            "partition": "aws",
            "reverse_dns_prefix": "com.amazonaws"
          },
          "sensitive_attributes": []
        }
      ]
    },
    {
      "module": "module.alb",
      "mode": "managed",
      "type": "aws_lb",
      "name": "this",
      "provider": "provider[\"registry.terraform.io/hashicorp/aws\"]",
      "instances": [
        {
          "index_key": 0,
          "schema_version": 0,
          "attributes": {
            "access_logs": [
              {
                "bucket": "",
                "enabled": false,
                "prefix": ""
              }
            ],
            "arn": "arn:aws:elasticloadbalancing:ap-southeast-1:058264383156:loadbalancer/app/ex-ecs-test/771e8148e51967b8",
            "arn_suffix": "app/ex-ecs-test/771e8148e51967b8",
            "client_keep_alive": 3600,
            "connection_logs": [
              {
                "bucket": "",
                "enabled": false,
                "prefix": ""
              }
            ],
            "customer_owned_ipv4_pool": "",
            "desync_mitigation_mode": "defensive",
            "dns_name": "ex-ecs-test-1658322436.ap-southeast-1.elb.amazonaws.com",
            "dns_record_client_routing_policy": null,
            "drop_invalid_header_fields": true,
            "enable_cross_zone_load_balancing": true,
            "enable_deletion_protection": false,
            "enable_http2": true,
            "enable_tls_version_and_cipher_suite_headers": false,
            "enable_waf_fail_open": false,
            "enable_xff_client_port": false,
            "enable_zonal_shift": false,
            "enforce_security_group_inbound_rules_on_private_link_traffic": "",
            "id": "arn:aws:elasticloadbalancing:ap-southeast-1:058264383156:loadbalancer/app/ex-ecs-test/771e8148e51967b8",
            "idle_timeout": 60,
            "internal": false,
            "ip_address_type": "ipv4",
            "ipam_pools": [],
            "load_balancer_type": "application",
            "minimum_load_balancer_capacity": [],
            "name": "ex-ecs-test",
            "name_prefix": "",
            "preserve_host_header": false,
            "region": "ap-southeast-1",
            "security_groups": [
              "sg-002a586fe6e2f72db"
            ],
            "subnet_mapping": [
              {
                "allocation_id": "",
                "ipv6_address": "",
                "outpost_id": "",
                "private_ipv4_address": "",
                "subnet_id": "subnet-0beace6189edd5102"
              },
              {
                "allocation_id": "",
                "ipv6_address": "",
                "outpost_id": "",
                "private_ipv4_address": "",
                "subnet_id": "subnet-0d09aa747484ac7b2"
              },
              {
                "allocation_id": "",
                "ipv6_address": "",
                "outpost_id": "",
                "private_ipv4_address": "",
                "subnet_id": "subnet-0fdfc6796f390af0e"
              }
            ],
            "subnets": [
              "subnet-0beace6189edd5102",
              "subnet-0d09aa747484ac7b2",
              "subnet-0fdfc6796f390af0e"
            ],
            "tags": {
              "Example": "ex-ecs-test",
              "Name": "ex-ecs-test",
              "Repository": "https://github.com/terraform-aws-modules/terraform-aws-ecs",
              "terraform-aws-modules": "alb"
            },
            "tags_all": {
              "Example": "ex-ecs-test",
              "Name": "ex-ecs-test",
              "Repository": "https://github.com/terraform-aws-modules/terraform-aws-ecs",
              "terraform-aws-modules": "alb"
            },
            "timeouts": {
              "create": null,
              "delete": null,
              "update": null
            },
            "vpc_id": "vpc-03d4eb07f3fbea373",
            "xff_header_processing_mode": "append",
            "zone_id": "Z1LMS91P8CMLE5"
          },
          "sensitive_attributes": [],
          "private": "eyJlMmJmYjczMC1lY2FhLTExZTYtOGY4OC0zNDM2M2JjN2M0YzAiOnsiY3JlYXRlIjo2MDAwMDAwMDAwMDAsImRlbGV0ZSI6NjAwMDAwMDAwMDAwLCJ1cGRhdGUiOjYwMDAwMDAwMDAwMH19",
          "dependencies": [
            "data.aws_availability_zones.available",
            "module.alb.aws_security_group.this",
            "module.vpc.aws_subnet.public",
            "module.vpc.aws_vpc.this",
            "module.vpc.aws_vpc_ipv4_cidr_block_association.this"
          ],
          "create_before_destroy": true
        }
      ]
    },
    {
      "module": "module.alb",
      "mode": "managed",
      "type": "aws_lb_listener",
      "name": "this",
      "provider": "provider[\"registry.terraform.io/hashicorp/aws\"]",
      "instances": [
        {
          "index_key": "http",
          "schema_version": 0,
          "attributes": {
            "alpn_policy": null,
            "arn": "arn:aws:elasticloadbalancing:ap-southeast-1:058264383156:listener/app/ex-ecs-test/771e8148e51967b8/6459bb59ba090651",
            "certificate_arn": null,
            "default_action": [
              {
                "authenticate_cognito": [],
                "authenticate_oidc": [],
                "fixed_response": [
                  {
                    "content_type": "text/plain",
                    "message_body": "ALB: No matching rule found",
                    "status_code": "404"
                  }
                ],
                "forward": [],
                "order": 1,
                "redirect": [],
                "target_group_arn": "",
                "type": "fixed-response"
              }
            ],
            "id": "arn:aws:elasticloadbalancing:ap-southeast-1:058264383156:listener/app/ex-ecs-test/771e8148e51967b8/6459bb59ba090651",
            "load_balancer_arn": "arn:aws:elasticloadbalancing:ap-southeast-1:058264383156:loadbalancer/app/ex-ecs-test/771e8148e51967b8",
            "mutual_authentication": [],
            "port": 80,
            "protocol": "HTTP",
            "region": "ap-southeast-1",
            "routing_http_request_x_amzn_mtls_clientcert_header_name": null,
            "routing_http_request_x_amzn_mtls_clientcert_issuer_header_name": null,
            "routing_http_request_x_amzn_mtls_clientcert_leaf_header_name": null,
            "routing_http_request_x_amzn_mtls_clientcert_serial_number_header_name": null,
            "routing_http_request_x_amzn_mtls_clientcert_subject_header_name": null,
            "routing_http_request_x_amzn_mtls_clientcert_validity_header_name": null,
            "routing_http_request_x_amzn_tls_cipher_suite_header_name": null,
            "routing_http_request_x_amzn_tls_version_header_name": null,
            "routing_http_response_access_control_allow_credentials_header_value": "",
            "routing_http_response_access_control_allow_headers_header_value": "",
            "routing_http_response_access_control_allow_methods_header_value": "",
            "routing_http_response_access_control_allow_origin_header_value": "",
            "routing_http_response_access_control_expose_headers_header_value": "",
            "routing_http_response_access_control_max_age_header_value": "",
            "routing_http_response_content_security_policy_header_value": "",
            "routing_http_response_server_enabled": true,
            "routing_http_response_strict_transport_security_header_value": "",
            "routing_http_response_x_content_type_options_header_value": "",
            "routing_http_response_x_frame_options_header_value": "",
            "ssl_policy": "",
            "tags": {
              "Example": "ex-ecs-test",
              "Name": "ex-ecs-test",
              "Repository": "https://github.com/terraform-aws-modules/terraform-aws-ecs",
              "terraform-aws-modules": "alb"
            },
            "tags_all": {
              "Example": "ex-ecs-test",
              "Name": "ex-ecs-test",
              "Repository": "https://github.com/terraform-aws-modules/terraform-aws-ecs",
              "terraform-aws-modules": "alb"
            },
            "tcp_idle_timeout_seconds": null,
            "timeouts": null
          },
          "sensitive_attributes": [],
          "private": "eyJlMmJmYjczMC1lY2FhLTExZTYtOGY4OC0zNDM2M2JjN2M0YzAiOnsiY3JlYXRlIjozMDAwMDAwMDAwMDAsInVwZGF0ZSI6MzAwMDAwMDAwMDAwfX0=",
          "dependencies": [
            "data.aws_availability_zones.available",
            "module.alb.aws_lb.this",
            "module.alb.aws_lb_target_group.this",
            "module.alb.aws_security_group.this",
            "module.vpc.aws_subnet.public",
            "module.vpc.aws_vpc.this",
            "module.vpc.aws_vpc_ipv4_cidr_block_association.this"
          ],
          "create_before_destroy": true
        }
      ]
    },
    {
      "module": "module.alb",
      "mode": "managed",
      "type": "aws_lb_listener_rule",
      "name": "this",
      "provider": "provider[\"registry.terraform.io/hashicorp/aws\"]",
      "instances": [
        {
          "index_key": "http/example_com_rule",
          "schema_version": 0,
          "attributes": {
            "action": [
              {
                "authenticate_cognito": [],
                "authenticate_oidc": [],
                "fixed_response": [],
                "forward": [],
                "order": 1,
                "redirect": [],
                "target_group_arn": "arn:aws:elasticloadbalancing:ap-southeast-1:058264383156:targetgroup/tf-20250726013037565700000001/4585173c6cb35e70",
                "type": "forward"
              }
            ],
            "arn": "arn:aws:elasticloadbalancing:ap-southeast-1:058264383156:listener-rule/app/ex-ecs-test/771e8148e51967b8/6459bb59ba090651/fbef4c0175823f4d",
            "condition": [
              {
                "host_header": [
                  {
                    "values": [
                      "nginx.midecode.com"
                    ]
                  }
                ],
                "http_header": [],
                "http_request_method": [],
                "path_pattern": [],
                "query_string": [],
                "source_ip": []
              }
            ],
            "id": "arn:aws:elasticloadbalancing:ap-southeast-1:058264383156:listener-rule/app/ex-ecs-test/771e8148e51967b8/6459bb59ba090651/fbef4c0175823f4d",
            "listener_arn": "arn:aws:elasticloadbalancing:ap-southeast-1:058264383156:listener/app/ex-ecs-test/771e8148e51967b8/6459bb59ba090651",
            "priority": 100,
            "region": "ap-southeast-1",
            "tags": {
              "Example": "ex-ecs-test",
              "Name": "ex-ecs-test",
              "Repository": "https://github.com/terraform-aws-modules/terraform-aws-ecs",
              "terraform-aws-modules": "alb"
            },
            "tags_all": {
              "Example": "ex-ecs-test",
              "Name": "ex-ecs-test",
              "Repository": "https://github.com/terraform-aws-modules/terraform-aws-ecs",
              "terraform-aws-modules": "alb"
            }
          },
          "sensitive_attributes": [],
          "private": "bnVsbA==",
          "dependencies": [
            "data.aws_availability_zones.available",
            "module.alb.aws_lb.this",
            "module.alb.aws_lb_listener.this",
            "module.alb.aws_lb_target_group.this",
            "module.alb.aws_security_group.this",
            "module.vpc.aws_subnet.public",
            "module.vpc.aws_vpc.this",
            "module.vpc.aws_vpc_ipv4_cidr_block_association.this"
          ],
          "create_before_destroy": true
        }
      ]
    },
    {
      "module": "module.alb",
      "mode": "managed",
      "type": "aws_lb_target_group",
      "name": "this",
      "provider": "provider[\"registry.terraform.io/hashicorp/aws\"]",
      "instances": [
        {
          "index_key": "ecs-demo-frontend",
          "schema_version": 0,
          "attributes": {
            "arn": "arn:aws:elasticloadbalancing:ap-southeast-1:058264383156:targetgroup/tf-20250726013037565700000001/4585173c6cb35e70",
            "arn_suffix": "targetgroup/tf-20250726013037565700000001/4585173c6cb35e70",
            "connection_termination": null,
            "deregistration_delay": "5",
            "health_check": [
              {
                "enabled": true,
                "healthy_threshold": 5,
                "interval": 30,
                "matcher": "200",
                "path": "/",
                "port": "traffic-port",
                "protocol": "HTTP",
                "timeout": 5,
                "unhealthy_threshold": 2
              }
            ],
            "id": "arn:aws:elasticloadbalancing:ap-southeast-1:058264383156:targetgroup/tf-20250726013037565700000001/4585173c6cb35e70",
            "ip_address_type": "ipv4",
            "lambda_multi_value_headers_enabled": false,
            "load_balancer_arns": [],
            "load_balancing_algorithm_type": "round_robin",
            "load_balancing_anomaly_mitigation": "off",
            "load_balancing_cross_zone_enabled": "true",
            "name": "tf-20250726013037565700000001",
            "name_prefix": "tf-",
            "port": 80,
            "preserve_client_ip": null,
            "protocol": "HTTP",
            "protocol_version": "HTTP1",
            "proxy_protocol_v2": false,
            "region": "ap-southeast-1",
            "slow_start": 0,
            "stickiness": [
              {
                "cookie_duration": 86400,
                "cookie_name": "",
                "enabled": false,
                "type": "lb_cookie"
              }
            ],
            "tags": {
              "Example": "ex-ecs-test",
              "Name": "ex-ecs-test",
              "Repository": "https://github.com/terraform-aws-modules/terraform-aws-ecs",
              "terraform-aws-modules": "alb"
            },
            "tags_all": {
              "Example": "ex-ecs-test",
              "Name": "ex-ecs-test",
              "Repository": "https://github.com/terraform-aws-modules/terraform-aws-ecs",
              "terraform-aws-modules": "alb"
            },
            "target_failover": [
              {
                "on_deregistration": null,
                "on_unhealthy": null
              }
            ],
            "target_group_health": [
              {
                "dns_failover": [
                  {
                    "minimum_healthy_targets_count": "1",
                    "minimum_healthy_targets_percentage": "off"
                  }
                ],
                "unhealthy_state_routing": [
                  {
                    "minimum_healthy_targets_count": 1,
                    "minimum_healthy_targets_percentage": "off"
                  }
                ]
              }
            ],
            "target_health_state": [
              {
                "enable_unhealthy_connection_termination": null,
                "unhealthy_draining_interval": null
              }
            ],
            "target_type": "ip",
            "vpc_id": "vpc-03d4eb07f3fbea373"
          },
          "sensitive_attributes": [],
          "private": "bnVsbA==",
          "dependencies": [
            "module.vpc.aws_vpc.this"
          ],
          "create_before_destroy": true
        }
      ]
    },
    {
      "module": "module.alb",
      "mode": "managed",
      "type": "aws_security_group",
      "name": "this",
      "provider": "provider[\"registry.terraform.io/hashicorp/aws\"]",
      "instances": [
        {
          "index_key": 0,
          "schema_version": 1,
          "attributes": {
            "arn": "arn:aws:ec2:ap-southeast-1:058264383156:security-group/sg-002a586fe6e2f72db",
            "description": "Security group for ex-ecs-test application load balancer",
            "egress": [
              {
                "cidr_blocks": [
                  "10.0.0.0/16"
                ],
                "description": "",
                "from_port": 0,
                "ipv6_cidr_blocks": [],
                "prefix_list_ids": [],
                "protocol": "-1",
                "security_groups": [],
                "self": false,
                "to_port": 0
              }
            ],
            "id": "sg-002a586fe6e2f72db",
            "ingress": [
              {
                "cidr_blocks": [
                  "0.0.0.0/0"
                ],
                "description": "",
                "from_port": 80,
                "ipv6_cidr_blocks": [],
                "prefix_list_ids": [],
                "protocol": "tcp",
                "security_groups": [],
                "self": false,
                "to_port": 80
              }
            ],
            "name": "ex-ecs-test-2025072600202176200000000c",
            "name_prefix": "ex-ecs-test-",
            "owner_id": "058264383156",
            "region": "ap-southeast-1",
            "revoke_rules_on_delete": false,
            "tags": {
              "Example": "ex-ecs-test",
              "Name": "ex-ecs-test",
              "Repository": "https://github.com/terraform-aws-modules/terraform-aws-ecs",
              "terraform-aws-modules": "alb"
            },
            "tags_all": {
              "Example": "ex-ecs-test",
              "Name": "ex-ecs-test",
              "Repository": "https://github.com/terraform-aws-modules/terraform-aws-ecs",
              "terraform-aws-modules": "alb"
            },
            "timeouts": null,
            "vpc_id": "vpc-03d4eb07f3fbea373"
          },
          "sensitive_attributes": [],
          "private": "eyJlMmJmYjczMC1lY2FhLTExZTYtOGY4OC0zNDM2M2JjN2M0YzAiOnsiY3JlYXRlIjo2MDAwMDAwMDAwMDAsImRlbGV0ZSI6OTAwMDAwMDAwMDAwfSwic2NoZW1hX3ZlcnNpb24iOiIxIn0=",
          "dependencies": [
            "module.vpc.aws_vpc.this"
          ],
          "create_before_destroy": true
        }
      ]
    },
    {
      "module": "module.alb",
      "mode": "managed",
      "type": "aws_vpc_security_group_egress_rule",
      "name": "this",
      "provider": "provider[\"registry.terraform.io/hashicorp/aws\"]",
      "instances": [
        {
          "index_key": "all",
          "schema_version": 0,
          "attributes": {
            "arn": "arn:aws:ec2:ap-southeast-1:058264383156:security-group-rule/sgr-07a72bcf37be988b2",
            "cidr_ipv4": "10.0.0.0/16",
            "cidr_ipv6": null,
            "description": null,
            "from_port": null,
            "id": "sgr-07a72bcf37be988b2",
            "ip_protocol": "-1",
            "prefix_list_id": null,
            "referenced_security_group_id": null,
            "region": "ap-southeast-1",
            "security_group_id": "sg-002a586fe6e2f72db",
            "security_group_rule_id": "sgr-07a72bcf37be988b2",
            "tags": {
              "Example": "ex-ecs-test",
              "Name": "ex-ecs-test",
              "Repository": "https://github.com/terraform-aws-modules/terraform-aws-ecs",
              "terraform-aws-modules": "alb"
            },
            "tags_all": {
              "Example": "ex-ecs-test",
              "Name": "ex-ecs-test",
              "Repository": "https://github.com/terraform-aws-modules/terraform-aws-ecs",
              "terraform-aws-modules": "alb"
            },
            "to_port": null
          },
          "sensitive_attributes": [],
          "dependencies": [
            "module.alb.aws_security_group.this",
            "module.vpc.aws_vpc.this"
          ],
          "create_before_destroy": true
        }
      ]
    },
    {
      "module": "module.alb",
      "mode": "managed",
      "type": "aws_vpc_security_group_ingress_rule",
      "name": "this",
      "provider": "provider[\"registry.terraform.io/hashicorp/aws\"]",
      "instances": [
        {
          "index_key": "all_http",
          "schema_version": 0,
          "attributes": {
            "arn": "arn:aws:ec2:ap-southeast-1:058264383156:security-group-rule/sgr-064f918c9534d10c0",
            "cidr_ipv4": "0.0.0.0/0",
            "cidr_ipv6": null,
            "description": null,
            "from_port": 80,
            "id": "sgr-064f918c9534d10c0",
            "ip_protocol": "tcp",
            "prefix_list_id": null,
            "referenced_security_group_id": null,
            "region": "ap-southeast-1",
            "security_group_id": "sg-002a586fe6e2f72db",
            "security_group_rule_id": "sgr-064f918c9534d10c0",
            "tags": {
              "Example": "ex-ecs-test",
              "Name": "ex-ecs-test",
              "Repository": "https://github.com/terraform-aws-modules/terraform-aws-ecs",
              "terraform-aws-modules": "alb"
            },
            "tags_all": {
              "Example": "ex-ecs-test",
              "Name": "ex-ecs-test",
              "Repository": "https://github.com/terraform-aws-modules/terraform-aws-ecs",
              "terraform-aws-modules": "alb"
            },
            "to_port": 80
          },
          "sensitive_attributes": [],
          "dependencies": [
            "module.alb.aws_security_group.this",
            "module.vpc.aws_vpc.this"
          ],
          "create_before_destroy": true
        }
      ]
    },
    {
      "module": "module.ecs_cluster",
      "mode": "managed",
      "type": "aws_cloudwatch_log_group",
      "name": "this",
      "provider": "provider[\"registry.terraform.io/hashicorp/aws\"]",
      "instances": [
        {
          "index_key": 0,
          "schema_version": 0,
          "attributes": {
            "arn": "arn:aws:logs:ap-southeast-1:058264383156:log-group:/aws/ecs/ex-ecs-test",
            "id": "/aws/ecs/ex-ecs-test",
            "kms_key_id": "",
            "log_group_class": "STANDARD",
            "name": "/aws/ecs/ex-ecs-test",
            "name_prefix": "",
            "region": "ap-southeast-1",
            "retention_in_days": 90,
            "skip_destroy": false,
            "tags": {
              "Example": "ex-ecs-test",
              "Name": "/aws/ecs/ex-ecs-test",
              "Repository": "https://github.com/terraform-aws-modules/terraform-aws-ecs"
            },
            "tags_all": {
              "Example": "ex-ecs-test",
              "Name": "/aws/ecs/ex-ecs-test",
              "Repository": "https://github.com/terraform-aws-modules/terraform-aws-ecs"
            }
          },
          "sensitive_attributes": [],
          "private": "bnVsbA=="
        }
      ]
    },
    {
      "module": "module.ecs_cluster",
      "mode": "managed",
      "type": "aws_ecs_cluster",
      "name": "this",
      "provider": "provider[\"registry.terraform.io/hashicorp/aws\"]",
      "instances": [
        {
          "index_key": 0,
          "schema_version": 0,
          "attributes": {
            "arn": "arn:aws:ecs:ap-southeast-1:058264383156:cluster/ex-ecs-test",
            "configuration": [
              {
                "execute_command_configuration": [
                  {
                    "kms_key_id": "",
                    "log_configuration": [
                      {
                        "cloud_watch_encryption_enabled": false,
                        "cloud_watch_log_group_name": "/aws/ecs/ex-ecs-test",
                        "s3_bucket_encryption_enabled": false,
                        "s3_bucket_name": "",
                        "s3_key_prefix": ""
                      }
                    ],
                    "logging": "OVERRIDE"
                  }
                ],
                "managed_storage_configuration": []
              }
            ],
            "id": "arn:aws:ecs:ap-southeast-1:058264383156:cluster/ex-ecs-test",
            "name": "ex-ecs-test",
            "region": "ap-southeast-1",
            "service_connect_defaults": [],
            "setting": [
              {
                "name": "containerInsights",
                "value": "enabled"
              }
            ],
            "tags": {
              "Example": "ex-ecs-test",
              "Name": "ex-ecs-test",
              "Repository": "https://github.com/terraform-aws-modules/terraform-aws-ecs"
            },
            "tags_all": {
              "Example": "ex-ecs-test",
              "Name": "ex-ecs-test",
              "Repository": "https://github.com/terraform-aws-modules/terraform-aws-ecs"
            }
          },
          "sensitive_attributes": [],
          "private": "bnVsbA==",
          "dependencies": [
            "module.ecs_cluster.aws_cloudwatch_log_group.this"
          ]
        }
      ]
    },
    {
      "module": "module.ecs_cluster",
      "mode": "managed",
      "type": "aws_ecs_cluster_capacity_providers",
      "name": "this",
      "provider": "provider[\"registry.terraform.io/hashicorp/aws\"]",
      "instances": [
        {
          "index_key": 0,
          "schema_version": 0,
          "attributes": {
            "capacity_providers": [
              "FARGATE",
              "FARGATE_SPOT"
            ],
            "cluster_name": "ex-ecs-test",
            "default_capacity_provider_strategy": [
              {
                "base": 0,
                "capacity_provider": "FARGATE_SPOT",
                "weight": 50
              },
              {
                "base": 20,
                "capacity_provider": "FARGATE",
                "weight": 50
              }
            ],
            "id": "ex-ecs-test",
            "region": "ap-southeast-1"
          },
          "sensitive_attributes": [],
          "private": "bnVsbA==",
          "dependencies": [
            "module.ecs_cluster.aws_cloudwatch_log_group.this",
            "module.ecs_cluster.aws_ecs_capacity_provider.this",
            "module.ecs_cluster.aws_ecs_cluster.this"
          ]
        }
      ]
    },
    {
      "module": "module.ecs_service",
      "mode": "data",
      "type": "aws_caller_identity",
      "name": "current",
      "provider": "provider[\"registry.terraform.io/hashicorp/aws\"]",
      "instances": [
        {
          "index_key": 0,
          "schema_version": 0,
          "attributes": {
            "account_id": "058264383156",
            "arn": "arn:aws:iam::058264383156:user/morakot",
            "id": "058264383156",
            "user_id": "AIDAQ3EGT522O3GJFI6CS"
          },
          "sensitive_attributes": []
        }
      ]
    },
    {
      "module": "module.ecs_service",
      "mode": "data",
      "type": "aws_iam_policy_document",
      "name": "task_exec",
      "provider": "provider[\"registry.terraform.io/hashicorp/aws\"]",
      "instances": [
        {
          "index_key": 0,
          "schema_version": 0,
          "attributes": {
            "id": "1734719305",
            "json": "{\n  \"Version\": \"2012-10-17\",\n  \"Statement\": [\n    {\n      \"Sid\": \"Logs\",\n      \"Effect\": \"Allow\",\n      \"Action\": [\n        \"logs:PutLogEvents\",\n        \"logs:CreateLogStream\"\n      ],\n      \"Resource\": \"*\"\n    },\n    {\n      \"Sid\": \"ECR\",\n      \"Effect\": \"Allow\",\n      \"Action\": [\n        \"ecr:GetDownloadUrlForLayer\",\n        \"ecr:GetAuthorizationToken\",\n        \"ecr:BatchGetImage\",\n        \"ecr:BatchCheckLayerAvailability\"\n      ],\n      \"Resource\": \"*\"\n    }\n  ]\n}",
            "minified_json": "{\"Version\":\"2012-10-17\",\"Statement\":[{\"Sid\":\"Logs\",\"Effect\":\"Allow\",\"Action\":[\"logs:PutLogEvents\",\"logs:CreateLogStream\"],\"Resource\":\"*\"},{\"Sid\":\"ECR\",\"Effect\":\"Allow\",\"Action\":[\"ecr:GetDownloadUrlForLayer\",\"ecr:GetAuthorizationToken\",\"ecr:BatchGetImage\",\"ecr:BatchCheckLayerAvailability\"],\"Resource\":\"*\"}]}",
            "override_json": null,
            "override_policy_documents": null,
            "policy_id": null,
            "source_json": null,
            "source_policy_documents": null,
            "statement": [
              {
                "actions": [
                  "logs:CreateLogStream",
                  "logs:PutLogEvents"
                ],
                "condition": [],
                "effect": "Allow",
                "not_actions": [],
                "not_principals": [],
                "not_resources": [],
                "principals": [],
                "resources": [
                  "*"
                ],
                "sid": "Logs"
              },
              {
                "actions": [
                  "ecr:BatchCheckLayerAvailability",
                  "ecr:BatchGetImage",
                  "ecr:GetAuthorizationToken",
                  "ecr:GetDownloadUrlForLayer"
                ],
                "condition": [],
                "effect": "Allow",
                "not_actions": [],
                "not_principals": [],
                "not_resources": [],
                "principals": [],
                "resources": [
                  "*"
                ],
                "sid": "ECR"
              }
            ],
            "version": "2012-10-17"
          },
          "sensitive_attributes": []
        }
      ]
    },
    {
      "module": "module.ecs_service",
      "mode": "data",
      "type": "aws_iam_policy_document",
      "name": "task_exec_assume",
      "provider": "provider[\"registry.terraform.io/hashicorp/aws\"]",
      "instances": [
        {
          "index_key": 0,
          "schema_version": 0,
          "attributes": {
            "id": "2291109037",
            "json": "{\n  \"Version\": \"2012-10-17\",\n  \"Statement\": [\n    {\n      \"Sid\": \"ECSTaskExecutionAssumeRole\",\n      \"Effect\": \"Allow\",\n      \"Action\": \"sts:AssumeRole\",\n      \"Principal\": {\n        \"Service\": \"ecs-tasks.amazonaws.com\"\n      }\n    }\n  ]\n}",
            "minified_json": "{\"Version\":\"2012-10-17\",\"Statement\":[{\"Sid\":\"ECSTaskExecutionAssumeRole\",\"Effect\":\"Allow\",\"Action\":\"sts:AssumeRole\",\"Principal\":{\"Service\":\"ecs-tasks.amazonaws.com\"}}]}",
            "override_json": null,
            "override_policy_documents": null,
            "policy_id": null,
            "source_json": null,
            "source_policy_documents": null,
            "statement": [
              {
                "actions": [
                  "sts:AssumeRole"
                ],
                "condition": [],
                "effect": "Allow",
                "not_actions": [],
                "not_principals": [],
                "not_resources": [],
                "principals": [
                  {
                    "identifiers": [
                      "ecs-tasks.amazonaws.com"
                    ],
                    "type": "Service"
                  }
                ],
                "resources": [],
                "sid": "ECSTaskExecutionAssumeRole"
              }
            ],
            "version": "2012-10-17"
          },
          "sensitive_attributes": []
        }
      ]
    },
    {
      "module": "module.ecs_service",
      "mode": "data",
      "type": "aws_iam_policy_document",
      "name": "tasks",
      "provider": "provider[\"registry.terraform.io/hashicorp/aws\"]",
      "instances": [
        {
          "index_key": 0,
          "schema_version": 0,
          "attributes": {
            "id": "757765849",
            "json": "{\n  \"Version\": \"2012-10-17\",\n  \"Statement\": [\n    {\n      \"Sid\": \"ECSExec\",\n      \"Effect\": \"Allow\",\n      \"Action\": [\n        \"ssmmessages:OpenDataChannel\",\n        \"ssmmessages:OpenControlChannel\",\n        \"ssmmessages:CreateDataChannel\",\n        \"ssmmessages:CreateControlChannel\"\n      ],\n      \"Resource\": \"*\"\n    }\n  ]\n}",
            "minified_json": "{\"Version\":\"2012-10-17\",\"Statement\":[{\"Sid\":\"ECSExec\",\"Effect\":\"Allow\",\"Action\":[\"ssmmessages:OpenDataChannel\",\"ssmmessages:OpenControlChannel\",\"ssmmessages:CreateDataChannel\",\"ssmmessages:CreateControlChannel\"],\"Resource\":\"*\"}]}",
            "override_json": null,
            "override_policy_documents": null,
            "policy_id": null,
            "source_json": null,
            "source_policy_documents": null,
            "statement": [
              {
                "actions": [
                  "ssmmessages:CreateControlChannel",
                  "ssmmessages:CreateDataChannel",
                  "ssmmessages:OpenControlChannel",
                  "ssmmessages:OpenDataChannel"
                ],
                "condition": [],
                "effect": "Allow",
                "not_actions": [],
                "not_principals": [],
                "not_resources": [],
                "principals": [],
                "resources": [
                  "*"
                ],
                "sid": "ECSExec"
              }
            ],
            "version": "2012-10-17"
          },
          "sensitive_attributes": []
        }
      ]
    },
    {
      "module": "module.ecs_service",
      "mode": "data",
      "type": "aws_iam_policy_document",
      "name": "tasks_assume",
      "provider": "provider[\"registry.terraform.io/hashicorp/aws\"]",
      "instances": [
        {
          "index_key": 0,
          "schema_version": 0,
          "attributes": {
            "id": "3260779184",
            "json": "{\n  \"Version\": \"2012-10-17\",\n  \"Statement\": [\n    {\n      \"Sid\": \"ECSTasksAssumeRole\",\n      \"Effect\": \"Allow\",\n      \"Action\": \"sts:AssumeRole\",\n      \"Principal\": {\n        \"Service\": \"ecs-tasks.amazonaws.com\"\n      },\n      \"Condition\": {\n        \"ArnLike\": {\n          \"aws:SourceArn\": \"arn:aws:ecs:ap-southeast-1:058264383156:*\"\n        },\n        \"StringEquals\": {\n          \"aws:SourceAccount\": \"058264383156\"\n        }\n      }\n    }\n  ]\n}",
            "minified_json": "{\"Version\":\"2012-10-17\",\"Statement\":[{\"Sid\":\"ECSTasksAssumeRole\",\"Effect\":\"Allow\",\"Action\":\"sts:AssumeRole\",\"Principal\":{\"Service\":\"ecs-tasks.amazonaws.com\"},\"Condition\":{\"ArnLike\":{\"aws:SourceArn\":\"arn:aws:ecs:ap-southeast-1:058264383156:*\"},\"StringEquals\":{\"aws:SourceAccount\":\"058264383156\"}}}]}",
            "override_json": null,
            "override_policy_documents": null,
            "policy_id": null,
            "source_json": null,
            "source_policy_documents": null,
            "statement": [
              {
                "actions": [
                  "sts:AssumeRole"
                ],
                "condition": [
                  {
                    "test": "ArnLike",
                    "values": [
                      "arn:aws:ecs:ap-southeast-1:058264383156:*"
                    ],
                    "variable": "aws:SourceArn"
                  },
                  {
                    "test": "StringEquals",
                    "values": [
                      "058264383156"
                    ],
                    "variable": "aws:SourceAccount"
                  }
                ],
                "effect": "Allow",
                "not_actions": [],
                "not_principals": [],
                "not_resources": [],
                "principals": [
                  {
                    "identifiers": [
                      "ecs-tasks.amazonaws.com"
                    ],
                    "type": "Service"
                  }
                ],
                "resources": [],
                "sid": "ECSTasksAssumeRole"
              }
            ],
            "version": "2012-10-17"
          },
          "sensitive_attributes": []
        }
      ]
    },
    {
      "module": "module.ecs_service",
      "mode": "data",
      "type": "aws_partition",
      "name": "current",
      "provider": "provider[\"registry.terraform.io/hashicorp/aws\"]",
      "instances": [
        {
          "index_key": 0,
          "schema_version": 0,
          "attributes": {
            "dns_suffix": "amazonaws.com",
            "id": "aws",
            "partition": "aws",
            "reverse_dns_prefix": "com.amazonaws"
          },
          "sensitive_attributes": []
        }
      ]
    },
    {
      "module": "module.ecs_service",
      "mode": "data",
      "type": "aws_region",
      "name": "current",
      "provider": "provider[\"registry.terraform.io/hashicorp/aws\"]",
      "instances": [
        {
          "index_key": 0,
          "schema_version": 0,
          "attributes": {
            "description": "Asia Pacific (Singapore)",
            "endpoint": "ec2.ap-southeast-1.amazonaws.com",
            "id": "ap-southeast-1",
            "name": "ap-southeast-1",
            "region": "ap-southeast-1"
          },
          "sensitive_attributes": []
        }
      ]
    },
    {
      "module": "module.ecs_service",
      "mode": "data",
      "type": "aws_subnet",
      "name": "this",
      "provider": "provider[\"registry.terraform.io/hashicorp/aws\"]",
      "instances": [
        {
          "index_key": 0,
          "schema_version": 0,
          "attributes": {
            "arn": "arn:aws:ec2:ap-southeast-1:058264383156:subnet/subnet-09c08b725a5546ede",
            "assign_ipv6_address_on_creation": false,
            "availability_zone": "ap-southeast-1a",
            "availability_zone_id": "apse1-az2",
            "available_ip_address_count": 4090,
            "cidr_block": "10.0.0.0/20",
            "customer_owned_ipv4_pool": "",
            "default_for_az": false,
            "enable_dns64": false,
            "enable_lni_at_device_index": 0,
            "enable_resource_name_dns_a_record_on_launch": false,
            "enable_resource_name_dns_aaaa_record_on_launch": false,
            "filter": null,
            "id": "subnet-09c08b725a5546ede",
            "ipv6_cidr_block": "",
            "ipv6_cidr_block_association_id": "",
            "ipv6_native": false,
            "map_customer_owned_ip_on_launch": false,
            "map_public_ip_on_launch": false,
            "outpost_arn": "",
            "owner_id": "058264383156",
            "private_dns_hostname_type_on_launch": "ip-name",
            "region": "ap-southeast-1",
            "state": "available",
            "tags": {
              "Example": "ex-ecs-test",
              "Name": "ex-ecs-test",
              "Repository": "https://github.com/terraform-aws-modules/terraform-aws-ecs"
            },
            "timeouts": null,
            "vpc_id": "vpc-03d4eb07f3fbea373"
          },
          "sensitive_attributes": []
        }
      ]
    },
    {
      "module": "module.ecs_service",
      "mode": "managed",
      "type": "aws_appautoscaling_policy",
      "name": "this",
      "provider": "provider[\"registry.terraform.io/hashicorp/aws\"]",
      "instances": [
        {
          "index_key": "cpu",
          "schema_version": 0,
          "attributes": {
            "alarm_arns": [
              "arn:aws:cloudwatch:ap-southeast-1:058264383156:alarm:TargetTracking-service/ex-ecs-test/ex-ecs-test-AlarmHigh-7edb067c-9516-480d-9b80-1ebd1b9c31fa",
              "arn:aws:cloudwatch:ap-southeast-1:058264383156:alarm:TargetTracking-service/ex-ecs-test/ex-ecs-test-AlarmLow-fd6e8a00-0046-4065-a2bf-024d5dae1c2e"
            ],
            "arn": "arn:aws:autoscaling:ap-southeast-1:058264383156:scalingPolicy:93252002-6ccd-4526-8d7d-af628a0360ce:resource/ecs/service/ex-ecs-test/ex-ecs-test:policyName/cpu",
            "id": "cpu",
            "name": "cpu",
            "policy_type": "TargetTrackingScaling",
            "region": "ap-southeast-1",
            "resource_id": "service/ex-ecs-test/ex-ecs-test",
            "scalable_dimension": "ecs:service:DesiredCount",
            "service_namespace": "ecs",
            "step_scaling_policy_configuration": [],
            "target_tracking_scaling_policy_configuration": [
              {
                "customized_metric_specification": [],
                "disable_scale_in": false,
                "predefined_metric_specification": [
                  {
                    "predefined_metric_type": "ECSServiceAverageCPUUtilization",
                    "resource_label": ""
                  }
                ],
                "scale_in_cooldown": 300,
                "scale_out_cooldown": 60,
                "target_value": 75
              }
            ]
          },
          "sensitive_attributes": [],
          "private": "bnVsbA==",
          "dependencies": [
            "aws_service_discovery_http_namespace.this",
            "data.aws_availability_zones.available",
            "module.alb.aws_lambda_permission.this",
            "module.alb.aws_lb.this",
            "module.alb.aws_lb_listener.this",
            "module.alb.aws_lb_listener_certificate.this",
            "module.alb.aws_lb_listener_rule.this",
            "module.alb.aws_lb_target_group.this",
            "module.alb.aws_lb_target_group_attachment.additional",
            "module.alb.aws_lb_target_group_attachment.this",
            "module.alb.aws_route53_record.this",
            "module.alb.aws_security_group.this",
            "module.alb.aws_vpc_security_group_egress_rule.this",
            "module.alb.aws_vpc_security_group_ingress_rule.this",
            "module.alb.aws_wafv2_web_acl_association.this",
            "module.alb.data.aws_partition.current",
            "module.ecs_cluster.aws_cloudwatch_log_group.this",
            "module.ecs_cluster.aws_ecs_cluster.this",
            "module.ecs_service.aws_appautoscaling_target.this",
            "module.ecs_service.aws_ecs_service.ignore_task_definition",
            "module.ecs_service.aws_ecs_service.this",
            "module.ecs_service.aws_ecs_task_definition.this",
            "module.ecs_service.aws_iam_policy.service",
            "module.ecs_service.aws_iam_policy.task_exec",
            "module.ecs_service.aws_iam_role.infrastructure_iam_role",
            "module.ecs_service.aws_iam_role.service",
            "module.ecs_service.aws_iam_role.task_exec",
            "module.ecs_service.aws_iam_role.tasks",
            "module.ecs_service.aws_iam_role_policy_attachment.infrastructure_iam_role_ebs_policy",
            "module.ecs_service.aws_iam_role_policy_attachment.service",
            "module.ecs_service.aws_iam_role_policy_attachment.task_exec",
            "module.ecs_service.aws_iam_role_policy_attachment.task_exec_additional",
            "module.ecs_service.aws_iam_role_policy_attachment.tasks",
            "module.ecs_service.aws_security_group.this",
            "module.ecs_service.data.aws_caller_identity.current",
            "module.ecs_service.data.aws_iam_policy_document.infrastructure_iam_role",
            "module.ecs_service.data.aws_iam_policy_document.service",
            "module.ecs_service.data.aws_iam_policy_document.service_assume",
            "module.ecs_service.data.aws_iam_policy_document.task_exec",
            "module.ecs_service.data.aws_iam_policy_document.task_exec_assume",
            "module.ecs_service.data.aws_iam_policy_document.tasks_assume",
            "module.ecs_service.data.aws_partition.current",
            "module.ecs_service.data.aws_region.current",
            "module.ecs_service.data.aws_subnet.this",
            "module.ecs_service.module.container_definition.aws_cloudwatch_log_group.this",
            "module.ecs_service.module.container_definition.data.aws_region.current",
            "module.vpc.aws_subnet.private",
            "module.vpc.aws_subnet.public",
            "module.vpc.aws_vpc.this",
            "module.vpc.aws_vpc_ipv4_cidr_block_association.this"
          ]
        },
        {
          "index_key": "memory",
          "schema_version": 0,
          "attributes": {
            "alarm_arns": [
              "arn:aws:cloudwatch:ap-southeast-1:058264383156:alarm:TargetTracking-service/ex-ecs-test/ex-ecs-test-AlarmHigh-01767a1b-1bfe-4ce8-a905-e84e7685914e",
              "arn:aws:cloudwatch:ap-southeast-1:058264383156:alarm:TargetTracking-service/ex-ecs-test/ex-ecs-test-AlarmLow-059a63ca-f25e-4433-8a47-a1a0f0a8d734"
            ],
            "arn": "arn:aws:autoscaling:ap-southeast-1:058264383156:scalingPolicy:93252002-6ccd-4526-8d7d-af628a0360ce:resource/ecs/service/ex-ecs-test/ex-ecs-test:policyName/memory",
            "id": "memory",
            "name": "memory",
            "policy_type": "TargetTrackingScaling",
            "region": "ap-southeast-1",
            "resource_id": "service/ex-ecs-test/ex-ecs-test",
            "scalable_dimension": "ecs:service:DesiredCount",
            "service_namespace": "ecs",
            "step_scaling_policy_configuration": [],
            "target_tracking_scaling_policy_configuration": [
              {
                "customized_metric_specification": [],
                "disable_scale_in": false,
                "predefined_metric_specification": [
                  {
                    "predefined_metric_type": "ECSServiceAverageMemoryUtilization",
                    "resource_label": ""
                  }
                ],
                "scale_in_cooldown": 300,
                "scale_out_cooldown": 60,
                "target_value": 75
              }
            ]
          },
          "sensitive_attributes": [],
          "private": "bnVsbA==",
          "dependencies": [
            "aws_service_discovery_http_namespace.this",
            "data.aws_availability_zones.available",
            "module.alb.aws_lambda_permission.this",
            "module.alb.aws_lb.this",
            "module.alb.aws_lb_listener.this",
            "module.alb.aws_lb_listener_certificate.this",
            "module.alb.aws_lb_listener_rule.this",
            "module.alb.aws_lb_target_group.this",
            "module.alb.aws_lb_target_group_attachment.additional",
            "module.alb.aws_lb_target_group_attachment.this",
            "module.alb.aws_route53_record.this",
            "module.alb.aws_security_group.this",
            "module.alb.aws_vpc_security_group_egress_rule.this",
            "module.alb.aws_vpc_security_group_ingress_rule.this",
            "module.alb.aws_wafv2_web_acl_association.this",
            "module.alb.data.aws_partition.current",
            "module.ecs_cluster.aws_cloudwatch_log_group.this",
            "module.ecs_cluster.aws_ecs_cluster.this",
            "module.ecs_service.aws_appautoscaling_target.this",
            "module.ecs_service.aws_ecs_service.ignore_task_definition",
            "module.ecs_service.aws_ecs_service.this",
            "module.ecs_service.aws_ecs_task_definition.this",
            "module.ecs_service.aws_iam_policy.service",
            "module.ecs_service.aws_iam_policy.task_exec",
            "module.ecs_service.aws_iam_role.infrastructure_iam_role",
            "module.ecs_service.aws_iam_role.service",
            "module.ecs_service.aws_iam_role.task_exec",
            "module.ecs_service.aws_iam_role.tasks",
            "module.ecs_service.aws_iam_role_policy_attachment.infrastructure_iam_role_ebs_policy",
            "module.ecs_service.aws_iam_role_policy_attachment.service",
            "module.ecs_service.aws_iam_role_policy_attachment.task_exec",
            "module.ecs_service.aws_iam_role_policy_attachment.task_exec_additional",
            "module.ecs_service.aws_iam_role_policy_attachment.tasks",
            "module.ecs_service.aws_security_group.this",
            "module.ecs_service.data.aws_caller_identity.current",
            "module.ecs_service.data.aws_iam_policy_document.infrastructure_iam_role",
            "module.ecs_service.data.aws_iam_policy_document.service",
            "module.ecs_service.data.aws_iam_policy_document.service_assume",
            "module.ecs_service.data.aws_iam_policy_document.task_exec",
            "module.ecs_service.data.aws_iam_policy_document.task_exec_assume",
            "module.ecs_service.data.aws_iam_policy_document.tasks_assume",
            "module.ecs_service.data.aws_partition.current",
            "module.ecs_service.data.aws_region.current",
            "module.ecs_service.data.aws_subnet.this",
            "module.ecs_service.module.container_definition.aws_cloudwatch_log_group.this",
            "module.ecs_service.module.container_definition.data.aws_region.current",
            "module.vpc.aws_subnet.private",
            "module.vpc.aws_subnet.public",
            "module.vpc.aws_vpc.this",
            "module.vpc.aws_vpc_ipv4_cidr_block_association.this"
          ]
        }
      ]
    },
    {
      "module": "module.ecs_service",
      "mode": "managed",
      "type": "aws_appautoscaling_target",
      "name": "this",
      "provider": "provider[\"registry.terraform.io/hashicorp/aws\"]",
      "instances": [
        {
          "index_key": 0,
          "schema_version": 0,
          "attributes": {
            "arn": "arn:aws:application-autoscaling:ap-southeast-1:058264383156:scalable-target/0ec5932520026ccd45268d7daf628a0360ce",
            "id": "service/ex-ecs-test/ex-ecs-test",
            "max_capacity": 10,
            "min_capacity": 1,
            "region": "ap-southeast-1",
            "resource_id": "service/ex-ecs-test/ex-ecs-test",
            "role_arn": "arn:aws:iam::058264383156:role/aws-service-role/ecs.application-autoscaling.amazonaws.com/AWSServiceRoleForApplicationAutoScaling_ECSService",
            "scalable_dimension": "ecs:service:DesiredCount",
            "service_namespace": "ecs",
            "suspended_state": [
              {
                "dynamic_scaling_in_suspended": false,
                "dynamic_scaling_out_suspended": false,
                "scheduled_scaling_suspended": false
              }
            ],
            "tags": {
              "Example": "ex-ecs-test",
              "Name": "ex-ecs-test",
              "Repository": "https://github.com/terraform-aws-modules/terraform-aws-ecs"
            },
            "tags_all": {
              "Example": "ex-ecs-test",
              "Name": "ex-ecs-test",
              "Repository": "https://github.com/terraform-aws-modules/terraform-aws-ecs"
            }
          },
          "sensitive_attributes": [],
          "private": "bnVsbA==",
          "dependencies": [
            "aws_service_discovery_http_namespace.this",
            "data.aws_availability_zones.available",
            "module.alb.aws_lambda_permission.this",
            "module.alb.aws_lb.this",
            "module.alb.aws_lb_listener.this",
            "module.alb.aws_lb_listener_certificate.this",
            "module.alb.aws_lb_listener_rule.this",
            "module.alb.aws_lb_target_group.this",
            "module.alb.aws_lb_target_group_attachment.additional",
            "module.alb.aws_lb_target_group_attachment.this",
            "module.alb.aws_route53_record.this",
            "module.alb.aws_security_group.this",
            "module.alb.aws_vpc_security_group_egress_rule.this",
            "module.alb.aws_vpc_security_group_ingress_rule.this",
            "module.alb.aws_wafv2_web_acl_association.this",
            "module.alb.data.aws_partition.current",
            "module.ecs_cluster.aws_cloudwatch_log_group.this",
            "module.ecs_cluster.aws_ecs_cluster.this",
            "module.ecs_service.aws_ecs_service.ignore_task_definition",
            "module.ecs_service.aws_ecs_service.this",
            "module.ecs_service.aws_ecs_task_definition.this",
            "module.ecs_service.aws_iam_policy.service",
            "module.ecs_service.aws_iam_policy.task_exec",
            "module.ecs_service.aws_iam_role.infrastructure_iam_role",
            "module.ecs_service.aws_iam_role.service",
            "module.ecs_service.aws_iam_role.task_exec",
            "module.ecs_service.aws_iam_role.tasks",
            "module.ecs_service.aws_iam_role_policy_attachment.infrastructure_iam_role_ebs_policy",
            "module.ecs_service.aws_iam_role_policy_attachment.service",
            "module.ecs_service.aws_iam_role_policy_attachment.task_exec",
            "module.ecs_service.aws_iam_role_policy_attachment.task_exec_additional",
            "module.ecs_service.aws_iam_role_policy_attachment.tasks",
            "module.ecs_service.aws_security_group.this",
            "module.ecs_service.data.aws_caller_identity.current",
            "module.ecs_service.data.aws_iam_policy_document.infrastructure_iam_role",
            "module.ecs_service.data.aws_iam_policy_document.service",
            "module.ecs_service.data.aws_iam_policy_document.service_assume",
            "module.ecs_service.data.aws_iam_policy_document.task_exec",
            "module.ecs_service.data.aws_iam_policy_document.task_exec_assume",
            "module.ecs_service.data.aws_iam_policy_document.tasks_assume",
            "module.ecs_service.data.aws_partition.current",
            "module.ecs_service.data.aws_region.current",
            "module.ecs_service.data.aws_subnet.this",
            "module.ecs_service.module.container_definition.aws_cloudwatch_log_group.this",
            "module.ecs_service.module.container_definition.data.aws_region.current",
            "module.vpc.aws_subnet.private",
            "module.vpc.aws_subnet.public",
            "module.vpc.aws_vpc.this",
            "module.vpc.aws_vpc_ipv4_cidr_block_association.this"
          ]
        }
      ]
    },
    {
      "module": "module.ecs_service",
      "mode": "managed",
      "type": "aws_ecs_service",
      "name": "this",
      "provider": "provider[\"registry.terraform.io/hashicorp/aws\"]",
      "instances": [
        {
          "index_key": 0,
          "schema_version": 1,
          "attributes": {
            "alarms": [],
            "arn": "arn:aws:ecs:ap-southeast-1:058264383156:service/ex-ecs-test/ex-ecs-test",
            "availability_zone_rebalancing": "DISABLED",
            "capacity_provider_strategy": [],
            "cluster": "arn:aws:ecs:ap-southeast-1:058264383156:cluster/ex-ecs-test",
            "deployment_circuit_breaker": [
              {
                "enable": false,
                "rollback": false
              }
            ],
            "deployment_configuration": [],
            "deployment_controller": [
              {
                "type": "ECS"
              }
            ],
            "deployment_maximum_percent": 200,
            "deployment_minimum_healthy_percent": 66,
            "desired_count": 1,
            "enable_ecs_managed_tags": true,
            "enable_execute_command": true,
            "force_delete": null,
            "force_new_deployment": true,
            "health_check_grace_period_seconds": 0,
            "iam_role": "/aws-service-role/ecs.amazonaws.com/AWSServiceRoleForECS",
            "id": "arn:aws:ecs:ap-southeast-1:058264383156:service/ex-ecs-test/ex-ecs-test",
            "launch_type": "FARGATE",
            "load_balancer": [
              {
                "advanced_configuration": [],
                "container_name": "ecsdemo-frontend",
                "container_port": 80,
                "elb_name": "",
                "target_group_arn": "arn:aws:elasticloadbalancing:ap-southeast-1:058264383156:targetgroup/tf-20250726013037565700000001/4585173c6cb35e70"
              }
            ],
            "name": "ex-ecs-test",
            "network_configuration": [
              {
                "assign_public_ip": false,
                "security_groups": [
                  "sg-0cc5d630fca064453"
                ],
                "subnets": [
                  "subnet-09c08b725a5546ede",
                  "subnet-0b4d60a6504570c03",
                  "subnet-0c3454beead8c9ae6"
                ]
              }
            ],
            "ordered_placement_strategy": [],
            "placement_constraints": [],
            "platform_version": "LATEST",
            "propagate_tags": "NONE",
            "region": "ap-southeast-1",
            "scheduling_strategy": "REPLICA",
            "service_connect_configuration": [
              {
                "enabled": true,
                "log_configuration": [],
                "namespace": "arn:aws:servicediscovery:ap-southeast-1:058264383156:namespace/ns-x6ycx3lytlmbzyi3",
                "service": [
                  {
                    "client_alias": [
                      {
                        "dns_name": "ecsdemo-frontend",
                        "port": 80,
                        "test_traffic_rules": []
                      }
                    ],
                    "discovery_name": "ecsdemo-frontend",
                    "ingress_port_override": 0,
                    "port_name": "ecsdemo-frontend",
                    "timeout": [],
                    "tls": []
                  }
                ]
              }
            ],
            "service_registries": [],
            "tags": {
              "Example": "ex-ecs-test",
              "Name": "ex-ecs-test",
              "Repository": "https://github.com/terraform-aws-modules/terraform-aws-ecs",
              "ServiceTag": "Tag on service level"
            },
            "tags_all": {
              "Example": "ex-ecs-test",
              "Name": "ex-ecs-test",
              "Repository": "https://github.com/terraform-aws-modules/terraform-aws-ecs",
              "ServiceTag": "Tag on service level"
            },
            "task_definition": "arn:aws:ecs:ap-southeast-1:058264383156:task-definition/ex-ecs-test:11",
            "timeouts": null,
            "triggers": {},
            "volume_configuration": [],
            "vpc_lattice_configurations": [],
            "wait_for_steady_state": false
          },
          "sensitive_attributes": [],
          "private": "eyJlMmJmYjczMC1lY2FhLTExZTYtOGY4OC0zNDM2M2JjN2M0YzAiOnsiY3JlYXRlIjoxMjAwMDAwMDAwMDAwLCJkZWxldGUiOjEyMDAwMDAwMDAwMDAsInVwZGF0ZSI6MTIwMDAwMDAwMDAwMH0sInNjaGVtYV92ZXJzaW9uIjoiMSJ9",
          "dependencies": [
            "aws_service_discovery_http_namespace.this",
            "data.aws_availability_zones.available",
            "module.alb.aws_lambda_permission.this",
            "module.alb.aws_lb.this",
            "module.alb.aws_lb_listener.this",
            "module.alb.aws_lb_listener_certificate.this",
            "module.alb.aws_lb_listener_rule.this",
            "module.alb.aws_lb_target_group.this",
            "module.alb.aws_lb_target_group_attachment.additional",
            "module.alb.aws_lb_target_group_attachment.this",
            "module.alb.aws_route53_record.this",
            "module.alb.aws_security_group.this",
            "module.alb.aws_vpc_security_group_egress_rule.this",
            "module.alb.aws_vpc_security_group_ingress_rule.this",
            "module.alb.aws_wafv2_web_acl_association.this",
            "module.alb.data.aws_partition.current",
            "module.ecs_cluster.aws_cloudwatch_log_group.this",
            "module.ecs_cluster.aws_ecs_cluster.this",
            "module.ecs_service.aws_ecs_task_definition.this",
            "module.ecs_service.aws_iam_policy.service",
            "module.ecs_service.aws_iam_policy.task_exec",
            "module.ecs_service.aws_iam_role.infrastructure_iam_role",
            "module.ecs_service.aws_iam_role.service",
            "module.ecs_service.aws_iam_role.task_exec",
            "module.ecs_service.aws_iam_role.tasks",
            "module.ecs_service.aws_iam_role_policy_attachment.infrastructure_iam_role_ebs_policy",
            "module.ecs_service.aws_iam_role_policy_attachment.service",
            "module.ecs_service.aws_iam_role_policy_attachment.task_exec",
            "module.ecs_service.aws_iam_role_policy_attachment.task_exec_additional",
            "module.ecs_service.aws_iam_role_policy_attachment.tasks",
            "module.ecs_service.aws_security_group.this",
            "module.ecs_service.data.aws_caller_identity.current",
            "module.ecs_service.data.aws_iam_policy_document.infrastructure_iam_role",
            "module.ecs_service.data.aws_iam_policy_document.service",
            "module.ecs_service.data.aws_iam_policy_document.service_assume",
            "module.ecs_service.data.aws_iam_policy_document.task_exec",
            "module.ecs_service.data.aws_iam_policy_document.task_exec_assume",
            "module.ecs_service.data.aws_iam_policy_document.tasks_assume",
            "module.ecs_service.data.aws_partition.current",
            "module.ecs_service.data.aws_region.current",
            "module.ecs_service.data.aws_subnet.this",
            "module.ecs_service.module.container_definition.aws_cloudwatch_log_group.this",
            "module.ecs_service.module.container_definition.data.aws_region.current",
            "module.vpc.aws_subnet.private",
            "module.vpc.aws_subnet.public",
            "module.vpc.aws_vpc.this",
            "module.vpc.aws_vpc_ipv4_cidr_block_association.this"
          ]
        }
      ]
    },
    {
      "module": "module.ecs_service",
      "mode": "managed",
      "type": "aws_ecs_task_definition",
      "name": "this",
      "provider": "provider[\"registry.terraform.io/hashicorp/aws\"]",
      "instances": [
        {
          "index_key": 0,
          "schema_version": 1,
          "attributes": {
            "arn": "arn:aws:ecs:ap-southeast-1:058264383156:task-definition/ex-ecs-test:11",
            "arn_without_revision": "arn:aws:ecs:ap-southeast-1:058264383156:task-definition/ex-ecs-test",
            "container_definitions": "[{\"cpu\":512,\"environment\":[],\"essential\":true,\"image\":\"nginx:latest\",\"interactive\":false,\"linuxParameters\":{\"initProcessEnabled\":false},\"logConfiguration\":{\"logDriver\":\"awslogs\",\"options\":{\"awslogs-region\":\"ap-southeast-1\",\"awslogs-stream-prefix\":\"ecs\",\"awslogs-group\":\"/aws/ecs/ex-ecs-test/ecsdemo-frontend\"}},\"memory\":1024,\"memoryReservation\":100,\"mountPoints\":[],\"name\":\"ecsdemo-frontend\",\"portMappings\":[{\"containerPort\":80,\"hostPort\":80,\"name\":\"ecsdemo-frontend\",\"protocol\":\"tcp\"}],\"privileged\":false,\"pseudoTerminal\":false,\"readonlyRootFilesystem\":false,\"restartPolicy\":{\"enabled\":true,\"ignoredExitCodes\":[]},\"startTimeout\":30,\"stopTimeout\":120,\"systemControls\":[],\"versionConsistency\":\"disabled\",\"volumesFrom\":[]}]",
            "cpu": "1024",
            "enable_fault_injection": false,
            "ephemeral_storage": [],
            "execution_role_arn": "arn:aws:iam::058264383156:role/ex-ecs-test-20250726002009038700000007",
            "family": "ex-ecs-test",
            "id": "ex-ecs-test",
            "ipc_mode": "",
            "memory": "4096",
            "network_mode": "awsvpc",
            "pid_mode": "",
            "placement_constraints": [],
            "proxy_configuration": [],
            "region": "ap-southeast-1",
            "requires_compatibilities": [
              "FARGATE"
            ],
            "revision": 11,
            "runtime_platform": [
              {
                "cpu_architecture": "X86_64",
                "operating_system_family": "LINUX"
              }
            ],
            "skip_destroy": false,
            "tags": {
              "Example": "ex-ecs-test",
              "Name": "ex-ecs-test",
              "Repository": "https://github.com/terraform-aws-modules/terraform-aws-ecs"
            },
            "tags_all": {
              "Example": "ex-ecs-test",
              "Name": "ex-ecs-test",
              "Repository": "https://github.com/terraform-aws-modules/terraform-aws-ecs"
            },
            "task_role_arn": "arn:aws:iam::058264383156:role/ex-ecs-test-20250726002008671500000006",
            "track_latest": true,
            "volume": []
          },
          "sensitive_attributes": [],
          "private": "eyJzY2hlbWFfdmVyc2lvbiI6IjEifQ==",
          "dependencies": [
            "data.aws_availability_zones.available",
            "module.alb.aws_lambda_permission.this",
            "module.alb.aws_lb.this",
            "module.alb.aws_lb_listener.this",
            "module.alb.aws_lb_listener_certificate.this",
            "module.alb.aws_lb_listener_rule.this",
            "module.alb.aws_lb_target_group.this",
            "module.alb.aws_lb_target_group_attachment.additional",
            "module.alb.aws_lb_target_group_attachment.this",
            "module.alb.aws_route53_record.this",
            "module.alb.aws_security_group.this",
            "module.alb.aws_vpc_security_group_egress_rule.this",
            "module.alb.aws_vpc_security_group_ingress_rule.this",
            "module.alb.aws_wafv2_web_acl_association.this",
            "module.alb.data.aws_partition.current",
            "module.ecs_service.aws_iam_policy.task_exec",
            "module.ecs_service.aws_iam_role.task_exec",
            "module.ecs_service.aws_iam_role.tasks",
            "module.ecs_service.aws_iam_role_policy_attachment.task_exec",
            "module.ecs_service.aws_iam_role_policy_attachment.task_exec_additional",
            "module.ecs_service.aws_iam_role_policy_attachment.tasks",
            "module.ecs_service.data.aws_caller_identity.current",
            "module.ecs_service.data.aws_iam_policy_document.task_exec",
            "module.ecs_service.data.aws_iam_policy_document.task_exec_assume",
            "module.ecs_service.data.aws_iam_policy_document.tasks_assume",
            "module.ecs_service.data.aws_partition.current",
            "module.ecs_service.data.aws_region.current",
            "module.ecs_service.module.container_definition.aws_cloudwatch_log_group.this",
            "module.ecs_service.module.container_definition.data.aws_region.current",
            "module.vpc.aws_subnet.public",
            "module.vpc.aws_vpc.this",
            "module.vpc.aws_vpc_ipv4_cidr_block_association.this"
          ],
          "create_before_destroy": true
        }
      ]
    },
    {
      "module": "module.ecs_service",
      "mode": "managed",
      "type": "aws_iam_policy",
      "name": "task_exec",
      "provider": "provider[\"registry.terraform.io/hashicorp/aws\"]",
      "instances": [
        {
          "index_key": 0,
          "schema_version": 0,
          "attributes": {
            "arn": "arn:aws:iam::058264383156:policy/ex-ecs-test-20250726002008668900000003",
            "attachment_count": 1,
            "description": "Task execution role IAM policy",
            "id": "arn:aws:iam::058264383156:policy/ex-ecs-test-20250726002008668900000003",
            "name": "ex-ecs-test-20250726002008668900000003",
            "name_prefix": "ex-ecs-test-",
            "path": "/",
            "policy": "{\"Statement\":[{\"Action\":[\"logs:PutLogEvents\",\"logs:CreateLogStream\"],\"Effect\":\"Allow\",\"Resource\":\"*\",\"Sid\":\"Logs\"},{\"Action\":[\"ecr:GetDownloadUrlForLayer\",\"ecr:GetAuthorizationToken\",\"ecr:BatchGetImage\",\"ecr:BatchCheckLayerAvailability\"],\"Effect\":\"Allow\",\"Resource\":\"*\",\"Sid\":\"ECR\"}],\"Version\":\"2012-10-17\"}",
            "policy_id": "ANPAQ3EGT522NNBTJ5CT2",
            "tags": {
              "Example": "ex-ecs-test",
              "Name": "ex-ecs-test",
              "Repository": "https://github.com/terraform-aws-modules/terraform-aws-ecs"
            },
            "tags_all": {
              "Example": "ex-ecs-test",
              "Name": "ex-ecs-test",
              "Repository": "https://github.com/terraform-aws-modules/terraform-aws-ecs"
            }
          },
          "sensitive_attributes": [],
          "private": "bnVsbA==",
          "dependencies": [
            "data.aws_availability_zones.available",
            "module.alb.aws_lambda_permission.this",
            "module.alb.aws_lb.this",
            "module.alb.aws_lb_listener.this",
            "module.alb.aws_lb_listener_certificate.this",
            "module.alb.aws_lb_listener_rule.this",
            "module.alb.aws_lb_target_group.this",
            "module.alb.aws_lb_target_group_attachment.additional",
            "module.alb.aws_lb_target_group_attachment.this",
            "module.alb.aws_route53_record.this",
            "module.alb.aws_security_group.this",
            "module.alb.aws_vpc_security_group_egress_rule.this",
            "module.alb.aws_vpc_security_group_ingress_rule.this",
            "module.alb.aws_wafv2_web_acl_association.this",
            "module.alb.data.aws_partition.current",
            "module.ecs_service.data.aws_iam_policy_document.task_exec",
            "module.vpc.aws_subnet.public",
            "module.vpc.aws_vpc.this",
            "module.vpc.aws_vpc_ipv4_cidr_block_association.this"
          ],
          "create_before_destroy": true
        }
      ]
    },
    {
      "module": "module.ecs_service",
      "mode": "managed",
      "type": "aws_iam_policy",
      "name": "tasks",
      "provider": "provider[\"registry.terraform.io/hashicorp/aws\"]",
      "instances": [
        {
          "index_key": 0,
          "schema_version": 0,
          "attributes": {
            "arn": "arn:aws:iam::058264383156:policy/ex-ecs-test-20250726002008668600000002",
            "attachment_count": 1,
            "description": "Task role IAM policy",
            "id": "arn:aws:iam::058264383156:policy/ex-ecs-test-20250726002008668600000002",
            "name": "ex-ecs-test-20250726002008668600000002",
            "name_prefix": "ex-ecs-test-",
            "path": "/",
            "policy": "{\"Statement\":[{\"Action\":[\"ssmmessages:OpenDataChannel\",\"ssmmessages:OpenControlChannel\",\"ssmmessages:CreateDataChannel\",\"ssmmessages:CreateControlChannel\"],\"Effect\":\"Allow\",\"Resource\":\"*\",\"Sid\":\"ECSExec\"}],\"Version\":\"2012-10-17\"}",
            "policy_id": "ANPAQ3EGT522D2GSHRAWS",
            "tags": {
              "Example": "ex-ecs-test",
              "Name": "ex-ecs-test",
              "Repository": "https://github.com/terraform-aws-modules/terraform-aws-ecs"
            },
            "tags_all": {
              "Example": "ex-ecs-test",
              "Name": "ex-ecs-test",
              "Repository": "https://github.com/terraform-aws-modules/terraform-aws-ecs"
            }
          },
          "sensitive_attributes": [],
          "private": "bnVsbA==",
          "dependencies": [
            "data.aws_availability_zones.available",
            "module.alb.aws_lambda_permission.this",
            "module.alb.aws_lb.this",
            "module.alb.aws_lb_listener.this",
            "module.alb.aws_lb_listener_certificate.this",
            "module.alb.aws_lb_listener_rule.this",
            "module.alb.aws_lb_target_group.this",
            "module.alb.aws_lb_target_group_attachment.additional",
            "module.alb.aws_lb_target_group_attachment.this",
            "module.alb.aws_route53_record.this",
            "module.alb.aws_security_group.this",
            "module.alb.aws_vpc_security_group_egress_rule.this",
            "module.alb.aws_vpc_security_group_ingress_rule.this",
            "module.alb.aws_wafv2_web_acl_association.this",
            "module.alb.data.aws_partition.current",
            "module.ecs_service.data.aws_iam_policy_document.tasks",
            "module.vpc.aws_subnet.public",
            "module.vpc.aws_vpc.this",
            "module.vpc.aws_vpc_ipv4_cidr_block_association.this"
          ]
        }
      ]
    },
    {
      "module": "module.ecs_service",
      "mode": "managed",
      "type": "aws_iam_role",
      "name": "task_exec",
      "provider": "provider[\"registry.terraform.io/hashicorp/aws\"]",
      "instances": [
        {
          "index_key": 0,
          "schema_version": 0,
          "attributes": {
            "arn": "arn:aws:iam::058264383156:role/ex-ecs-test-20250726002009038700000007",
            "assume_role_policy": "{\"Statement\":[{\"Action\":\"sts:AssumeRole\",\"Effect\":\"Allow\",\"Principal\":{\"Service\":\"ecs-tasks.amazonaws.com\"},\"Sid\":\"ECSTaskExecutionAssumeRole\"}],\"Version\":\"2012-10-17\"}",
            "create_date": "2025-07-26T00:20:10Z",
            "description": "Task execution role for ex-ecs-test",
            "force_detach_policies": true,
            "id": "ex-ecs-test-20250726002009038700000007",
            "inline_policy": [],
            "managed_policy_arns": [
              "arn:aws:iam::058264383156:policy/ex-ecs-test-20250726002008668900000003"
            ],
            "max_session_duration": 3600,
            "name": "ex-ecs-test-20250726002009038700000007",
            "name_prefix": "ex-ecs-test-",
            "path": "/",
            "permissions_boundary": "",
            "tags": {
              "Example": "ex-ecs-test",
              "Name": "ex-ecs-test",
              "Repository": "https://github.com/terraform-aws-modules/terraform-aws-ecs"
            },
            "tags_all": {
              "Example": "ex-ecs-test",
              "Name": "ex-ecs-test",
              "Repository": "https://github.com/terraform-aws-modules/terraform-aws-ecs"
            },
            "unique_id": "AROAQ3EGT522FX7A7WKQB"
          },
          "sensitive_attributes": [],
          "private": "bnVsbA==",
          "dependencies": [
            "data.aws_availability_zones.available",
            "module.alb.aws_lambda_permission.this",
            "module.alb.aws_lb.this",
            "module.alb.aws_lb_listener.this",
            "module.alb.aws_lb_listener_certificate.this",
            "module.alb.aws_lb_listener_rule.this",
            "module.alb.aws_lb_target_group.this",
            "module.alb.aws_lb_target_group_attachment.additional",
            "module.alb.aws_lb_target_group_attachment.this",
            "module.alb.aws_route53_record.this",
            "module.alb.aws_security_group.this",
            "module.alb.aws_vpc_security_group_egress_rule.this",
            "module.alb.aws_vpc_security_group_ingress_rule.this",
            "module.alb.aws_wafv2_web_acl_association.this",
            "module.alb.data.aws_partition.current",
            "module.ecs_service.data.aws_iam_policy_document.task_exec_assume",
            "module.vpc.aws_subnet.public",
            "module.vpc.aws_vpc.this",
            "module.vpc.aws_vpc_ipv4_cidr_block_association.this"
          ],
          "create_before_destroy": true
        }
      ]
    },
    {
      "module": "module.ecs_service",
      "mode": "managed",
      "type": "aws_iam_role",
      "name": "tasks",
      "provider": "provider[\"registry.terraform.io/hashicorp/aws\"]",
      "instances": [
        {
          "index_key": 0,
          "schema_version": 0,
          "attributes": {
            "arn": "arn:aws:iam::058264383156:role/ex-ecs-test-20250726002008671500000006",
            "assume_role_policy": "{\"Statement\":[{\"Action\":\"sts:AssumeRole\",\"Condition\":{\"ArnLike\":{\"aws:SourceArn\":\"arn:aws:ecs:ap-southeast-1:058264383156:*\"},\"StringEquals\":{\"aws:SourceAccount\":\"058264383156\"}},\"Effect\":\"Allow\",\"Principal\":{\"Service\":\"ecs-tasks.amazonaws.com\"},\"Sid\":\"ECSTasksAssumeRole\"}],\"Version\":\"2012-10-17\"}",
            "create_date": "2025-07-26T00:20:09Z",
            "description": "",
            "force_detach_policies": true,
            "id": "ex-ecs-test-20250726002008671500000006",
            "inline_policy": [],
            "managed_policy_arns": [
              "arn:aws:iam::058264383156:policy/ex-ecs-test-20250726002008668600000002"
            ],
            "max_session_duration": 3600,
            "name": "ex-ecs-test-20250726002008671500000006",
            "name_prefix": "ex-ecs-test-",
            "path": "/",
            "permissions_boundary": "",
            "tags": {
              "Example": "ex-ecs-test",
              "Name": "ex-ecs-test",
              "Repository": "https://github.com/terraform-aws-modules/terraform-aws-ecs"
            },
            "tags_all": {
              "Example": "ex-ecs-test",
              "Name": "ex-ecs-test",
              "Repository": "https://github.com/terraform-aws-modules/terraform-aws-ecs"
            },
            "unique_id": "AROAQ3EGT522MJU6ZJ7QS"
          },
          "sensitive_attributes": [],
          "private": "bnVsbA==",
          "dependencies": [
            "data.aws_availability_zones.available",
            "module.alb.aws_lambda_permission.this",
            "module.alb.aws_lb.this",
            "module.alb.aws_lb_listener.this",
            "module.alb.aws_lb_listener_certificate.this",
            "module.alb.aws_lb_listener_rule.this",
            "module.alb.aws_lb_target_group.this",
            "module.alb.aws_lb_target_group_attachment.additional",
            "module.alb.aws_lb_target_group_attachment.this",
            "module.alb.aws_route53_record.this",
            "module.alb.aws_security_group.this",
            "module.alb.aws_vpc_security_group_egress_rule.this",
            "module.alb.aws_vpc_security_group_ingress_rule.this",
            "module.alb.aws_wafv2_web_acl_association.this",
            "module.alb.data.aws_partition.current",
            "module.ecs_service.data.aws_caller_identity.current",
            "module.ecs_service.data.aws_iam_policy_document.tasks_assume",
            "module.ecs_service.data.aws_partition.current",
            "module.ecs_service.data.aws_region.current",
            "module.vpc.aws_subnet.public",
            "module.vpc.aws_vpc.this",
            "module.vpc.aws_vpc_ipv4_cidr_block_association.this"
          ],
          "create_before_destroy": true
        }
      ]
    },
    {
      "module": "module.ecs_service",
      "mode": "managed",
      "type": "aws_iam_role_policy_attachment",
      "name": "task_exec",
      "provider": "provider[\"registry.terraform.io/hashicorp/aws\"]",
      "instances": [
        {
          "index_key": 0,
          "schema_version": 0,
          "attributes": {
            "id": "ex-ecs-test-20250726002009038700000007/arn:aws:iam::058264383156:policy/ex-ecs-test-20250726002008668900000003",
            "policy_arn": "arn:aws:iam::058264383156:policy/ex-ecs-test-20250726002008668900000003",
            "role": "ex-ecs-test-20250726002009038700000007"
          },
          "sensitive_attributes": [],
          "private": "bnVsbA==",
          "dependencies": [
            "data.aws_availability_zones.available",
            "module.alb.aws_lambda_permission.this",
            "module.alb.aws_lb.this",
            "module.alb.aws_lb_listener.this",
            "module.alb.aws_lb_listener_certificate.this",
            "module.alb.aws_lb_listener_rule.this",
            "module.alb.aws_lb_target_group.this",
            "module.alb.aws_lb_target_group_attachment.additional",
            "module.alb.aws_lb_target_group_attachment.this",
            "module.alb.aws_route53_record.this",
            "module.alb.aws_security_group.this",
            "module.alb.aws_vpc_security_group_egress_rule.this",
            "module.alb.aws_vpc_security_group_ingress_rule.this",
            "module.alb.aws_wafv2_web_acl_association.this",
            "module.alb.data.aws_partition.current",
            "module.ecs_service.aws_iam_policy.task_exec",
            "module.ecs_service.aws_iam_role.task_exec",
            "module.ecs_service.data.aws_iam_policy_document.task_exec",
            "module.ecs_service.data.aws_iam_policy_document.task_exec_assume",
            "module.vpc.aws_subnet.public",
            "module.vpc.aws_vpc.this",
            "module.vpc.aws_vpc_ipv4_cidr_block_association.this"
          ],
          "create_before_destroy": true
        }
      ]
    },
    {
      "module": "module.ecs_service",
      "mode": "managed",
      "type": "aws_iam_role_policy_attachment",
      "name": "tasks_internal",
      "provider": "provider[\"registry.terraform.io/hashicorp/aws\"]",
      "instances": [
        {
          "index_key": 0,
          "schema_version": 0,
          "attributes": {
            "id": "ex-ecs-test-20250726002008671500000006/arn:aws:iam::058264383156:policy/ex-ecs-test-20250726002008668600000002",
            "policy_arn": "arn:aws:iam::058264383156:policy/ex-ecs-test-20250726002008668600000002",
            "role": "ex-ecs-test-20250726002008671500000006"
          },
          "sensitive_attributes": [],
          "private": "bnVsbA==",
          "dependencies": [
            "data.aws_availability_zones.available",
            "module.alb.aws_lambda_permission.this",
            "module.alb.aws_lb.this",
            "module.alb.aws_lb_listener.this",
            "module.alb.aws_lb_listener_certificate.this",
            "module.alb.aws_lb_listener_rule.this",
            "module.alb.aws_lb_target_group.this",
            "module.alb.aws_lb_target_group_attachment.additional",
            "module.alb.aws_lb_target_group_attachment.this",
            "module.alb.aws_route53_record.this",
            "module.alb.aws_security_group.this",
            "module.alb.aws_vpc_security_group_egress_rule.this",
            "module.alb.aws_vpc_security_group_ingress_rule.this",
            "module.alb.aws_wafv2_web_acl_association.this",
            "module.alb.data.aws_partition.current",
            "module.ecs_service.aws_iam_policy.tasks",
            "module.ecs_service.aws_iam_role.tasks",
            "module.ecs_service.data.aws_caller_identity.current",
            "module.ecs_service.data.aws_iam_policy_document.tasks",
            "module.ecs_service.data.aws_iam_policy_document.tasks_assume",
            "module.ecs_service.data.aws_partition.current",
            "module.ecs_service.data.aws_region.current",
            "module.vpc.aws_subnet.public",
            "module.vpc.aws_vpc.this",
            "module.vpc.aws_vpc_ipv4_cidr_block_association.this"
          ]
        }
      ]
    },
    {
      "module": "module.ecs_service",
      "mode": "managed",
      "type": "aws_security_group",
      "name": "this",
      "provider": "provider[\"registry.terraform.io/hashicorp/aws\"]",
      "instances": [
        {
          "index_key": 0,
          "schema_version": 1,
          "attributes": {
            "arn": "arn:aws:ec2:ap-southeast-1:058264383156:security-group/sg-0cc5d630fca064453",
            "description": "Managed by Terraform",
            "egress": [],
            "id": "sg-0cc5d630fca064453",
            "ingress": [],
            "name": "ex-ecs-test-20250726013039097400000002",
            "name_prefix": "ex-ecs-test-",
            "owner_id": "058264383156",
            "region": "ap-southeast-1",
            "revoke_rules_on_delete": false,
            "tags": {
              "Example": "ex-ecs-test",
              "Name": "ex-ecs-test",
              "Repository": "https://github.com/terraform-aws-modules/terraform-aws-ecs"
            },
            "tags_all": {
              "Example": "ex-ecs-test",
              "Name": "ex-ecs-test",
              "Repository": "https://github.com/terraform-aws-modules/terraform-aws-ecs"
            },
            "timeouts": null,
            "vpc_id": "vpc-03d4eb07f3fbea373"
          },
          "sensitive_attributes": [],
          "private": "eyJlMmJmYjczMC1lY2FhLTExZTYtOGY4OC0zNDM2M2JjN2M0YzAiOnsiY3JlYXRlIjo2MDAwMDAwMDAwMDAsImRlbGV0ZSI6OTAwMDAwMDAwMDAwfSwic2NoZW1hX3ZlcnNpb24iOiIxIn0=",
          "dependencies": [
            "data.aws_availability_zones.available",
            "module.alb.aws_lambda_permission.this",
            "module.alb.aws_lb.this",
            "module.alb.aws_lb_listener.this",
            "module.alb.aws_lb_listener_certificate.this",
            "module.alb.aws_lb_listener_rule.this",
            "module.alb.aws_lb_target_group.this",
            "module.alb.aws_lb_target_group_attachment.additional",
            "module.alb.aws_lb_target_group_attachment.this",
            "module.alb.aws_route53_record.this",
            "module.alb.aws_security_group.this",
            "module.alb.aws_vpc_security_group_egress_rule.this",
            "module.alb.aws_vpc_security_group_ingress_rule.this",
            "module.alb.aws_wafv2_web_acl_association.this",
            "module.alb.data.aws_partition.current",
            "module.ecs_service.data.aws_subnet.this",
            "module.vpc.aws_subnet.private",
            "module.vpc.aws_subnet.public",
            "module.vpc.aws_vpc.this",
            "module.vpc.aws_vpc_ipv4_cidr_block_association.this"
          ],
          "create_before_destroy": true
        }
      ]
    },
    {
      "module": "module.ecs_service",
      "mode": "managed",
      "type": "aws_vpc_security_group_egress_rule",
      "name": "this",
      "provider": "provider[\"registry.terraform.io/hashicorp/aws\"]",
      "instances": [
        {
          "index_key": "all",
          "schema_version": 0,
          "attributes": {
            "arn": "arn:aws:ec2:ap-southeast-1:058264383156:security-group-rule/sgr-04c64379d69e94a19",
            "cidr_ipv4": "0.0.0.0/0",
            "cidr_ipv6": null,
            "description": null,
            "from_port": null,
            "id": "sgr-04c64379d69e94a19",
            "ip_protocol": "-1",
            "prefix_list_id": null,
            "referenced_security_group_id": null,
            "region": "ap-southeast-1",
            "security_group_id": "sg-0cc5d630fca064453",
            "security_group_rule_id": "sgr-04c64379d69e94a19",
            "tags": {
              "Example": "ex-ecs-test",
              "Name": "ex-ecs-test-all",
              "Repository": "https://github.com/terraform-aws-modules/terraform-aws-ecs"
            },
            "tags_all": {
              "Example": "ex-ecs-test",
              "Name": "ex-ecs-test-all",
              "Repository": "https://github.com/terraform-aws-modules/terraform-aws-ecs"
            },
            "to_port": null
          },
          "sensitive_attributes": [],
          "dependencies": [
            "data.aws_availability_zones.available",
            "module.alb.aws_lambda_permission.this",
            "module.alb.aws_lb.this",
            "module.alb.aws_lb_listener.this",
            "module.alb.aws_lb_listener_certificate.this",
            "module.alb.aws_lb_listener_rule.this",
            "module.alb.aws_lb_target_group.this",
            "module.alb.aws_lb_target_group_attachment.additional",
            "module.alb.aws_lb_target_group_attachment.this",
            "module.alb.aws_route53_record.this",
            "module.alb.aws_security_group.this",
            "module.alb.aws_vpc_security_group_egress_rule.this",
            "module.alb.aws_vpc_security_group_ingress_rule.this",
            "module.alb.aws_wafv2_web_acl_association.this",
            "module.alb.data.aws_partition.current",
            "module.ecs_service.aws_security_group.this",
            "module.ecs_service.data.aws_subnet.this",
            "module.vpc.aws_subnet.private",
            "module.vpc.aws_subnet.public",
            "module.vpc.aws_vpc.this",
            "module.vpc.aws_vpc_ipv4_cidr_block_association.this"
          ]
        }
      ]
    },
    {
      "module": "module.ecs_service",
      "mode": "managed",
      "type": "aws_vpc_security_group_ingress_rule",
      "name": "this",
      "provider": "provider[\"registry.terraform.io/hashicorp/aws\"]",
      "instances": [
        {
          "index_key": "alb_3000",
          "schema_version": 0,
          "attributes": {
            "arn": "arn:aws:ec2:ap-southeast-1:058264383156:security-group-rule/sgr-07111cc4e53b05bd3",
            "cidr_ipv4": null,
            "cidr_ipv6": null,
            "description": "Service port",
            "from_port": 80,
            "id": "sgr-07111cc4e53b05bd3",
            "ip_protocol": "tcp",
            "prefix_list_id": null,
            "referenced_security_group_id": "sg-002a586fe6e2f72db",
            "region": "ap-southeast-1",
            "security_group_id": "sg-0cc5d630fca064453",
            "security_group_rule_id": "sgr-07111cc4e53b05bd3",
            "tags": {
              "Example": "ex-ecs-test",
              "Name": "ex-ecs-test-alb_3000",
              "Repository": "https://github.com/terraform-aws-modules/terraform-aws-ecs"
            },
            "tags_all": {
              "Example": "ex-ecs-test",
              "Name": "ex-ecs-test-alb_3000",
              "Repository": "https://github.com/terraform-aws-modules/terraform-aws-ecs"
            },
            "to_port": 80
          },
          "sensitive_attributes": [],
          "dependencies": [
            "data.aws_availability_zones.available",
            "module.alb.aws_lambda_permission.this",
            "module.alb.aws_lb.this",
            "module.alb.aws_lb_listener.this",
            "module.alb.aws_lb_listener_certificate.this",
            "module.alb.aws_lb_listener_rule.this",
            "module.alb.aws_lb_target_group.this",
            "module.alb.aws_lb_target_group_attachment.additional",
            "module.alb.aws_lb_target_group_attachment.this",
            "module.alb.aws_route53_record.this",
            "module.alb.aws_security_group.this",
            "module.alb.aws_vpc_security_group_egress_rule.this",
            "module.alb.aws_vpc_security_group_ingress_rule.this",
            "module.alb.aws_wafv2_web_acl_association.this",
            "module.alb.data.aws_partition.current",
            "module.ecs_service.aws_security_group.this",
            "module.ecs_service.data.aws_subnet.this",
            "module.vpc.aws_subnet.private",
            "module.vpc.aws_subnet.public",
            "module.vpc.aws_vpc.this",
            "module.vpc.aws_vpc_ipv4_cidr_block_association.this"
          ]
        }
      ]
    },
    {
      "module": "module.ecs_service.module.container_definition[\"ecsdemo-frontend\"]",
      "mode": "data",
      "type": "aws_region",
      "name": "current",
      "provider": "provider[\"registry.terraform.io/hashicorp/aws\"]",
      "instances": [
        {
          "schema_version": 0,
          "attributes": {
            "description": "Asia Pacific (Singapore)",
            "endpoint": "ec2.ap-southeast-1.amazonaws.com",
            "id": "ap-southeast-1",
            "name": "ap-southeast-1",
            "region": "ap-southeast-1"
          },
          "sensitive_attributes": []
        }
      ]
    },
    {
      "module": "module.ecs_service.module.container_definition[\"ecsdemo-frontend\"]",
      "mode": "managed",
      "type": "aws_cloudwatch_log_group",
      "name": "this",
      "provider": "provider[\"registry.terraform.io/hashicorp/aws\"]",
      "instances": [
        {
          "index_key": 0,
          "schema_version": 0,
          "attributes": {
            "arn": "arn:aws:logs:ap-southeast-1:058264383156:log-group:/aws/ecs/ex-ecs-test/ecsdemo-frontend",
            "id": "/aws/ecs/ex-ecs-test/ecsdemo-frontend",
            "kms_key_id": "",
            "log_group_class": "STANDARD",
            "name": "/aws/ecs/ex-ecs-test/ecsdemo-frontend",
            "name_prefix": "",
            "region": "ap-southeast-1",
            "retention_in_days": 14,
            "skip_destroy": false,
            "tags": {
              "Example": "ex-ecs-test",
              "Name": "ex-ecs-test",
              "Repository": "https://github.com/terraform-aws-modules/terraform-aws-ecs"
            },
            "tags_all": {
              "Example": "ex-ecs-test",
              "Name": "ex-ecs-test",
              "Repository": "https://github.com/terraform-aws-modules/terraform-aws-ecs"
            }
          },
          "sensitive_attributes": [],
          "private": "bnVsbA==",
          "dependencies": [
            "data.aws_availability_zones.available",
            "module.alb.aws_lambda_permission.this",
            "module.alb.aws_lb.this",
            "module.alb.aws_lb_listener.this",
            "module.alb.aws_lb_listener_certificate.this",
            "module.alb.aws_lb_listener_rule.this",
            "module.alb.aws_lb_target_group.this",
            "module.alb.aws_lb_target_group_attachment.additional",
            "module.alb.aws_lb_target_group_attachment.this",
            "module.alb.aws_route53_record.this",
            "module.alb.aws_security_group.this",
            "module.alb.aws_vpc_security_group_egress_rule.this",
            "module.alb.aws_vpc_security_group_ingress_rule.this",
            "module.alb.aws_wafv2_web_acl_association.this",
            "module.alb.data.aws_partition.current",
            "module.vpc.aws_subnet.public",
            "module.vpc.aws_vpc.this",
            "module.vpc.aws_vpc_ipv4_cidr_block_association.this"
          ],
          "create_before_destroy": true
        }
      ]
    },
    {
      "module": "module.vpc",
      "mode": "managed",
      "type": "aws_default_network_acl",
      "name": "this",
      "provider": "provider[\"registry.terraform.io/hashicorp/aws\"]",
      "instances": [
        {
          "index_key": 0,
          "schema_version": 0,
          "attributes": {
            "arn": "arn:aws:ec2:ap-southeast-1:058264383156:network-acl/acl-0c3e25deafcfe2d9a",
            "default_network_acl_id": "acl-0c3e25deafcfe2d9a",
            "egress": [
              {
                "action": "allow",
                "cidr_block": "",
                "from_port": 0,
                "icmp_code": 0,
                "icmp_type": 0,
                "ipv6_cidr_block": "::/0",
                "protocol": "-1",
                "rule_no": 101,
                "to_port": 0
              },
              {
                "action": "allow",
                "cidr_block": "0.0.0.0/0",
                "from_port": 0,
                "icmp_code": 0,
                "icmp_type": 0,
                "ipv6_cidr_block": "",
                "protocol": "-1",
                "rule_no": 100,
                "to_port": 0
              }
            ],
            "id": "acl-0c3e25deafcfe2d9a",
            "ingress": [
              {
                "action": "allow",
                "cidr_block": "",
                "from_port": 0,
                "icmp_code": 0,
                "icmp_type": 0,
                "ipv6_cidr_block": "::/0",
                "protocol": "-1",
                "rule_no": 101,
                "to_port": 0
              },
              {
                "action": "allow",
                "cidr_block": "0.0.0.0/0",
                "from_port": 0,
                "icmp_code": 0,
                "icmp_type": 0,
                "ipv6_cidr_block": "",
                "protocol": "-1",
                "rule_no": 100,
                "to_port": 0
              }
            ],
            "owner_id": "058264383156",
            "region": "ap-southeast-1",
            "subnet_ids": [
              "subnet-09c08b725a5546ede",
              "subnet-0b4d60a6504570c03",
              "subnet-0beace6189edd5102",
              "subnet-0c3454beead8c9ae6",
              "subnet-0d09aa747484ac7b2",
              "subnet-0fdfc6796f390af0e"
            ],
            "tags": {
              "Example": "ex-ecs-test",
              "Name": "ex-ecs-test",
              "Repository": "https://github.com/terraform-aws-modules/terraform-aws-ecs"
            },
            "tags_all": {
              "Example": "ex-ecs-test",
              "Name": "ex-ecs-test",
              "Repository": "https://github.com/terraform-aws-modules/terraform-aws-ecs"
            },
            "vpc_id": "vpc-03d4eb07f3fbea373"
          },
          "sensitive_attributes": [],
          "private": "bnVsbA==",
          "dependencies": [
            "module.vpc.aws_vpc.this"
          ]
        }
      ]
    },
    {
      "module": "module.vpc",
      "mode": "managed",
      "type": "aws_default_route_table",
      "name": "default",
      "provider": "provider[\"registry.terraform.io/hashicorp/aws\"]",
      "instances": [
        {
          "index_key": 0,
          "schema_version": 0,
          "attributes": {
            "arn": "arn:aws:ec2:ap-southeast-1:058264383156:route-table/rtb-0e9d512612998816c",
            "default_route_table_id": "rtb-0e9d512612998816c",
            "id": "rtb-0e9d512612998816c",
            "owner_id": "058264383156",
            "propagating_vgws": [],
            "region": "ap-southeast-1",
            "route": [],
            "tags": {
              "Example": "ex-ecs-test",
              "Name": "ex-ecs-test",
              "Repository": "https://github.com/terraform-aws-modules/terraform-aws-ecs"
            },
            "tags_all": {
              "Example": "ex-ecs-test",
              "Name": "ex-ecs-test",
              "Repository": "https://github.com/terraform-aws-modules/terraform-aws-ecs"
            },
            "timeouts": {
              "create": "5m",
              "update": "5m"
            },
            "vpc_id": "vpc-03d4eb07f3fbea373"
          },
          "sensitive_attributes": [],
          "private": "eyJlMmJmYjczMC1lY2FhLTExZTYtOGY4OC0zNDM2M2JjN2M0YzAiOnsiY3JlYXRlIjozMDAwMDAwMDAwMDAsInVwZGF0ZSI6MzAwMDAwMDAwMDAwfX0=",
          "dependencies": [
            "module.vpc.aws_vpc.this"
          ]
        }
      ]
    },
    {
      "module": "module.vpc",
      "mode": "managed",
      "type": "aws_default_security_group",
      "name": "this",
      "provider": "provider[\"registry.terraform.io/hashicorp/aws\"]",
      "instances": [
        {
          "index_key": 0,
          "schema_version": 1,
          "attributes": {
            "arn": "arn:aws:ec2:ap-southeast-1:058264383156:security-group/sg-02c0a6ff59b5a4662",
            "description": "default VPC security group",
            "egress": [],
            "id": "sg-02c0a6ff59b5a4662",
            "ingress": [],
            "name": "default",
            "name_prefix": "",
            "owner_id": "058264383156",
            "region": "ap-southeast-1",
            "revoke_rules_on_delete": false,
            "tags": {
              "Example": "ex-ecs-test",
              "Name": "ex-ecs-test",
              "Repository": "https://github.com/terraform-aws-modules/terraform-aws-ecs"
            },
            "tags_all": {
              "Example": "ex-ecs-test",
              "Name": "ex-ecs-test",
              "Repository": "https://github.com/terraform-aws-modules/terraform-aws-ecs"
            },
            "vpc_id": "vpc-03d4eb07f3fbea373"
          },
          "sensitive_attributes": [],
          "private": "eyJzY2hlbWFfdmVyc2lvbiI6IjEifQ==",
          "dependencies": [
            "module.vpc.aws_vpc.this"
          ]
        }
      ]
    },
    {
      "module": "module.vpc",
      "mode": "managed",
      "type": "aws_eip",
      "name": "nat",
      "provider": "provider[\"registry.terraform.io/hashicorp/aws\"]",
      "instances": [
        {
          "index_key": 0,
          "schema_version": 0,
          "attributes": {
            "address": null,
            "allocation_id": "eipalloc-034ecfbcd86a064fb",
            "arn": "arn:aws:ec2:ap-southeast-1:058264383156:elastic-ip/eipalloc-034ecfbcd86a064fb",
            "associate_with_private_ip": null,
            "association_id": "eipassoc-0f33f50a50b99eb47",
            "carrier_ip": "",
            "customer_owned_ip": "",
            "customer_owned_ipv4_pool": "",
            "domain": "vpc",
            "id": "eipalloc-034ecfbcd86a064fb",
            "instance": "",
            "ipam_pool_id": null,
            "network_border_group": "ap-southeast-1",
            "network_interface": "eni-0f23f856276708365",
            "private_dns": "ip-10-0-48-104.ap-southeast-1.compute.internal",
            "private_ip": "10.0.48.104",
            "ptr_record": "",
            "public_dns": "ec2-13-215-133-180.ap-southeast-1.compute.amazonaws.com",
            "public_ip": "13.215.133.180",
            "public_ipv4_pool": "amazon",
            "region": "ap-southeast-1",
            "tags": {
              "Example": "ex-ecs-test",
              "Name": "ex-ecs-test",
              "Repository": "https://github.com/terraform-aws-modules/terraform-aws-ecs"
            },
            "tags_all": {
              "Example": "ex-ecs-test",
              "Name": "ex-ecs-test",
              "Repository": "https://github.com/terraform-aws-modules/terraform-aws-ecs"
            },
            "timeouts": null
          },
          "sensitive_attributes": [],
          "private": "eyJlMmJmYjczMC1lY2FhLTExZTYtOGY4OC0zNDM2M2JjN2M0YzAiOnsiZGVsZXRlIjoxODAwMDAwMDAwMDAsInJlYWQiOjkwMDAwMDAwMDAwMCwidXBkYXRlIjozMDAwMDAwMDAwMDB9fQ==",
          "dependencies": [
            "data.aws_availability_zones.available",
            "module.vpc.aws_internet_gateway.this",
            "module.vpc.aws_vpc.this",
            "module.vpc.aws_vpc_ipv4_cidr_block_association.this"
          ]
        }
      ]
    },
    {
      "module": "module.vpc",
      "mode": "managed",
      "type": "aws_internet_gateway",
      "name": "this",
      "provider": "provider[\"registry.terraform.io/hashicorp/aws\"]",
      "instances": [
        {
          "index_key": 0,
          "schema_version": 0,
          "attributes": {
            "arn": "arn:aws:ec2:ap-southeast-1:058264383156:internet-gateway/igw-0d9583fac247ec02f",
            "id": "igw-0d9583fac247ec02f",
            "owner_id": "058264383156",
            "region": "ap-southeast-1",
            "tags": {
              "Example": "ex-ecs-test",
              "Name": "ex-ecs-test",
              "Repository": "https://github.com/terraform-aws-modules/terraform-aws-ecs"
            },
            "tags_all": {
              "Example": "ex-ecs-test",
              "Name": "ex-ecs-test",
              "Repository": "https://github.com/terraform-aws-modules/terraform-aws-ecs"
            },
            "timeouts": null,
            "vpc_id": "vpc-03d4eb07f3fbea373"
          },
          "sensitive_attributes": [],
          "private": "eyJlMmJmYjczMC1lY2FhLTExZTYtOGY4OC0zNDM2M2JjN2M0YzAiOnsiY3JlYXRlIjoxMjAwMDAwMDAwMDAwLCJkZWxldGUiOjEyMDAwMDAwMDAwMDAsInVwZGF0ZSI6MTIwMDAwMDAwMDAwMH19",
          "dependencies": [
            "data.aws_availability_zones.available",
            "module.vpc.aws_vpc.this",
            "module.vpc.aws_vpc_ipv4_cidr_block_association.this"
          ]
        }
      ]
    },
    {
      "module": "module.vpc",
      "mode": "managed",
      "type": "aws_nat_gateway",
      "name": "this",
      "provider": "provider[\"registry.terraform.io/hashicorp/aws\"]",
      "instances": [
        {
          "index_key": 0,
          "schema_version": 0,
          "attributes": {
            "allocation_id": "eipalloc-034ecfbcd86a064fb",
            "association_id": "eipassoc-0f33f50a50b99eb47",
            "connectivity_type": "public",
            "id": "nat-02638a1a760cfad79",
            "network_interface_id": "eni-0f23f856276708365",
            "private_ip": "10.0.48.104",
            "public_ip": "13.215.133.180",
            "region": "ap-southeast-1",
            "secondary_allocation_ids": [],
            "secondary_private_ip_address_count": 0,
            "secondary_private_ip_addresses": [],
            "subnet_id": "subnet-0fdfc6796f390af0e",
            "tags": {
              "Example": "ex-ecs-test",
              "Name": "ex-ecs-test",
              "Repository": "https://github.com/terraform-aws-modules/terraform-aws-ecs"
            },
            "tags_all": {
              "Example": "ex-ecs-test",
              "Name": "ex-ecs-test",
              "Repository": "https://github.com/terraform-aws-modules/terraform-aws-ecs"
            },
            "timeouts": null
          },
          "sensitive_attributes": [],
          "private": "eyJlMmJmYjczMC1lY2FhLTExZTYtOGY4OC0zNDM2M2JjN2M0YzAiOnsiY3JlYXRlIjo2MDAwMDAwMDAwMDAsImRlbGV0ZSI6MTgwMDAwMDAwMDAwMCwidXBkYXRlIjo2MDAwMDAwMDAwMDB9fQ==",
          "dependencies": [
            "data.aws_availability_zones.available",
            "module.vpc.aws_eip.nat",
            "module.vpc.aws_internet_gateway.this",
            "module.vpc.aws_subnet.public",
            "module.vpc.aws_vpc.this",
            "module.vpc.aws_vpc_ipv4_cidr_block_association.this"
          ]
        }
      ]
    },
    {
      "module": "module.vpc",
      "mode": "managed",
      "type": "aws_route",
      "name": "private_nat_gateway",
      "provider": "provider[\"registry.terraform.io/hashicorp/aws\"]",
      "instances": [
        {
          "index_key": 0,
          "schema_version": 0,
          "attributes": {
            "carrier_gateway_id": "",
            "core_network_arn": "",
            "destination_cidr_block": "0.0.0.0/0",
            "destination_ipv6_cidr_block": "",
            "destination_prefix_list_id": "",
            "egress_only_gateway_id": "",
            "gateway_id": "",
            "id": "r-rtb-0f1e39030885ad93d1080289494",
            "instance_id": "",
            "instance_owner_id": "",
            "local_gateway_id": "",
            "nat_gateway_id": "nat-02638a1a760cfad79",
            "network_interface_id": "",
            "origin": "CreateRoute",
            "region": "ap-southeast-1",
            "route_table_id": "rtb-0f1e39030885ad93d",
            "state": "active",
            "timeouts": {
              "create": "5m",
              "delete": null,
              "update": null
            },
            "transit_gateway_id": "",
            "vpc_endpoint_id": "",
            "vpc_peering_connection_id": ""
          },
          "sensitive_attributes": [],
          "private": "eyJlMmJmYjczMC1lY2FhLTExZTYtOGY4OC0zNDM2M2JjN2M0YzAiOnsiY3JlYXRlIjozMDAwMDAwMDAwMDAsImRlbGV0ZSI6MzAwMDAwMDAwMDAwLCJ1cGRhdGUiOjEyMDAwMDAwMDAwMH19",
          "dependencies": [
            "data.aws_availability_zones.available",
            "module.vpc.aws_eip.nat",
            "module.vpc.aws_internet_gateway.this",
            "module.vpc.aws_nat_gateway.this",
            "module.vpc.aws_route_table.private",
            "module.vpc.aws_subnet.public",
            "module.vpc.aws_vpc.this",
            "module.vpc.aws_vpc_ipv4_cidr_block_association.this"
          ]
        }
      ]
    },
    {
      "module": "module.vpc",
      "mode": "managed",
      "type": "aws_route",
      "name": "public_internet_gateway",
      "provider": "provider[\"registry.terraform.io/hashicorp/aws\"]",
      "instances": [
        {
          "index_key": 0,
          "schema_version": 0,
          "attributes": {
            "carrier_gateway_id": "",
            "core_network_arn": "",
            "destination_cidr_block": "0.0.0.0/0",
            "destination_ipv6_cidr_block": "",
            "destination_prefix_list_id": "",
            "egress_only_gateway_id": "",
            "gateway_id": "igw-0d9583fac247ec02f",
            "id": "r-rtb-0abb6f1c9ad07691f1080289494",
            "instance_id": "",
            "instance_owner_id": "",
            "local_gateway_id": "",
            "nat_gateway_id": "",
            "network_interface_id": "",
            "origin": "CreateRoute",
            "region": "ap-southeast-1",
            "route_table_id": "rtb-0abb6f1c9ad07691f",
            "state": "active",
            "timeouts": {
              "create": "5m",
              "delete": null,
              "update": null
            },
            "transit_gateway_id": "",
            "vpc_endpoint_id": "",
            "vpc_peering_connection_id": ""
          },
          "sensitive_attributes": [],
          "private": "eyJlMmJmYjczMC1lY2FhLTExZTYtOGY4OC0zNDM2M2JjN2M0YzAiOnsiY3JlYXRlIjozMDAwMDAwMDAwMDAsImRlbGV0ZSI6MzAwMDAwMDAwMDAwLCJ1cGRhdGUiOjEyMDAwMDAwMDAwMH19",
          "dependencies": [
            "data.aws_availability_zones.available",
            "module.vpc.aws_internet_gateway.this",
            "module.vpc.aws_route_table.public",
            "module.vpc.aws_vpc.this",
            "module.vpc.aws_vpc_ipv4_cidr_block_association.this"
          ]
        }
      ]
    },
    {
      "module": "module.vpc",
      "mode": "managed",
      "type": "aws_route_table",
      "name": "private",
      "provider": "provider[\"registry.terraform.io/hashicorp/aws\"]",
      "instances": [
        {
          "index_key": 0,
          "schema_version": 0,
          "attributes": {
            "arn": "arn:aws:ec2:ap-southeast-1:058264383156:route-table/rtb-0f1e39030885ad93d",
            "id": "rtb-0f1e39030885ad93d",
            "owner_id": "058264383156",
            "propagating_vgws": [],
            "region": "ap-southeast-1",
            "route": [
              {
                "carrier_gateway_id": "",
                "cidr_block": "0.0.0.0/0",
                "core_network_arn": "",
                "destination_prefix_list_id": "",
                "egress_only_gateway_id": "",
                "gateway_id": "",
                "ipv6_cidr_block": "",
                "local_gateway_id": "",
                "nat_gateway_id": "nat-02638a1a760cfad79",
                "network_interface_id": "",
                "transit_gateway_id": "",
                "vpc_endpoint_id": "",
                "vpc_peering_connection_id": ""
              }
            ],
            "tags": {
              "Example": "ex-ecs-test",
              "Name": "ex-ecs-test",
              "Repository": "https://github.com/terraform-aws-modules/terraform-aws-ecs"
            },
            "tags_all": {
              "Example": "ex-ecs-test",
              "Name": "ex-ecs-test",
              "Repository": "https://github.com/terraform-aws-modules/terraform-aws-ecs"
            },
            "timeouts": null,
            "vpc_id": "vpc-03d4eb07f3fbea373"
          },
          "sensitive_attributes": [],
          "private": "eyJlMmJmYjczMC1lY2FhLTExZTYtOGY4OC0zNDM2M2JjN2M0YzAiOnsiY3JlYXRlIjozMDAwMDAwMDAwMDAsImRlbGV0ZSI6MzAwMDAwMDAwMDAwLCJ1cGRhdGUiOjEyMDAwMDAwMDAwMH19",
          "dependencies": [
            "data.aws_availability_zones.available",
            "module.vpc.aws_vpc.this",
            "module.vpc.aws_vpc_ipv4_cidr_block_association.this"
          ]
        }
      ]
    },
    {
      "module": "module.vpc",
      "mode": "managed",
      "type": "aws_route_table",
      "name": "public",
      "provider": "provider[\"registry.terraform.io/hashicorp/aws\"]",
      "instances": [
        {
          "index_key": 0,
          "schema_version": 0,
          "attributes": {
            "arn": "arn:aws:ec2:ap-southeast-1:058264383156:route-table/rtb-0abb6f1c9ad07691f",
            "id": "rtb-0abb6f1c9ad07691f",
            "owner_id": "058264383156",
            "propagating_vgws": [],
            "region": "ap-southeast-1",
            "route": [
              {
                "carrier_gateway_id": "",
                "cidr_block": "0.0.0.0/0",
                "core_network_arn": "",
                "destination_prefix_list_id": "",
                "egress_only_gateway_id": "",
                "gateway_id": "igw-0d9583fac247ec02f",
                "ipv6_cidr_block": "",
                "local_gateway_id": "",
                "nat_gateway_id": "",
                "network_interface_id": "",
                "transit_gateway_id": "",
                "vpc_endpoint_id": "",
                "vpc_peering_connection_id": ""
              }
            ],
            "tags": {
              "Example": "ex-ecs-test",
              "Name": "ex-ecs-test",
              "Repository": "https://github.com/terraform-aws-modules/terraform-aws-ecs"
            },
            "tags_all": {
              "Example": "ex-ecs-test",
              "Name": "ex-ecs-test",
              "Repository": "https://github.com/terraform-aws-modules/terraform-aws-ecs"
            },
            "timeouts": null,
            "vpc_id": "vpc-03d4eb07f3fbea373"
          },
          "sensitive_attributes": [],
          "private": "eyJlMmJmYjczMC1lY2FhLTExZTYtOGY4OC0zNDM2M2JjN2M0YzAiOnsiY3JlYXRlIjozMDAwMDAwMDAwMDAsImRlbGV0ZSI6MzAwMDAwMDAwMDAwLCJ1cGRhdGUiOjEyMDAwMDAwMDAwMH19",
          "dependencies": [
            "data.aws_availability_zones.available",
            "module.vpc.aws_vpc.this",
            "module.vpc.aws_vpc_ipv4_cidr_block_association.this"
          ]
        }
      ]
    },
    {
      "module": "module.vpc",
      "mode": "managed",
      "type": "aws_route_table_association",
      "name": "private",
      "provider": "provider[\"registry.terraform.io/hashicorp/aws\"]",
      "instances": [
        {
          "index_key": 0,
          "schema_version": 0,
          "attributes": {
            "gateway_id": "",
            "id": "rtbassoc-088eedadece6c468b",
            "region": "ap-southeast-1",
            "route_table_id": "rtb-0f1e39030885ad93d",
            "subnet_id": "subnet-09c08b725a5546ede",
            "timeouts": null
          },
          "sensitive_attributes": [],
          "private": "eyJlMmJmYjczMC1lY2FhLTExZTYtOGY4OC0zNDM2M2JjN2M0YzAiOnsiY3JlYXRlIjozMDAwMDAwMDAwMDAsImRlbGV0ZSI6MzAwMDAwMDAwMDAwLCJ1cGRhdGUiOjEyMDAwMDAwMDAwMH19",
          "dependencies": [
            "data.aws_availability_zones.available",
            "module.vpc.aws_route_table.private",
            "module.vpc.aws_subnet.private",
            "module.vpc.aws_vpc.this",
            "module.vpc.aws_vpc_ipv4_cidr_block_association.this"
          ]
        },
        {
          "index_key": 1,
          "schema_version": 0,
          "attributes": {
            "gateway_id": "",
            "id": "rtbassoc-020ebc0eddc86b75e",
            "region": "ap-southeast-1",
            "route_table_id": "rtb-0f1e39030885ad93d",
            "subnet_id": "subnet-0c3454beead8c9ae6",
            "timeouts": null
          },
          "sensitive_attributes": [],
          "private": "eyJlMmJmYjczMC1lY2FhLTExZTYtOGY4OC0zNDM2M2JjN2M0YzAiOnsiY3JlYXRlIjozMDAwMDAwMDAwMDAsImRlbGV0ZSI6MzAwMDAwMDAwMDAwLCJ1cGRhdGUiOjEyMDAwMDAwMDAwMH19",
          "dependencies": [
            "data.aws_availability_zones.available",
            "module.vpc.aws_route_table.private",
            "module.vpc.aws_subnet.private",
            "module.vpc.aws_vpc.this",
            "module.vpc.aws_vpc_ipv4_cidr_block_association.this"
          ]
        },
        {
          "index_key": 2,
          "schema_version": 0,
          "attributes": {
            "gateway_id": "",
            "id": "rtbassoc-08b2511d9cdf9bb60",
            "region": "ap-southeast-1",
            "route_table_id": "rtb-0f1e39030885ad93d",
            "subnet_id": "subnet-0b4d60a6504570c03",
            "timeouts": null
          },
          "sensitive_attributes": [],
          "private": "eyJlMmJmYjczMC1lY2FhLTExZTYtOGY4OC0zNDM2M2JjN2M0YzAiOnsiY3JlYXRlIjozMDAwMDAwMDAwMDAsImRlbGV0ZSI6MzAwMDAwMDAwMDAwLCJ1cGRhdGUiOjEyMDAwMDAwMDAwMH19",
          "dependencies": [
            "data.aws_availability_zones.available",
            "module.vpc.aws_route_table.private",
            "module.vpc.aws_subnet.private",
            "module.vpc.aws_vpc.this",
            "module.vpc.aws_vpc_ipv4_cidr_block_association.this"
          ]
        }
      ]
    },
    {
      "module": "module.vpc",
      "mode": "managed",
      "type": "aws_route_table_association",
      "name": "public",
      "provider": "provider[\"registry.terraform.io/hashicorp/aws\"]",
      "instances": [
        {
          "index_key": 0,
          "schema_version": 0,
          "attributes": {
            "gateway_id": "",
            "id": "rtbassoc-0aef641b61e51ecad",
            "region": "ap-southeast-1",
            "route_table_id": "rtb-0abb6f1c9ad07691f",
            "subnet_id": "subnet-0fdfc6796f390af0e",
            "timeouts": null
          },
          "sensitive_attributes": [],
          "private": "eyJlMmJmYjczMC1lY2FhLTExZTYtOGY4OC0zNDM2M2JjN2M0YzAiOnsiY3JlYXRlIjozMDAwMDAwMDAwMDAsImRlbGV0ZSI6MzAwMDAwMDAwMDAwLCJ1cGRhdGUiOjEyMDAwMDAwMDAwMH19",
          "dependencies": [
            "data.aws_availability_zones.available",
            "module.vpc.aws_route_table.public",
            "module.vpc.aws_subnet.public",
            "module.vpc.aws_vpc.this",
            "module.vpc.aws_vpc_ipv4_cidr_block_association.this"
          ]
        },
        {
          "index_key": 1,
          "schema_version": 0,
          "attributes": {
            "gateway_id": "",
            "id": "rtbassoc-0a4d21c420b48fb07",
            "region": "ap-southeast-1",
            "route_table_id": "rtb-0abb6f1c9ad07691f",
            "subnet_id": "subnet-0beace6189edd5102",
            "timeouts": null
          },
          "sensitive_attributes": [],
          "private": "eyJlMmJmYjczMC1lY2FhLTExZTYtOGY4OC0zNDM2M2JjN2M0YzAiOnsiY3JlYXRlIjozMDAwMDAwMDAwMDAsImRlbGV0ZSI6MzAwMDAwMDAwMDAwLCJ1cGRhdGUiOjEyMDAwMDAwMDAwMH19",
          "dependencies": [
            "data.aws_availability_zones.available",
            "module.vpc.aws_route_table.public",
            "module.vpc.aws_subnet.public",
            "module.vpc.aws_vpc.this",
            "module.vpc.aws_vpc_ipv4_cidr_block_association.this"
          ]
        },
        {
          "index_key": 2,
          "schema_version": 0,
          "attributes": {
            "gateway_id": "",
            "id": "rtbassoc-0911f2a31e708fff4",
            "region": "ap-southeast-1",
            "route_table_id": "rtb-0abb6f1c9ad07691f",
            "subnet_id": "subnet-0d09aa747484ac7b2",
            "timeouts": null
          },
          "sensitive_attributes": [],
          "private": "eyJlMmJmYjczMC1lY2FhLTExZTYtOGY4OC0zNDM2M2JjN2M0YzAiOnsiY3JlYXRlIjozMDAwMDAwMDAwMDAsImRlbGV0ZSI6MzAwMDAwMDAwMDAwLCJ1cGRhdGUiOjEyMDAwMDAwMDAwMH19",
          "dependencies": [
            "data.aws_availability_zones.available",
            "module.vpc.aws_route_table.public",
            "module.vpc.aws_subnet.public",
            "module.vpc.aws_vpc.this",
            "module.vpc.aws_vpc_ipv4_cidr_block_association.this"
          ]
        }
      ]
    },
    {
      "module": "module.vpc",
      "mode": "managed",
      "type": "aws_subnet",
      "name": "private",
      "provider": "provider[\"registry.terraform.io/hashicorp/aws\"]",
      "instances": [
        {
          "index_key": 0,
          "schema_version": 1,
          "attributes": {
            "arn": "arn:aws:ec2:ap-southeast-1:058264383156:subnet/subnet-09c08b725a5546ede",
            "assign_ipv6_address_on_creation": false,
            "availability_zone": "ap-southeast-1a",
            "availability_zone_id": "apse1-az2",
            "cidr_block": "10.0.0.0/20",
            "customer_owned_ipv4_pool": "",
            "enable_dns64": false,
            "enable_lni_at_device_index": 0,
            "enable_resource_name_dns_a_record_on_launch": false,
            "enable_resource_name_dns_aaaa_record_on_launch": false,
            "id": "subnet-09c08b725a5546ede",
            "ipv6_cidr_block": "",
            "ipv6_cidr_block_association_id": "",
            "ipv6_native": false,
            "map_customer_owned_ip_on_launch": false,
            "map_public_ip_on_launch": false,
            "outpost_arn": "",
            "owner_id": "058264383156",
            "private_dns_hostname_type_on_launch": "ip-name",
            "region": "ap-southeast-1",
            "tags": {
              "Example": "ex-ecs-test",
              "Name": "ex-ecs-test",
              "Repository": "https://github.com/terraform-aws-modules/terraform-aws-ecs"
            },
            "tags_all": {
              "Example": "ex-ecs-test",
              "Name": "ex-ecs-test",
              "Repository": "https://github.com/terraform-aws-modules/terraform-aws-ecs"
            },
            "timeouts": null,
            "vpc_id": "vpc-03d4eb07f3fbea373"
          },
          "sensitive_attributes": [],
          "private": "eyJlMmJmYjczMC1lY2FhLTExZTYtOGY4OC0zNDM2M2JjN2M0YzAiOnsiY3JlYXRlIjo2MDAwMDAwMDAwMDAsImRlbGV0ZSI6MTIwMDAwMDAwMDAwMH0sInNjaGVtYV92ZXJzaW9uIjoiMSJ9",
          "dependencies": [
            "data.aws_availability_zones.available",
            "module.vpc.aws_vpc.this",
            "module.vpc.aws_vpc_ipv4_cidr_block_association.this"
          ],
          "create_before_destroy": true
        },
        {
          "index_key": 1,
          "schema_version": 1,
          "attributes": {
            "arn": "arn:aws:ec2:ap-southeast-1:058264383156:subnet/subnet-0c3454beead8c9ae6",
            "assign_ipv6_address_on_creation": false,
            "availability_zone": "ap-southeast-1b",
            "availability_zone_id": "apse1-az1",
            "cidr_block": "10.0.16.0/20",
            "customer_owned_ipv4_pool": "",
            "enable_dns64": false,
            "enable_lni_at_device_index": 0,
            "enable_resource_name_dns_a_record_on_launch": false,
            "enable_resource_name_dns_aaaa_record_on_launch": false,
            "id": "subnet-0c3454beead8c9ae6",
            "ipv6_cidr_block": "",
            "ipv6_cidr_block_association_id": "",
            "ipv6_native": false,
            "map_customer_owned_ip_on_launch": false,
            "map_public_ip_on_launch": false,
            "outpost_arn": "",
            "owner_id": "058264383156",
            "private_dns_hostname_type_on_launch": "ip-name",
            "region": "ap-southeast-1",
            "tags": {
              "Example": "ex-ecs-test",
              "Name": "ex-ecs-test",
              "Repository": "https://github.com/terraform-aws-modules/terraform-aws-ecs"
            },
            "tags_all": {
              "Example": "ex-ecs-test",
              "Name": "ex-ecs-test",
              "Repository": "https://github.com/terraform-aws-modules/terraform-aws-ecs"
            },
            "timeouts": null,
            "vpc_id": "vpc-03d4eb07f3fbea373"
          },
          "sensitive_attributes": [],
          "private": "eyJlMmJmYjczMC1lY2FhLTExZTYtOGY4OC0zNDM2M2JjN2M0YzAiOnsiY3JlYXRlIjo2MDAwMDAwMDAwMDAsImRlbGV0ZSI6MTIwMDAwMDAwMDAwMH0sInNjaGVtYV92ZXJzaW9uIjoiMSJ9",
          "dependencies": [
            "data.aws_availability_zones.available",
            "module.vpc.aws_vpc.this",
            "module.vpc.aws_vpc_ipv4_cidr_block_association.this"
          ],
          "create_before_destroy": true
        },
        {
          "index_key": 2,
          "schema_version": 1,
          "attributes": {
            "arn": "arn:aws:ec2:ap-southeast-1:058264383156:subnet/subnet-0b4d60a6504570c03",
            "assign_ipv6_address_on_creation": false,
            "availability_zone": "ap-southeast-1c",
            "availability_zone_id": "apse1-az3",
            "cidr_block": "10.0.32.0/20",
            "customer_owned_ipv4_pool": "",
            "enable_dns64": false,
            "enable_lni_at_device_index": 0,
            "enable_resource_name_dns_a_record_on_launch": false,
            "enable_resource_name_dns_aaaa_record_on_launch": false,
            "id": "subnet-0b4d60a6504570c03",
            "ipv6_cidr_block": "",
            "ipv6_cidr_block_association_id": "",
            "ipv6_native": false,
            "map_customer_owned_ip_on_launch": false,
            "map_public_ip_on_launch": false,
            "outpost_arn": "",
            "owner_id": "058264383156",
            "private_dns_hostname_type_on_launch": "ip-name",
            "region": "ap-southeast-1",
            "tags": {
              "Example": "ex-ecs-test",
              "Name": "ex-ecs-test",
              "Repository": "https://github.com/terraform-aws-modules/terraform-aws-ecs"
            },
            "tags_all": {
              "Example": "ex-ecs-test",
              "Name": "ex-ecs-test",
              "Repository": "https://github.com/terraform-aws-modules/terraform-aws-ecs"
            },
            "timeouts": null,
            "vpc_id": "vpc-03d4eb07f3fbea373"
          },
          "sensitive_attributes": [],
          "private": "eyJlMmJmYjczMC1lY2FhLTExZTYtOGY4OC0zNDM2M2JjN2M0YzAiOnsiY3JlYXRlIjo2MDAwMDAwMDAwMDAsImRlbGV0ZSI6MTIwMDAwMDAwMDAwMH0sInNjaGVtYV92ZXJzaW9uIjoiMSJ9",
          "dependencies": [
            "data.aws_availability_zones.available",
            "module.vpc.aws_vpc.this",
            "module.vpc.aws_vpc_ipv4_cidr_block_association.this"
          ],
          "create_before_destroy": true
        }
      ]
    },
    {
      "module": "module.vpc",
      "mode": "managed",
      "type": "aws_subnet",
      "name": "public",
      "provider": "provider[\"registry.terraform.io/hashicorp/aws\"]",
      "instances": [
        {
          "index_key": 0,
          "schema_version": 1,
          "attributes": {
            "arn": "arn:aws:ec2:ap-southeast-1:058264383156:subnet/subnet-0fdfc6796f390af0e",
            "assign_ipv6_address_on_creation": false,
            "availability_zone": "ap-southeast-1a",
            "availability_zone_id": "apse1-az2",
            "cidr_block": "10.0.48.0/24",
            "customer_owned_ipv4_pool": "",
            "enable_dns64": false,
            "enable_lni_at_device_index": 0,
            "enable_resource_name_dns_a_record_on_launch": false,
            "enable_resource_name_dns_aaaa_record_on_launch": false,
            "id": "subnet-0fdfc6796f390af0e",
            "ipv6_cidr_block": "",
            "ipv6_cidr_block_association_id": "",
            "ipv6_native": false,
            "map_customer_owned_ip_on_launch": false,
            "map_public_ip_on_launch": false,
            "outpost_arn": "",
            "owner_id": "058264383156",
            "private_dns_hostname_type_on_launch": "ip-name",
            "region": "ap-southeast-1",
            "tags": {
              "Example": "ex-ecs-test",
              "Name": "ex-ecs-test",
              "Repository": "https://github.com/terraform-aws-modules/terraform-aws-ecs"
            },
            "tags_all": {
              "Example": "ex-ecs-test",
              "Name": "ex-ecs-test",
              "Repository": "https://github.com/terraform-aws-modules/terraform-aws-ecs"
            },
            "timeouts": null,
            "vpc_id": "vpc-03d4eb07f3fbea373"
          },
          "sensitive_attributes": [],
          "private": "eyJlMmJmYjczMC1lY2FhLTExZTYtOGY4OC0zNDM2M2JjN2M0YzAiOnsiY3JlYXRlIjo2MDAwMDAwMDAwMDAsImRlbGV0ZSI6MTIwMDAwMDAwMDAwMH0sInNjaGVtYV92ZXJzaW9uIjoiMSJ9",
          "dependencies": [
            "data.aws_availability_zones.available",
            "module.vpc.aws_vpc.this",
            "module.vpc.aws_vpc_ipv4_cidr_block_association.this"
          ],
          "create_before_destroy": true
        },
        {
          "index_key": 1,
          "schema_version": 1,
          "attributes": {
            "arn": "arn:aws:ec2:ap-southeast-1:058264383156:subnet/subnet-0beace6189edd5102",
            "assign_ipv6_address_on_creation": false,
            "availability_zone": "ap-southeast-1b",
            "availability_zone_id": "apse1-az1",
            "cidr_block": "10.0.49.0/24",
            "customer_owned_ipv4_pool": "",
            "enable_dns64": false,
            "enable_lni_at_device_index": 0,
            "enable_resource_name_dns_a_record_on_launch": false,
            "enable_resource_name_dns_aaaa_record_on_launch": false,
            "id": "subnet-0beace6189edd5102",
            "ipv6_cidr_block": "",
            "ipv6_cidr_block_association_id": "",
            "ipv6_native": false,
            "map_customer_owned_ip_on_launch": false,
            "map_public_ip_on_launch": false,
            "outpost_arn": "",
            "owner_id": "058264383156",
            "private_dns_hostname_type_on_launch": "ip-name",
            "region": "ap-southeast-1",
            "tags": {
              "Example": "ex-ecs-test",
              "Name": "ex-ecs-test",
              "Repository": "https://github.com/terraform-aws-modules/terraform-aws-ecs"
            },
            "tags_all": {
              "Example": "ex-ecs-test",
              "Name": "ex-ecs-test",
              "Repository": "https://github.com/terraform-aws-modules/terraform-aws-ecs"
            },
            "timeouts": null,
            "vpc_id": "vpc-03d4eb07f3fbea373"
          },
          "sensitive_attributes": [],
          "private": "eyJlMmJmYjczMC1lY2FhLTExZTYtOGY4OC0zNDM2M2JjN2M0YzAiOnsiY3JlYXRlIjo2MDAwMDAwMDAwMDAsImRlbGV0ZSI6MTIwMDAwMDAwMDAwMH0sInNjaGVtYV92ZXJzaW9uIjoiMSJ9",
          "dependencies": [
            "data.aws_availability_zones.available",
            "module.vpc.aws_vpc.this",
            "module.vpc.aws_vpc_ipv4_cidr_block_association.this"
          ],
          "create_before_destroy": true
        },
        {
          "index_key": 2,
          "schema_version": 1,
          "attributes": {
            "arn": "arn:aws:ec2:ap-southeast-1:058264383156:subnet/subnet-0d09aa747484ac7b2",
            "assign_ipv6_address_on_creation": false,
            "availability_zone": "ap-southeast-1c",
            "availability_zone_id": "apse1-az3",
            "cidr_block": "10.0.50.0/24",
            "customer_owned_ipv4_pool": "",
            "enable_dns64": false,
            "enable_lni_at_device_index": 0,
            "enable_resource_name_dns_a_record_on_launch": false,
            "enable_resource_name_dns_aaaa_record_on_launch": false,
            "id": "subnet-0d09aa747484ac7b2",
            "ipv6_cidr_block": "",
            "ipv6_cidr_block_association_id": "",
            "ipv6_native": false,
            "map_customer_owned_ip_on_launch": false,
            "map_public_ip_on_launch": false,
            "outpost_arn": "",
            "owner_id": "058264383156",
            "private_dns_hostname_type_on_launch": "ip-name",
            "region": "ap-southeast-1",
            "tags": {
              "Example": "ex-ecs-test",
              "Name": "ex-ecs-test",
              "Repository": "https://github.com/terraform-aws-modules/terraform-aws-ecs"
            },
            "tags_all": {
              "Example": "ex-ecs-test",
              "Name": "ex-ecs-test",
              "Repository": "https://github.com/terraform-aws-modules/terraform-aws-ecs"
            },
            "timeouts": null,
            "vpc_id": "vpc-03d4eb07f3fbea373"
          },
          "sensitive_attributes": [],
          "private": "eyJlMmJmYjczMC1lY2FhLTExZTYtOGY4OC0zNDM2M2JjN2M0YzAiOnsiY3JlYXRlIjo2MDAwMDAwMDAwMDAsImRlbGV0ZSI6MTIwMDAwMDAwMDAwMH0sInNjaGVtYV92ZXJzaW9uIjoiMSJ9",
          "dependencies": [
            "data.aws_availability_zones.available",
            "module.vpc.aws_vpc.this",
            "module.vpc.aws_vpc_ipv4_cidr_block_association.this"
          ],
          "create_before_destroy": true
        }
      ]
    },
    {
      "module": "module.vpc",
      "mode": "managed",
      "type": "aws_vpc",
      "name": "this",
      "provider": "provider[\"registry.terraform.io/hashicorp/aws\"]",
      "instances": [
        {
          "index_key": 0,
          "schema_version": 1,
          "attributes": {
            "arn": "arn:aws:ec2:ap-southeast-1:058264383156:vpc/vpc-03d4eb07f3fbea373",
            "assign_generated_ipv6_cidr_block": false,
            "cidr_block": "10.0.0.0/16",
            "default_network_acl_id": "acl-0c3e25deafcfe2d9a",
            "default_route_table_id": "rtb-0e9d512612998816c",
            "default_security_group_id": "sg-02c0a6ff59b5a4662",
            "dhcp_options_id": "dopt-09a0d680a410f185f",
            "enable_dns_hostnames": true,
            "enable_dns_support": true,
            "enable_network_address_usage_metrics": false,
            "id": "vpc-03d4eb07f3fbea373",
            "instance_tenancy": "default",
            "ipv4_ipam_pool_id": null,
            "ipv4_netmask_length": null,
            "ipv6_association_id": "",
            "ipv6_cidr_block": "",
            "ipv6_cidr_block_network_border_group": "",
            "ipv6_ipam_pool_id": "",
            "ipv6_netmask_length": 0,
            "main_route_table_id": "rtb-0e9d512612998816c",
            "owner_id": "058264383156",
            "region": "ap-southeast-1",
            "tags": {
              "Example": "ex-ecs-test",
              "Name": "ex-ecs-test",
              "Repository": "https://github.com/terraform-aws-modules/terraform-aws-ecs"
            },
            "tags_all": {
              "Example": "ex-ecs-test",
              "Name": "ex-ecs-test",
              "Repository": "https://github.com/terraform-aws-modules/terraform-aws-ecs"
            }
          },
          "sensitive_attributes": [],
          "private": "eyJzY2hlbWFfdmVyc2lvbiI6IjEifQ==",
          "create_before_destroy": true
        }
      ]
    }
  ],
  "check_results": null
}
