{
  "version": 4,
  "terraform_version": "1.11.3",
  "serial": 1084,
  "lineage": "e80bf311-4355-2330-631b-3d8dd3cf0a74",
  "outputs": {},
  "resources": [
    {
      "mode": "data",
      "type": "aws_availability_zones",
      "name": "available",
      "provider": "provider[\"registry.terraform.io/hashicorp/aws\"]",
      "instances": [
        {
          "schema_version": 0,
          "attributes": {
            "all_availability_zones": null,
            "exclude_names": null,
            "exclude_zone_ids": null,
            "filter": null,
            "group_names": [
              "ap-southeast-1-zg-1"
            ],
            "id": "ap-southeast-1",
            "names": [
              "ap-southeast-1a",
              "ap-southeast-1b",
              "ap-southeast-1c"
            ],
            "region": "ap-southeast-1",
            "state": null,
            "timeouts": null,
            "zone_ids": [
              "apse1-az2",
              "apse1-az1",
              "apse1-az3"
            ]
          },
          "sensitive_attributes": []
        }
      ]
    },
    {
      "mode": "managed",
      "type": "aws_service_discovery_http_namespace",
      "name": "this",
      "provider": "provider[\"registry.terraform.io/hashicorp/aws\"]",
      "instances": [
        {
          "schema_version": 0,
          "attributes": {
            "arn": "arn:aws:servicediscovery:ap-southeast-1:058264383156:namespace/ns-a5gieephymd3vaqr",
            "description": "CloudMap namespace for ionos",
            "http_name": "ionos",
            "id": "ns-a5gieephymd3vaqr",
            "name": "ionos",
            "region": "ap-southeast-1",
            "tags": {
              "environment": "poc",
              "owner": "midecode",
              "project": "ionos"
            },
            "tags_all": {
              "environment": "poc",
              "owner": "midecode",
              "project": "ionos"
            }
          },
          "sensitive_attributes": [],
          "private": "bnVsbA=="
        }
      ]
    },
    {
      "module": "module.alb",
      "mode": "data",
      "type": "aws_partition",
      "name": "current",
      "provider": "provider[\"registry.terraform.io/hashicorp/aws\"]",
      "instances": [
        {
          "schema_version": 0,
          "attributes": {
            "dns_suffix": "amazonaws.com",
            "id": "aws",
            "partition": "aws",
            "reverse_dns_prefix": "com.amazonaws"
          },
          "sensitive_attributes": []
        }
      ]
    },
    {
      "module": "module.alb",
      "mode": "managed",
      "type": "aws_lb",
      "name": "this",
      "provider": "provider[\"registry.terraform.io/hashicorp/aws\"]",
      "instances": [
        {
          "index_key": 0,
          "schema_version": 0,
          "attributes": {
            "access_logs": [
              {
                "bucket": "",
                "enabled": false,
                "prefix": ""
              }
            ],
            "arn": "arn:aws:elasticloadbalancing:ap-southeast-1:058264383156:loadbalancer/app/midecode-ionos/a7b37b114bc534d3",
            "arn_suffix": "app/midecode-ionos/a7b37b114bc534d3",
            "client_keep_alive": 3600,
            "connection_logs": [
              {
                "bucket": "",
                "enabled": false,
                "prefix": ""
              }
            ],
            "customer_owned_ipv4_pool": "",
            "desync_mitigation_mode": "defensive",
            "dns_name": "midecode-ionos-1706255685.ap-southeast-1.elb.amazonaws.com",
            "dns_record_client_routing_policy": null,
            "drop_invalid_header_fields": true,
            "enable_cross_zone_load_balancing": true,
            "enable_deletion_protection": false,
            "enable_http2": true,
            "enable_tls_version_and_cipher_suite_headers": false,
            "enable_waf_fail_open": false,
            "enable_xff_client_port": false,
            "enable_zonal_shift": false,
            "enforce_security_group_inbound_rules_on_private_link_traffic": "",
            "id": "arn:aws:elasticloadbalancing:ap-southeast-1:058264383156:loadbalancer/app/midecode-ionos/a7b37b114bc534d3",
            "idle_timeout": 60,
            "internal": false,
            "ip_address_type": "ipv4",
            "ipam_pools": [],
            "load_balancer_type": "application",
            "minimum_load_balancer_capacity": [],
            "name": "midecode-ionos",
            "name_prefix": "",
            "preserve_host_header": false,
            "region": "ap-southeast-1",
            "security_groups": [
              "sg-063529c66929249da"
            ],
            "subnet_mapping": [
              {
                "allocation_id": "",
                "ipv6_address": "",
                "outpost_id": "",
                "private_ipv4_address": "",
                "subnet_id": "subnet-05d9c61d5f9649fe1"
              },
              {
                "allocation_id": "",
                "ipv6_address": "",
                "outpost_id": "",
                "private_ipv4_address": "",
                "subnet_id": "subnet-07693580c4689a0b8"
              },
              {
                "allocation_id": "",
                "ipv6_address": "",
                "outpost_id": "",
                "private_ipv4_address": "",
                "subnet_id": "subnet-0b2682b57df10813a"
              }
            ],
            "subnets": [
              "subnet-05d9c61d5f9649fe1",
              "subnet-07693580c4689a0b8",
              "subnet-0b2682b57df10813a"
            ],
            "tags": {
              "Name": "midecode-ionos",
              "environment": "poc",
              "owner": "midecode",
              "project": "ionos",
              "terraform-aws-modules": "alb"
            },
            "tags_all": {
              "Name": "midecode-ionos",
              "environment": "poc",
              "owner": "midecode",
              "project": "ionos",
              "terraform-aws-modules": "alb"
            },
            "timeouts": {
              "create": null,
              "delete": null,
              "update": null
            },
            "vpc_id": "vpc-0609e6a41cf755597",
            "xff_header_processing_mode": "append",
            "zone_id": "Z1LMS91P8CMLE5"
          },
          "sensitive_attributes": [],
          "private": "eyJlMmJmYjczMC1lY2FhLTExZTYtOGY4OC0zNDM2M2JjN2M0YzAiOnsiY3JlYXRlIjo2MDAwMDAwMDAwMDAsImRlbGV0ZSI6NjAwMDAwMDAwMDAwLCJ1cGRhdGUiOjYwMDAwMDAwMDAwMH19",
          "dependencies": [
            "data.aws_availability_zones.available",
            "module.alb.aws_security_group.this",
            "module.vpc.aws_subnet.public",
            "module.vpc.aws_vpc.this",
            "module.vpc.aws_vpc_ipv4_cidr_block_association.this"
          ],
          "create_before_destroy": true
        }
      ]
    },
    {
      "module": "module.alb",
      "mode": "managed",
      "type": "aws_lb_listener",
      "name": "this",
      "provider": "provider[\"registry.terraform.io/hashicorp/aws\"]",
      "instances": [
        {
          "index_key": "http",
          "schema_version": 0,
          "attributes": {
            "alpn_policy": null,
            "arn": "arn:aws:elasticloadbalancing:ap-southeast-1:058264383156:listener/app/midecode-ionos/a7b37b114bc534d3/05097e7d2cf9b16f",
            "certificate_arn": null,
            "default_action": [
              {
                "authenticate_cognito": [],
                "authenticate_oidc": [],
                "fixed_response": [
                  {
                    "content_type": "text/plain",
                    "message_body": "ALB: No matching rule found",
                    "status_code": "404"
                  }
                ],
                "forward": [],
                "order": 1,
                "redirect": [],
                "target_group_arn": "",
                "type": "fixed-response"
              }
            ],
            "id": "arn:aws:elasticloadbalancing:ap-southeast-1:058264383156:listener/app/midecode-ionos/a7b37b114bc534d3/05097e7d2cf9b16f",
            "load_balancer_arn": "arn:aws:elasticloadbalancing:ap-southeast-1:058264383156:loadbalancer/app/midecode-ionos/a7b37b114bc534d3",
            "mutual_authentication": [],
            "port": 80,
            "protocol": "HTTP",
            "region": "ap-southeast-1",
            "routing_http_request_x_amzn_mtls_clientcert_header_name": null,
            "routing_http_request_x_amzn_mtls_clientcert_issuer_header_name": null,
            "routing_http_request_x_amzn_mtls_clientcert_leaf_header_name": null,
            "routing_http_request_x_amzn_mtls_clientcert_serial_number_header_name": null,
            "routing_http_request_x_amzn_mtls_clientcert_subject_header_name": null,
            "routing_http_request_x_amzn_mtls_clientcert_validity_header_name": null,
            "routing_http_request_x_amzn_tls_cipher_suite_header_name": null,
            "routing_http_request_x_amzn_tls_version_header_name": null,
            "routing_http_response_access_control_allow_credentials_header_value": "",
            "routing_http_response_access_control_allow_headers_header_value": "",
            "routing_http_response_access_control_allow_methods_header_value": "",
            "routing_http_response_access_control_allow_origin_header_value": "",
            "routing_http_response_access_control_expose_headers_header_value": "",
            "routing_http_response_access_control_max_age_header_value": "",
            "routing_http_response_content_security_policy_header_value": "",
            "routing_http_response_server_enabled": true,
            "routing_http_response_strict_transport_security_header_value": "",
            "routing_http_response_x_content_type_options_header_value": "",
            "routing_http_response_x_frame_options_header_value": "",
            "ssl_policy": "",
            "tags": {
              "Name": "midecode-ionos",
              "environment": "poc",
              "owner": "midecode",
              "project": "ionos",
              "terraform-aws-modules": "alb"
            },
            "tags_all": {
              "Name": "midecode-ionos",
              "environment": "poc",
              "owner": "midecode",
              "project": "ionos",
              "terraform-aws-modules": "alb"
            },
            "tcp_idle_timeout_seconds": null,
            "timeouts": null
          },
          "sensitive_attributes": [],
          "private": "eyJlMmJmYjczMC1lY2FhLTExZTYtOGY4OC0zNDM2M2JjN2M0YzAiOnsiY3JlYXRlIjozMDAwMDAwMDAwMDAsInVwZGF0ZSI6MzAwMDAwMDAwMDAwfX0=",
          "dependencies": [
            "data.aws_availability_zones.available",
            "module.alb.aws_lb.this",
            "module.alb.aws_lb_target_group.this",
            "module.alb.aws_security_group.this",
            "module.vpc.aws_subnet.public",
            "module.vpc.aws_vpc.this",
            "module.vpc.aws_vpc_ipv4_cidr_block_association.this"
          ],
          "create_before_destroy": true
        },
        {
          "index_key": "https",
          "schema_version": 0,
          "attributes": {
            "alpn_policy": null,
            "arn": "arn:aws:elasticloadbalancing:ap-southeast-1:058264383156:listener/app/midecode-ionos/a7b37b114bc534d3/243e8e8b28b7eaf7",
            "certificate_arn": "arn:aws:acm:ap-southeast-1:058264383156:certificate/15f45bf6-77d2-47a7-b24e-a7b154c04e26",
            "default_action": [
              {
                "authenticate_cognito": [],
                "authenticate_oidc": [],
                "fixed_response": [
                  {
                    "content_type": "text/plain",
                    "message_body": "ALB: No matching rule found",
                    "status_code": "404"
                  }
                ],
                "forward": [],
                "order": 1,
                "redirect": [],
                "target_group_arn": "",
                "type": "fixed-response"
              }
            ],
            "id": "arn:aws:elasticloadbalancing:ap-southeast-1:058264383156:listener/app/midecode-ionos/a7b37b114bc534d3/243e8e8b28b7eaf7",
            "load_balancer_arn": "arn:aws:elasticloadbalancing:ap-southeast-1:058264383156:loadbalancer/app/midecode-ionos/a7b37b114bc534d3",
            "mutual_authentication": [
              {
                "advertise_trust_store_ca_names": "",
                "ignore_client_certificate_expiry": false,
                "mode": "off",
                "trust_store_arn": ""
              }
            ],
            "port": 443,
            "protocol": "HTTPS",
            "region": "ap-southeast-1",
            "routing_http_request_x_amzn_mtls_clientcert_header_name": "",
            "routing_http_request_x_amzn_mtls_clientcert_issuer_header_name": "",
            "routing_http_request_x_amzn_mtls_clientcert_leaf_header_name": "",
            "routing_http_request_x_amzn_mtls_clientcert_serial_number_header_name": "",
            "routing_http_request_x_amzn_mtls_clientcert_subject_header_name": "",
            "routing_http_request_x_amzn_mtls_clientcert_validity_header_name": "",
            "routing_http_request_x_amzn_tls_cipher_suite_header_name": "",
            "routing_http_request_x_amzn_tls_version_header_name": "",
            "routing_http_response_access_control_allow_credentials_header_value": "",
            "routing_http_response_access_control_allow_headers_header_value": "",
            "routing_http_response_access_control_allow_methods_header_value": "",
            "routing_http_response_access_control_allow_origin_header_value": "",
            "routing_http_response_access_control_expose_headers_header_value": "",
            "routing_http_response_access_control_max_age_header_value": "",
            "routing_http_response_content_security_policy_header_value": "",
            "routing_http_response_server_enabled": true,
            "routing_http_response_strict_transport_security_header_value": "",
            "routing_http_response_x_content_type_options_header_value": "",
            "routing_http_response_x_frame_options_header_value": "",
            "ssl_policy": "ELBSecurityPolicy-2016-08",
            "tags": {
              "Name": "midecode-ionos",
              "environment": "poc",
              "owner": "midecode",
              "project": "ionos",
              "terraform-aws-modules": "alb"
            },
            "tags_all": {
              "Name": "midecode-ionos",
              "environment": "poc",
              "owner": "midecode",
              "project": "ionos",
              "terraform-aws-modules": "alb"
            },
            "tcp_idle_timeout_seconds": null,
            "timeouts": null
          },
          "sensitive_attributes": [],
          "private": "eyJlMmJmYjczMC1lY2FhLTExZTYtOGY4OC0zNDM2M2JjN2M0YzAiOnsiY3JlYXRlIjozMDAwMDAwMDAwMDAsInVwZGF0ZSI6MzAwMDAwMDAwMDAwfX0=",
          "dependencies": [
            "data.aws_availability_zones.available",
            "module.alb.aws_lb.this",
            "module.alb.aws_lb_target_group.this",
            "module.alb.aws_security_group.this",
            "module.vpc.aws_subnet.public",
            "module.vpc.aws_vpc.this",
            "module.vpc.aws_vpc_ipv4_cidr_block_association.this"
          ],
          "create_before_destroy": true
        }
      ]
    },
    {
      "module": "module.alb",
      "mode": "managed",
      "type": "aws_lb_listener_rule",
      "name": "this",
      "provider": "provider[\"registry.terraform.io/hashicorp/aws\"]",
      "instances": [
        {
          "index_key": "http/nginx1",
          "schema_version": 0,
          "attributes": {
            "action": [
              {
                "authenticate_cognito": [],
                "authenticate_oidc": [],
                "fixed_response": [],
                "forward": [],
                "order": 1,
                "redirect": [],
                "target_group_arn": "arn:aws:elasticloadbalancing:ap-southeast-1:058264383156:targetgroup/tf-20250726033801229700000006/b85f1cd694abdf7a",
                "type": "forward"
              }
            ],
            "arn": "arn:aws:elasticloadbalancing:ap-southeast-1:058264383156:listener-rule/app/midecode-ionos/a7b37b114bc534d3/05097e7d2cf9b16f/8f5ab9337a9525c4",
            "condition": [
              {
                "host_header": [
                  {
                    "values": [
                      "nginx1.midecode.com"
                    ]
                  }
                ],
                "http_header": [],
                "http_request_method": [],
                "path_pattern": [],
                "query_string": [],
                "source_ip": []
              }
            ],
            "id": "arn:aws:elasticloadbalancing:ap-southeast-1:058264383156:listener-rule/app/midecode-ionos/a7b37b114bc534d3/05097e7d2cf9b16f/8f5ab9337a9525c4",
            "listener_arn": "arn:aws:elasticloadbalancing:ap-southeast-1:058264383156:listener/app/midecode-ionos/a7b37b114bc534d3/05097e7d2cf9b16f",
            "priority": 101,
            "region": "ap-southeast-1",
            "tags": {
              "Name": "midecode-ionos",
              "environment": "poc",
              "owner": "midecode",
              "project": "ionos",
              "terraform-aws-modules": "alb"
            },
            "tags_all": {
              "Name": "midecode-ionos",
              "environment": "poc",
              "owner": "midecode",
              "project": "ionos",
              "terraform-aws-modules": "alb"
            }
          },
          "sensitive_attributes": [],
          "private": "bnVsbA==",
          "dependencies": [
            "data.aws_availability_zones.available",
            "module.alb.aws_lb.this",
            "module.alb.aws_lb_listener.this",
            "module.alb.aws_lb_target_group.this",
            "module.alb.aws_security_group.this",
            "module.vpc.aws_subnet.public",
            "module.vpc.aws_vpc.this",
            "module.vpc.aws_vpc_ipv4_cidr_block_association.this"
          ],
          "create_before_destroy": true
        },
        {
          "index_key": "http/nginx2",
          "schema_version": 0,
          "attributes": {
            "action": [
              {
                "authenticate_cognito": [],
                "authenticate_oidc": [],
                "fixed_response": [],
                "forward": [],
                "order": 1,
                "redirect": [],
                "target_group_arn": "arn:aws:elasticloadbalancing:ap-southeast-1:058264383156:targetgroup/tf-20250726033800211300000003/5efe4731a9a4bcdd",
                "type": "forward"
              }
            ],
            "arn": "arn:aws:elasticloadbalancing:ap-southeast-1:058264383156:listener-rule/app/midecode-ionos/a7b37b114bc534d3/05097e7d2cf9b16f/afd5b9f7d774b046",
            "condition": [
              {
                "host_header": [
                  {
                    "values": [
                      "nginx2.midecode.com"
                    ]
                  }
                ],
                "http_header": [],
                "http_request_method": [],
                "path_pattern": [],
                "query_string": [],
                "source_ip": []
              }
            ],
            "id": "arn:aws:elasticloadbalancing:ap-southeast-1:058264383156:listener-rule/app/midecode-ionos/a7b37b114bc534d3/05097e7d2cf9b16f/afd5b9f7d774b046",
            "listener_arn": "arn:aws:elasticloadbalancing:ap-southeast-1:058264383156:listener/app/midecode-ionos/a7b37b114bc534d3/05097e7d2cf9b16f",
            "priority": 102,
            "region": "ap-southeast-1",
            "tags": {
              "Name": "midecode-ionos",
              "environment": "poc",
              "owner": "midecode",
              "project": "ionos",
              "terraform-aws-modules": "alb"
            },
            "tags_all": {
              "Name": "midecode-ionos",
              "environment": "poc",
              "owner": "midecode",
              "project": "ionos",
              "terraform-aws-modules": "alb"
            }
          },
          "sensitive_attributes": [],
          "private": "bnVsbA==",
          "dependencies": [
            "data.aws_availability_zones.available",
            "module.alb.aws_lb.this",
            "module.alb.aws_lb_listener.this",
            "module.alb.aws_lb_target_group.this",
            "module.alb.aws_security_group.this",
            "module.vpc.aws_subnet.public",
            "module.vpc.aws_vpc.this",
            "module.vpc.aws_vpc_ipv4_cidr_block_association.this"
          ],
          "create_before_destroy": true
        },
        {
          "index_key": "https/nginx1",
          "schema_version": 0,
          "attributes": {
            "action": [
              {
                "authenticate_cognito": [],
                "authenticate_oidc": [],
                "fixed_response": [],
                "forward": [],
                "order": 1,
                "redirect": [],
                "target_group_arn": "arn:aws:elasticloadbalancing:ap-southeast-1:058264383156:targetgroup/tf-20250726033801229700000006/b85f1cd694abdf7a",
                "type": "forward"
              }
            ],
            "arn": "arn:aws:elasticloadbalancing:ap-southeast-1:058264383156:listener-rule/app/midecode-ionos/a7b37b114bc534d3/243e8e8b28b7eaf7/c5b1b62e4155ac4e",
            "condition": [
              {
                "host_header": [
                  {
                    "values": [
                      "nginx1.midecode.com"
                    ]
                  }
                ],
                "http_header": [],
                "http_request_method": [],
                "path_pattern": [],
                "query_string": [],
                "source_ip": []
              }
            ],
            "id": "arn:aws:elasticloadbalancing:ap-southeast-1:058264383156:listener-rule/app/midecode-ionos/a7b37b114bc534d3/243e8e8b28b7eaf7/c5b1b62e4155ac4e",
            "listener_arn": "arn:aws:elasticloadbalancing:ap-southeast-1:058264383156:listener/app/midecode-ionos/a7b37b114bc534d3/243e8e8b28b7eaf7",
            "priority": 101,
            "region": "ap-southeast-1",
            "tags": {
              "Name": "midecode-ionos",
              "environment": "poc",
              "owner": "midecode",
              "project": "ionos",
              "terraform-aws-modules": "alb"
            },
            "tags_all": {
              "Name": "midecode-ionos",
              "environment": "poc",
              "owner": "midecode",
              "project": "ionos",
              "terraform-aws-modules": "alb"
            }
          },
          "sensitive_attributes": [],
          "private": "bnVsbA==",
          "dependencies": [
            "data.aws_availability_zones.available",
            "module.alb.aws_lb.this",
            "module.alb.aws_lb_listener.this",
            "module.alb.aws_lb_target_group.this",
            "module.alb.aws_security_group.this",
            "module.vpc.aws_subnet.public",
            "module.vpc.aws_vpc.this",
            "module.vpc.aws_vpc_ipv4_cidr_block_association.this"
          ],
          "create_before_destroy": true
        },
        {
          "index_key": "https/nginx2",
          "schema_version": 0,
          "attributes": {
            "action": [
              {
                "authenticate_cognito": [],
                "authenticate_oidc": [],
                "fixed_response": [],
                "forward": [],
                "order": 1,
                "redirect": [],
                "target_group_arn": "arn:aws:elasticloadbalancing:ap-southeast-1:058264383156:targetgroup/tf-20250726033800211300000003/5efe4731a9a4bcdd",
                "type": "forward"
              }
            ],
            "arn": "arn:aws:elasticloadbalancing:ap-southeast-1:058264383156:listener-rule/app/midecode-ionos/a7b37b114bc534d3/243e8e8b28b7eaf7/eba398fc600029ca",
            "condition": [
              {
                "host_header": [
                  {
                    "values": [
                      "nginx2.midecode.com"
                    ]
                  }
                ],
                "http_header": [],
                "http_request_method": [],
                "path_pattern": [],
                "query_string": [],
                "source_ip": []
              }
            ],
            "id": "arn:aws:elasticloadbalancing:ap-southeast-1:058264383156:listener-rule/app/midecode-ionos/a7b37b114bc534d3/243e8e8b28b7eaf7/eba398fc600029ca",
            "listener_arn": "arn:aws:elasticloadbalancing:ap-southeast-1:058264383156:listener/app/midecode-ionos/a7b37b114bc534d3/243e8e8b28b7eaf7",
            "priority": 102,
            "region": "ap-southeast-1",
            "tags": {
              "Name": "midecode-ionos",
              "environment": "poc",
              "owner": "midecode",
              "project": "ionos",
              "terraform-aws-modules": "alb"
            },
            "tags_all": {
              "Name": "midecode-ionos",
              "environment": "poc",
              "owner": "midecode",
              "project": "ionos",
              "terraform-aws-modules": "alb"
            }
          },
          "sensitive_attributes": [],
          "private": "bnVsbA==",
          "dependencies": [
            "data.aws_availability_zones.available",
            "module.alb.aws_lb.this",
            "module.alb.aws_lb_listener.this",
            "module.alb.aws_lb_target_group.this",
            "module.alb.aws_security_group.this",
            "module.vpc.aws_subnet.public",
            "module.vpc.aws_vpc.this",
            "module.vpc.aws_vpc_ipv4_cidr_block_association.this"
          ],
          "create_before_destroy": true
        }
      ]
    },
    {
      "module": "module.alb",
      "mode": "managed",
      "type": "aws_lb_target_group",
      "name": "this",
      "provider": "provider[\"registry.terraform.io/hashicorp/aws\"]",
      "instances": [
        {
          "index_key": "nginx1",
          "schema_version": 0,
          "attributes": {
            "arn": "arn:aws:elasticloadbalancing:ap-southeast-1:058264383156:targetgroup/tf-20250726033801229700000006/b85f1cd694abdf7a",
            "arn_suffix": "targetgroup/tf-20250726033801229700000006/b85f1cd694abdf7a",
            "connection_termination": null,
            "deregistration_delay": "5",
            "health_check": [
              {
                "enabled": true,
                "healthy_threshold": 5,
                "interval": 30,
                "matcher": "200",
                "path": "/",
                "port": "traffic-port",
                "protocol": "HTTP",
                "timeout": 5,
                "unhealthy_threshold": 2
              }
            ],
            "id": "arn:aws:elasticloadbalancing:ap-southeast-1:058264383156:targetgroup/tf-20250726033801229700000006/b85f1cd694abdf7a",
            "ip_address_type": "ipv4",
            "lambda_multi_value_headers_enabled": false,
            "load_balancer_arns": [
              "arn:aws:elasticloadbalancing:ap-southeast-1:058264383156:loadbalancer/app/midecode-ionos/a7b37b114bc534d3"
            ],
            "load_balancing_algorithm_type": "round_robin",
            "load_balancing_anomaly_mitigation": "off",
            "load_balancing_cross_zone_enabled": "true",
            "name": "tf-20250726033801229700000006",
            "name_prefix": "tf-",
            "port": 80,
            "preserve_client_ip": null,
            "protocol": "HTTP",
            "protocol_version": "HTTP1",
            "proxy_protocol_v2": false,
            "region": "ap-southeast-1",
            "slow_start": 0,
            "stickiness": [
              {
                "cookie_duration": 86400,
                "cookie_name": "",
                "enabled": false,
                "type": "lb_cookie"
              }
            ],
            "tags": {
              "Name": "midecode-ionos",
              "environment": "poc",
              "owner": "midecode",
              "project": "ionos",
              "terraform-aws-modules": "alb"
            },
            "tags_all": {
              "Name": "midecode-ionos",
              "environment": "poc",
              "owner": "midecode",
              "project": "ionos",
              "terraform-aws-modules": "alb"
            },
            "target_failover": [
              {
                "on_deregistration": null,
                "on_unhealthy": null
              }
            ],
            "target_group_health": [
              {
                "dns_failover": [
                  {
                    "minimum_healthy_targets_count": "1",
                    "minimum_healthy_targets_percentage": "off"
                  }
                ],
                "unhealthy_state_routing": [
                  {
                    "minimum_healthy_targets_count": 1,
                    "minimum_healthy_targets_percentage": "off"
                  }
                ]
              }
            ],
            "target_health_state": [
              {
                "enable_unhealthy_connection_termination": null,
                "unhealthy_draining_interval": null
              }
            ],
            "target_type": "ip",
            "vpc_id": "vpc-0609e6a41cf755597"
          },
          "sensitive_attributes": [],
          "private": "bnVsbA==",
          "dependencies": [
            "module.vpc.aws_vpc.this"
          ],
          "create_before_destroy": true
        },
        {
          "index_key": "nginx2",
          "schema_version": 0,
          "attributes": {
            "arn": "arn:aws:elasticloadbalancing:ap-southeast-1:058264383156:targetgroup/tf-20250726033800211300000003/5efe4731a9a4bcdd",
            "arn_suffix": "targetgroup/tf-20250726033800211300000003/5efe4731a9a4bcdd",
            "connection_termination": null,
            "deregistration_delay": "5",
            "health_check": [
              {
                "enabled": true,
                "healthy_threshold": 5,
                "interval": 30,
                "matcher": "200",
                "path": "/",
                "port": "traffic-port",
                "protocol": "HTTP",
                "timeout": 5,
                "unhealthy_threshold": 2
              }
            ],
            "id": "arn:aws:elasticloadbalancing:ap-southeast-1:058264383156:targetgroup/tf-20250726033800211300000003/5efe4731a9a4bcdd",
            "ip_address_type": "ipv4",
            "lambda_multi_value_headers_enabled": false,
            "load_balancer_arns": [
              "arn:aws:elasticloadbalancing:ap-southeast-1:058264383156:loadbalancer/app/midecode-ionos/a7b37b114bc534d3"
            ],
            "load_balancing_algorithm_type": "round_robin",
            "load_balancing_anomaly_mitigation": "off",
            "load_balancing_cross_zone_enabled": "true",
            "name": "tf-20250726033800211300000003",
            "name_prefix": "tf-",
            "port": 80,
            "preserve_client_ip": null,
            "protocol": "HTTP",
            "protocol_version": "HTTP1",
            "proxy_protocol_v2": false,
            "region": "ap-southeast-1",
            "slow_start": 0,
            "stickiness": [
              {
                "cookie_duration": 86400,
                "cookie_name": "",
                "enabled": false,
                "type": "lb_cookie"
              }
            ],
            "tags": {
              "Name": "midecode-ionos",
              "environment": "poc",
              "owner": "midecode",
              "project": "ionos",
              "terraform-aws-modules": "alb"
            },
            "tags_all": {
              "Name": "midecode-ionos",
              "environment": "poc",
              "owner": "midecode",
              "project": "ionos",
              "terraform-aws-modules": "alb"
            },
            "target_failover": [
              {
                "on_deregistration": null,
                "on_unhealthy": null
              }
            ],
            "target_group_health": [
              {
                "dns_failover": [
                  {
                    "minimum_healthy_targets_count": "1",
                    "minimum_healthy_targets_percentage": "off"
                  }
                ],
                "unhealthy_state_routing": [
                  {
                    "minimum_healthy_targets_count": 1,
                    "minimum_healthy_targets_percentage": "off"
                  }
                ]
              }
            ],
            "target_health_state": [
              {
                "enable_unhealthy_connection_termination": null,
                "unhealthy_draining_interval": null
              }
            ],
            "target_type": "ip",
            "vpc_id": "vpc-0609e6a41cf755597"
          },
          "sensitive_attributes": [],
          "private": "bnVsbA==",
          "dependencies": [
            "module.vpc.aws_vpc.this"
          ],
          "create_before_destroy": true
        }
      ]
    },
    {
      "module": "module.alb",
      "mode": "managed",
      "type": "aws_security_group",
      "name": "this",
      "provider": "provider[\"registry.terraform.io/hashicorp/aws\"]",
      "instances": [
        {
          "index_key": 0,
          "schema_version": 1,
          "attributes": {
            "arn": "arn:aws:ec2:ap-southeast-1:058264383156:security-group/sg-063529c66929249da",
            "description": "Security group for midecode-ionos-alb-sg application load balancer",
            "egress": [
              {
                "cidr_blocks": [
                  "10.0.0.0/16"
                ],
                "description": "",
                "from_port": 0,
                "ipv6_cidr_blocks": [],
                "prefix_list_ids": [],
                "protocol": "-1",
                "security_groups": [],
                "self": false,
                "to_port": 0
              }
            ],
            "id": "sg-063529c66929249da",
            "ingress": [
              {
                "cidr_blocks": [
                  "0.0.0.0/0"
                ],
                "description": "",
                "from_port": 443,
                "ipv6_cidr_blocks": [],
                "prefix_list_ids": [],
                "protocol": "tcp",
                "security_groups": [],
                "self": false,
                "to_port": 443
              },
              {
                "cidr_blocks": [
                  "0.0.0.0/0"
                ],
                "description": "",
                "from_port": 80,
                "ipv6_cidr_blocks": [],
                "prefix_list_ids": [],
                "protocol": "tcp",
                "security_groups": [],
                "self": false,
                "to_port": 80
              }
            ],
            "name": "midecode-ionos-alb-sg-20250726073049082900000001",
            "name_prefix": "midecode-ionos-alb-sg-",
            "owner_id": "058264383156",
            "region": "ap-southeast-1",
            "revoke_rules_on_delete": false,
            "tags": {
              "Name": "midecode-ionos",
              "environment": "poc",
              "owner": "midecode",
              "project": "ionos",
              "terraform-aws-modules": "alb"
            },
            "tags_all": {
              "Name": "midecode-ionos",
              "environment": "poc",
              "owner": "midecode",
              "project": "ionos",
              "terraform-aws-modules": "alb"
            },
            "timeouts": null,
            "vpc_id": "vpc-0609e6a41cf755597"
          },
          "sensitive_attributes": [],
          "private": "eyJlMmJmYjczMC1lY2FhLTExZTYtOGY4OC0zNDM2M2JjN2M0YzAiOnsiY3JlYXRlIjo2MDAwMDAwMDAwMDAsImRlbGV0ZSI6OTAwMDAwMDAwMDAwfSwic2NoZW1hX3ZlcnNpb24iOiIxIn0=",
          "dependencies": [
            "module.vpc.aws_vpc.this"
          ],
          "create_before_destroy": true
        }
      ]
    },
    {
      "module": "module.alb",
      "mode": "managed",
      "type": "aws_vpc_security_group_egress_rule",
      "name": "this",
      "provider": "provider[\"registry.terraform.io/hashicorp/aws\"]",
      "instances": [
        {
          "index_key": "all",
          "schema_version": 0,
          "attributes": {
            "arn": "arn:aws:ec2:ap-southeast-1:058264383156:security-group-rule/sgr-0509c001452ffef88",
            "cidr_ipv4": "10.0.0.0/16",
            "cidr_ipv6": null,
            "description": null,
            "from_port": null,
            "id": "sgr-0509c001452ffef88",
            "ip_protocol": "-1",
            "prefix_list_id": null,
            "referenced_security_group_id": null,
            "region": "ap-southeast-1",
            "security_group_id": "sg-063529c66929249da",
            "security_group_rule_id": "sgr-0509c001452ffef88",
            "tags": {
              "Name": "midecode-ionos",
              "environment": "poc",
              "owner": "midecode",
              "project": "ionos",
              "terraform-aws-modules": "alb"
            },
            "tags_all": {
              "Name": "midecode-ionos",
              "environment": "poc",
              "owner": "midecode",
              "project": "ionos",
              "terraform-aws-modules": "alb"
            },
            "to_port": null
          },
          "sensitive_attributes": [],
          "dependencies": [
            "module.alb.aws_security_group.this",
            "module.vpc.aws_vpc.this"
          ],
          "create_before_destroy": true
        }
      ]
    },
    {
      "module": "module.alb",
      "mode": "managed",
      "type": "aws_vpc_security_group_ingress_rule",
      "name": "this",
      "provider": "provider[\"registry.terraform.io/hashicorp/aws\"]",
      "instances": [
        {
          "index_key": "http",
          "schema_version": 0,
          "attributes": {
            "arn": "arn:aws:ec2:ap-southeast-1:058264383156:security-group-rule/sgr-037cd9e401d89afdc",
            "cidr_ipv4": "0.0.0.0/0",
            "cidr_ipv6": null,
            "description": null,
            "from_port": 80,
            "id": "sgr-037cd9e401d89afdc",
            "ip_protocol": "tcp",
            "prefix_list_id": null,
            "referenced_security_group_id": null,
            "region": "ap-southeast-1",
            "security_group_id": "sg-063529c66929249da",
            "security_group_rule_id": "sgr-037cd9e401d89afdc",
            "tags": {
              "Name": "midecode-ionos",
              "environment": "poc",
              "owner": "midecode",
              "project": "ionos",
              "terraform-aws-modules": "alb"
            },
            "tags_all": {
              "Name": "midecode-ionos",
              "environment": "poc",
              "owner": "midecode",
              "project": "ionos",
              "terraform-aws-modules": "alb"
            },
            "to_port": 80
          },
          "sensitive_attributes": [],
          "dependencies": [
            "module.alb.aws_security_group.this",
            "module.vpc.aws_vpc.this"
          ],
          "create_before_destroy": true
        },
        {
          "index_key": "https",
          "schema_version": 0,
          "attributes": {
            "arn": "arn:aws:ec2:ap-southeast-1:058264383156:security-group-rule/sgr-0dfdb9dfddc9556b3",
            "cidr_ipv4": "0.0.0.0/0",
            "cidr_ipv6": null,
            "description": null,
            "from_port": 443,
            "id": "sgr-0dfdb9dfddc9556b3",
            "ip_protocol": "tcp",
            "prefix_list_id": null,
            "referenced_security_group_id": null,
            "region": "ap-southeast-1",
            "security_group_id": "sg-063529c66929249da",
            "security_group_rule_id": "sgr-0dfdb9dfddc9556b3",
            "tags": {
              "Name": "midecode-ionos",
              "environment": "poc",
              "owner": "midecode",
              "project": "ionos",
              "terraform-aws-modules": "alb"
            },
            "tags_all": {
              "Name": "midecode-ionos",
              "environment": "poc",
              "owner": "midecode",
              "project": "ionos",
              "terraform-aws-modules": "alb"
            },
            "to_port": 443
          },
          "sensitive_attributes": [],
          "dependencies": [
            "module.alb.aws_security_group.this",
            "module.vpc.aws_vpc.this"
          ],
          "create_before_destroy": true
        }
      ]
    },
    {
      "module": "module.ecs_cluster",
      "mode": "managed",
      "type": "aws_cloudwatch_log_group",
      "name": "this",
      "provider": "provider[\"registry.terraform.io/hashicorp/aws\"]",
      "instances": [
        {
          "index_key": 0,
          "schema_version": 0,
          "attributes": {
            "arn": "arn:aws:logs:ap-southeast-1:058264383156:log-group:/aws/ecs/midecode-ionos",
            "id": "/aws/ecs/midecode-ionos",
            "kms_key_id": "",
            "log_group_class": "STANDARD",
            "name": "/aws/ecs/midecode-ionos",
            "name_prefix": "",
            "region": "ap-southeast-1",
            "retention_in_days": 90,
            "skip_destroy": false,
            "tags": {
              "Name": "/aws/ecs/midecode-ionos",
              "environment": "poc",
              "owner": "midecode",
              "project": "ionos"
            },
            "tags_all": {
              "Name": "/aws/ecs/midecode-ionos",
              "environment": "poc",
              "owner": "midecode",
              "project": "ionos"
            }
          },
          "sensitive_attributes": [],
          "private": "bnVsbA=="
        }
      ]
    },
    {
      "module": "module.ecs_cluster",
      "mode": "managed",
      "type": "aws_ecs_cluster",
      "name": "this",
      "provider": "provider[\"registry.terraform.io/hashicorp/aws\"]",
      "instances": [
        {
          "index_key": 0,
          "schema_version": 0,
          "attributes": {
            "arn": "arn:aws:ecs:ap-southeast-1:058264383156:cluster/midecode-ionos",
            "configuration": [
              {
                "execute_command_configuration": [
                  {
                    "kms_key_id": "",
                    "log_configuration": [
                      {
                        "cloud_watch_encryption_enabled": false,
                        "cloud_watch_log_group_name": "/aws/ecs/midecode-ionos",
                        "s3_bucket_encryption_enabled": false,
                        "s3_bucket_name": "",
                        "s3_key_prefix": ""
                      }
                    ],
                    "logging": "OVERRIDE"
                  }
                ],
                "managed_storage_configuration": []
              }
            ],
            "id": "arn:aws:ecs:ap-southeast-1:058264383156:cluster/midecode-ionos",
            "name": "midecode-ionos",
            "region": "ap-southeast-1",
            "service_connect_defaults": [],
            "setting": [
              {
                "name": "containerInsights",
                "value": "enabled"
              }
            ],
            "tags": {
              "environment": "poc",
              "owner": "midecode",
              "project": "ionos"
            },
            "tags_all": {
              "environment": "poc",
              "owner": "midecode",
              "project": "ionos"
            }
          },
          "sensitive_attributes": [],
          "private": "bnVsbA==",
          "dependencies": [
            "module.ecs_cluster.aws_cloudwatch_log_group.this"
          ]
        }
      ]
    },
    {
      "module": "module.ecs_cluster",
      "mode": "managed",
      "type": "aws_ecs_cluster_capacity_providers",
      "name": "this",
      "provider": "provider[\"registry.terraform.io/hashicorp/aws\"]",
      "instances": [
        {
          "index_key": 0,
          "schema_version": 0,
          "attributes": {
            "capacity_providers": [
              "FARGATE"
            ],
            "cluster_name": "midecode-ionos",
            "default_capacity_provider_strategy": [
              {
                "base": 0,
                "capacity_provider": "FARGATE",
                "weight": 100
              }
            ],
            "id": "midecode-ionos",
            "region": "ap-southeast-1"
          },
          "sensitive_attributes": [],
          "private": "bnVsbA==",
          "dependencies": [
            "module.ecs_cluster.aws_cloudwatch_log_group.this",
            "module.ecs_cluster.aws_ecs_capacity_provider.this",
            "module.ecs_cluster.aws_ecs_cluster.this"
          ]
        }
      ]
    },
    {
      "module": "module.ecs_service",
      "mode": "data",
      "type": "aws_caller_identity",
      "name": "current",
      "provider": "provider[\"registry.terraform.io/hashicorp/aws\"]",
      "instances": [
        {
          "index_key": 0,
          "schema_version": 0,
          "attributes": {
            "account_id": "058264383156",
            "arn": "arn:aws:iam::058264383156:user/morakot",
            "id": "058264383156",
            "user_id": "AIDAQ3EGT522O3GJFI6CS"
          },
          "sensitive_attributes": []
        }
      ]
    },
    {
      "module": "module.ecs_service",
      "mode": "data",
      "type": "aws_iam_policy_document",
      "name": "task_exec",
      "provider": "provider[\"registry.terraform.io/hashicorp/aws\"]",
      "instances": [
        {
          "index_key": 0,
          "schema_version": 0,
          "attributes": {
            "id": "1734719305",
            "json": "{\n  \"Version\": \"2012-10-17\",\n  \"Statement\": [\n    {\n      \"Sid\": \"Logs\",\n      \"Effect\": \"Allow\",\n      \"Action\": [\n        \"logs:PutLogEvents\",\n        \"logs:CreateLogStream\"\n      ],\n      \"Resource\": \"*\"\n    },\n    {\n      \"Sid\": \"ECR\",\n      \"Effect\": \"Allow\",\n      \"Action\": [\n        \"ecr:GetDownloadUrlForLayer\",\n        \"ecr:GetAuthorizationToken\",\n        \"ecr:BatchGetImage\",\n        \"ecr:BatchCheckLayerAvailability\"\n      ],\n      \"Resource\": \"*\"\n    }\n  ]\n}",
            "minified_json": "{\"Version\":\"2012-10-17\",\"Statement\":[{\"Sid\":\"Logs\",\"Effect\":\"Allow\",\"Action\":[\"logs:PutLogEvents\",\"logs:CreateLogStream\"],\"Resource\":\"*\"},{\"Sid\":\"ECR\",\"Effect\":\"Allow\",\"Action\":[\"ecr:GetDownloadUrlForLayer\",\"ecr:GetAuthorizationToken\",\"ecr:BatchGetImage\",\"ecr:BatchCheckLayerAvailability\"],\"Resource\":\"*\"}]}",
            "override_json": null,
            "override_policy_documents": null,
            "policy_id": null,
            "source_json": null,
            "source_policy_documents": null,
            "statement": [
              {
                "actions": [
                  "logs:CreateLogStream",
                  "logs:PutLogEvents"
                ],
                "condition": [],
                "effect": "Allow",
                "not_actions": [],
                "not_principals": [],
                "not_resources": [],
                "principals": [],
                "resources": [
                  "*"
                ],
                "sid": "Logs"
              },
              {
                "actions": [
                  "ecr:BatchCheckLayerAvailability",
                  "ecr:BatchGetImage",
                  "ecr:GetAuthorizationToken",
                  "ecr:GetDownloadUrlForLayer"
                ],
                "condition": [],
                "effect": "Allow",
                "not_actions": [],
                "not_principals": [],
                "not_resources": [],
                "principals": [],
                "resources": [
                  "*"
                ],
                "sid": "ECR"
              }
            ],
            "version": "2012-10-17"
          },
          "sensitive_attributes": []
        }
      ]
    },
    {
      "module": "module.ecs_service",
      "mode": "data",
      "type": "aws_iam_policy_document",
      "name": "task_exec_assume",
      "provider": "provider[\"registry.terraform.io/hashicorp/aws\"]",
      "instances": [
        {
          "index_key": 0,
          "schema_version": 0,
          "attributes": {
            "id": "2291109037",
            "json": "{\n  \"Version\": \"2012-10-17\",\n  \"Statement\": [\n    {\n      \"Sid\": \"ECSTaskExecutionAssumeRole\",\n      \"Effect\": \"Allow\",\n      \"Action\": \"sts:AssumeRole\",\n      \"Principal\": {\n        \"Service\": \"ecs-tasks.amazonaws.com\"\n      }\n    }\n  ]\n}",
            "minified_json": "{\"Version\":\"2012-10-17\",\"Statement\":[{\"Sid\":\"ECSTaskExecutionAssumeRole\",\"Effect\":\"Allow\",\"Action\":\"sts:AssumeRole\",\"Principal\":{\"Service\":\"ecs-tasks.amazonaws.com\"}}]}",
            "override_json": null,
            "override_policy_documents": null,
            "policy_id": null,
            "source_json": null,
            "source_policy_documents": null,
            "statement": [
              {
                "actions": [
                  "sts:AssumeRole"
                ],
                "condition": [],
                "effect": "Allow",
                "not_actions": [],
                "not_principals": [],
                "not_resources": [],
                "principals": [
                  {
                    "identifiers": [
                      "ecs-tasks.amazonaws.com"
                    ],
                    "type": "Service"
                  }
                ],
                "resources": [],
                "sid": "ECSTaskExecutionAssumeRole"
              }
            ],
            "version": "2012-10-17"
          },
          "sensitive_attributes": []
        }
      ]
    },
    {
      "module": "module.ecs_service",
      "mode": "data",
      "type": "aws_iam_policy_document",
      "name": "tasks",
      "provider": "provider[\"registry.terraform.io/hashicorp/aws\"]",
      "instances": [
        {
          "index_key": 0,
          "schema_version": 0,
          "attributes": {
            "id": "3854003559",
            "json": "{\n  \"Version\": \"2012-10-17\",\n  \"Statement\": [\n    {\n      \"Sid\": \"ECSExec\",\n      \"Effect\": \"Allow\",\n      \"Action\": [\n        \"ssmmessages:OpenDataChannel\",\n        \"ssmmessages:OpenControlChannel\",\n        \"ssmmessages:CreateDataChannel\",\n        \"ssmmessages:CreateControlChannel\"\n      ],\n      \"Resource\": \"*\"\n    },\n    {\n      \"Effect\": \"Allow\",\n      \"Action\": \"s3:List*\",\n      \"Resource\": \"arn:aws:s3:::*\"\n    }\n  ]\n}",
            "minified_json": "{\"Version\":\"2012-10-17\",\"Statement\":[{\"Sid\":\"ECSExec\",\"Effect\":\"Allow\",\"Action\":[\"ssmmessages:OpenDataChannel\",\"ssmmessages:OpenControlChannel\",\"ssmmessages:CreateDataChannel\",\"ssmmessages:CreateControlChannel\"],\"Resource\":\"*\"},{\"Effect\":\"Allow\",\"Action\":\"s3:List*\",\"Resource\":\"arn:aws:s3:::*\"}]}",
            "override_json": null,
            "override_policy_documents": null,
            "policy_id": null,
            "source_json": null,
            "source_policy_documents": null,
            "statement": [
              {
                "actions": [
                  "ssmmessages:CreateControlChannel",
                  "ssmmessages:CreateDataChannel",
                  "ssmmessages:OpenControlChannel",
                  "ssmmessages:OpenDataChannel"
                ],
                "condition": [],
                "effect": "Allow",
                "not_actions": [],
                "not_principals": [],
                "not_resources": [],
                "principals": [],
                "resources": [
                  "*"
                ],
                "sid": "ECSExec"
              },
              {
                "actions": [
                  "s3:List*"
                ],
                "condition": [],
                "effect": "Allow",
                "not_actions": [],
                "not_principals": [],
                "not_resources": [],
                "principals": [],
                "resources": [
                  "arn:aws:s3:::*"
                ],
                "sid": ""
              }
            ],
            "version": "2012-10-17"
          },
          "sensitive_attributes": []
        }
      ]
    },
    {
      "module": "module.ecs_service",
      "mode": "data",
      "type": "aws_iam_policy_document",
      "name": "tasks_assume",
      "provider": "provider[\"registry.terraform.io/hashicorp/aws\"]",
      "instances": [
        {
          "index_key": 0,
          "schema_version": 0,
          "attributes": {
            "id": "3260779184",
            "json": "{\n  \"Version\": \"2012-10-17\",\n  \"Statement\": [\n    {\n      \"Sid\": \"ECSTasksAssumeRole\",\n      \"Effect\": \"Allow\",\n      \"Action\": \"sts:AssumeRole\",\n      \"Principal\": {\n        \"Service\": \"ecs-tasks.amazonaws.com\"\n      },\n      \"Condition\": {\n        \"ArnLike\": {\n          \"aws:SourceArn\": \"arn:aws:ecs:ap-southeast-1:058264383156:*\"\n        },\n        \"StringEquals\": {\n          \"aws:SourceAccount\": \"058264383156\"\n        }\n      }\n    }\n  ]\n}",
            "minified_json": "{\"Version\":\"2012-10-17\",\"Statement\":[{\"Sid\":\"ECSTasksAssumeRole\",\"Effect\":\"Allow\",\"Action\":\"sts:AssumeRole\",\"Principal\":{\"Service\":\"ecs-tasks.amazonaws.com\"},\"Condition\":{\"ArnLike\":{\"aws:SourceArn\":\"arn:aws:ecs:ap-southeast-1:058264383156:*\"},\"StringEquals\":{\"aws:SourceAccount\":\"058264383156\"}}}]}",
            "override_json": null,
            "override_policy_documents": null,
            "policy_id": null,
            "source_json": null,
            "source_policy_documents": null,
            "statement": [
              {
                "actions": [
                  "sts:AssumeRole"
                ],
                "condition": [
                  {
                    "test": "ArnLike",
                    "values": [
                      "arn:aws:ecs:ap-southeast-1:058264383156:*"
                    ],
                    "variable": "aws:SourceArn"
                  },
                  {
                    "test": "StringEquals",
                    "values": [
                      "058264383156"
                    ],
                    "variable": "aws:SourceAccount"
                  }
                ],
                "effect": "Allow",
                "not_actions": [],
                "not_principals": [],
                "not_resources": [],
                "principals": [
                  {
                    "identifiers": [
                      "ecs-tasks.amazonaws.com"
                    ],
                    "type": "Service"
                  }
                ],
                "resources": [],
                "sid": "ECSTasksAssumeRole"
              }
            ],
            "version": "2012-10-17"
          },
          "sensitive_attributes": []
        }
      ]
    },
    {
      "module": "module.ecs_service",
      "mode": "data",
      "type": "aws_partition",
      "name": "current",
      "provider": "provider[\"registry.terraform.io/hashicorp/aws\"]",
      "instances": [
        {
          "index_key": 0,
          "schema_version": 0,
          "attributes": {
            "dns_suffix": "amazonaws.com",
            "id": "aws",
            "partition": "aws",
            "reverse_dns_prefix": "com.amazonaws"
          },
          "sensitive_attributes": []
        }
      ]
    },
    {
      "module": "module.ecs_service",
      "mode": "data",
      "type": "aws_region",
      "name": "current",
      "provider": "provider[\"registry.terraform.io/hashicorp/aws\"]",
      "instances": [
        {
          "index_key": 0,
          "schema_version": 0,
          "attributes": {
            "description": "Asia Pacific (Singapore)",
            "endpoint": "ec2.ap-southeast-1.amazonaws.com",
            "id": "ap-southeast-1",
            "name": "ap-southeast-1",
            "region": "ap-southeast-1"
          },
          "sensitive_attributes": []
        }
      ]
    },
    {
      "module": "module.ecs_service",
      "mode": "data",
      "type": "aws_subnet",
      "name": "this",
      "provider": "provider[\"registry.terraform.io/hashicorp/aws\"]",
      "instances": [
        {
          "index_key": 0,
          "schema_version": 0,
          "attributes": {
            "arn": "arn:aws:ec2:ap-southeast-1:058264383156:subnet/subnet-073889b70070f1241",
            "assign_ipv6_address_on_creation": false,
            "availability_zone": "ap-southeast-1a",
            "availability_zone_id": "apse1-az2",
            "available_ip_address_count": 4091,
            "cidr_block": "10.0.0.0/20",
            "customer_owned_ipv4_pool": "",
            "default_for_az": false,
            "enable_dns64": false,
            "enable_lni_at_device_index": 0,
            "enable_resource_name_dns_a_record_on_launch": false,
            "enable_resource_name_dns_aaaa_record_on_launch": false,
            "filter": null,
            "id": "subnet-073889b70070f1241",
            "ipv6_cidr_block": "",
            "ipv6_cidr_block_association_id": "",
            "ipv6_native": false,
            "map_customer_owned_ip_on_launch": false,
            "map_public_ip_on_launch": false,
            "outpost_arn": "",
            "owner_id": "058264383156",
            "private_dns_hostname_type_on_launch": "ip-name",
            "region": "ap-southeast-1",
            "state": "available",
            "tags": {
              "Name": "midecode-ionos",
              "environment": "poc",
              "owner": "midecode",
              "project": "ionos"
            },
            "timeouts": null,
            "vpc_id": "vpc-0609e6a41cf755597"
          },
          "sensitive_attributes": []
        }
      ]
    },
    {
      "module": "module.ecs_service",
      "mode": "managed",
      "type": "aws_appautoscaling_policy",
      "name": "this",
      "provider": "provider[\"registry.terraform.io/hashicorp/aws\"]",
      "instances": [
        {
          "index_key": "cpu",
          "schema_version": 0,
          "attributes": {
            "alarm_arns": [
              "arn:aws:cloudwatch:ap-southeast-1:058264383156:alarm:TargetTracking-service/midecode-ionos/nginx1-AlarmHigh-96309b7d-02c3-4923-8580-f6a4f7100331",
              "arn:aws:cloudwatch:ap-southeast-1:058264383156:alarm:TargetTracking-service/midecode-ionos/nginx1-AlarmLow-7e73461b-4525-460d-890f-2edb19097f1f"
            ],
            "arn": "arn:aws:autoscaling:ap-southeast-1:058264383156:scalingPolicy:a674e64d-bb45-4558-bb75-31d98f76cf02:resource/ecs/service/midecode-ionos/nginx1:policyName/cpu",
            "id": "cpu",
            "name": "cpu",
            "policy_type": "TargetTrackingScaling",
            "region": "ap-southeast-1",
            "resource_id": "service/midecode-ionos/nginx1",
            "scalable_dimension": "ecs:service:DesiredCount",
            "service_namespace": "ecs",
            "step_scaling_policy_configuration": [],
            "target_tracking_scaling_policy_configuration": [
              {
                "customized_metric_specification": [],
                "disable_scale_in": false,
                "predefined_metric_specification": [
                  {
                    "predefined_metric_type": "ECSServiceAverageCPUUtilization",
                    "resource_label": ""
                  }
                ],
                "scale_in_cooldown": 300,
                "scale_out_cooldown": 60,
                "target_value": 75
              }
            ]
          },
          "sensitive_attributes": [],
          "private": "bnVsbA==",
          "dependencies": [
            "aws_service_discovery_http_namespace.this",
            "data.aws_availability_zones.available",
            "module.alb.aws_lambda_permission.this",
            "module.alb.aws_lb.this",
            "module.alb.aws_lb_listener.this",
            "module.alb.aws_lb_listener_certificate.this",
            "module.alb.aws_lb_listener_rule.this",
            "module.alb.aws_lb_target_group.this",
            "module.alb.aws_lb_target_group_attachment.additional",
            "module.alb.aws_lb_target_group_attachment.this",
            "module.alb.aws_route53_record.this",
            "module.alb.aws_security_group.this",
            "module.alb.aws_vpc_security_group_egress_rule.this",
            "module.alb.aws_vpc_security_group_ingress_rule.this",
            "module.alb.aws_wafv2_web_acl_association.this",
            "module.alb.data.aws_partition.current",
            "module.ecs_cluster.aws_cloudwatch_log_group.this",
            "module.ecs_cluster.aws_ecs_cluster.this",
            "module.ecs_service.aws_appautoscaling_target.this",
            "module.ecs_service.aws_ecs_service.ignore_task_definition",
            "module.ecs_service.aws_ecs_service.this",
            "module.ecs_service.aws_ecs_task_definition.this",
            "module.ecs_service.aws_iam_policy.service",
            "module.ecs_service.aws_iam_policy.task_exec",
            "module.ecs_service.aws_iam_role.infrastructure_iam_role",
            "module.ecs_service.aws_iam_role.service",
            "module.ecs_service.aws_iam_role.task_exec",
            "module.ecs_service.aws_iam_role.tasks",
            "module.ecs_service.aws_iam_role_policy_attachment.infrastructure_iam_role_ebs_policy",
            "module.ecs_service.aws_iam_role_policy_attachment.service",
            "module.ecs_service.aws_iam_role_policy_attachment.task_exec",
            "module.ecs_service.aws_iam_role_policy_attachment.task_exec_additional",
            "module.ecs_service.aws_iam_role_policy_attachment.tasks",
            "module.ecs_service.aws_security_group.this",
            "module.ecs_service.data.aws_caller_identity.current",
            "module.ecs_service.data.aws_iam_policy_document.infrastructure_iam_role",
            "module.ecs_service.data.aws_iam_policy_document.service",
            "module.ecs_service.data.aws_iam_policy_document.service_assume",
            "module.ecs_service.data.aws_iam_policy_document.task_exec",
            "module.ecs_service.data.aws_iam_policy_document.task_exec_assume",
            "module.ecs_service.data.aws_iam_policy_document.tasks_assume",
            "module.ecs_service.data.aws_partition.current",
            "module.ecs_service.data.aws_region.current",
            "module.ecs_service.data.aws_subnet.this",
            "module.ecs_service.module.container_definition.aws_cloudwatch_log_group.this",
            "module.ecs_service.module.container_definition.data.aws_region.current",
            "module.vpc.aws_subnet.private",
            "module.vpc.aws_subnet.public",
            "module.vpc.aws_vpc.this",
            "module.vpc.aws_vpc_ipv4_cidr_block_association.this"
          ]
        },
        {
          "index_key": "memory",
          "schema_version": 0,
          "attributes": {
            "alarm_arns": [
              "arn:aws:cloudwatch:ap-southeast-1:058264383156:alarm:TargetTracking-service/midecode-ionos/nginx1-AlarmHigh-e98da219-632c-4135-b66e-2915f6170c51",
              "arn:aws:cloudwatch:ap-southeast-1:058264383156:alarm:TargetTracking-service/midecode-ionos/nginx1-AlarmLow-0fd9b602-8d54-4f29-a80f-89a11a60fa05"
            ],
            "arn": "arn:aws:autoscaling:ap-southeast-1:058264383156:scalingPolicy:a674e64d-bb45-4558-bb75-31d98f76cf02:resource/ecs/service/midecode-ionos/nginx1:policyName/memory",
            "id": "memory",
            "name": "memory",
            "policy_type": "TargetTrackingScaling",
            "region": "ap-southeast-1",
            "resource_id": "service/midecode-ionos/nginx1",
            "scalable_dimension": "ecs:service:DesiredCount",
            "service_namespace": "ecs",
            "step_scaling_policy_configuration": [],
            "target_tracking_scaling_policy_configuration": [
              {
                "customized_metric_specification": [],
                "disable_scale_in": false,
                "predefined_metric_specification": [
                  {
                    "predefined_metric_type": "ECSServiceAverageMemoryUtilization",
                    "resource_label": ""
                  }
                ],
                "scale_in_cooldown": 300,
                "scale_out_cooldown": 60,
                "target_value": 75
              }
            ]
          },
          "sensitive_attributes": [],
          "private": "bnVsbA==",
          "dependencies": [
            "aws_service_discovery_http_namespace.this",
            "data.aws_availability_zones.available",
            "module.alb.aws_lambda_permission.this",
            "module.alb.aws_lb.this",
            "module.alb.aws_lb_listener.this",
            "module.alb.aws_lb_listener_certificate.this",
            "module.alb.aws_lb_listener_rule.this",
            "module.alb.aws_lb_target_group.this",
            "module.alb.aws_lb_target_group_attachment.additional",
            "module.alb.aws_lb_target_group_attachment.this",
            "module.alb.aws_route53_record.this",
            "module.alb.aws_security_group.this",
            "module.alb.aws_vpc_security_group_egress_rule.this",
            "module.alb.aws_vpc_security_group_ingress_rule.this",
            "module.alb.aws_wafv2_web_acl_association.this",
            "module.alb.data.aws_partition.current",
            "module.ecs_cluster.aws_cloudwatch_log_group.this",
            "module.ecs_cluster.aws_ecs_cluster.this",
            "module.ecs_service.aws_appautoscaling_target.this",
            "module.ecs_service.aws_ecs_service.ignore_task_definition",
            "module.ecs_service.aws_ecs_service.this",
            "module.ecs_service.aws_ecs_task_definition.this",
            "module.ecs_service.aws_iam_policy.service",
            "module.ecs_service.aws_iam_policy.task_exec",
            "module.ecs_service.aws_iam_role.infrastructure_iam_role",
            "module.ecs_service.aws_iam_role.service",
            "module.ecs_service.aws_iam_role.task_exec",
            "module.ecs_service.aws_iam_role.tasks",
            "module.ecs_service.aws_iam_role_policy_attachment.infrastructure_iam_role_ebs_policy",
            "module.ecs_service.aws_iam_role_policy_attachment.service",
            "module.ecs_service.aws_iam_role_policy_attachment.task_exec",
            "module.ecs_service.aws_iam_role_policy_attachment.task_exec_additional",
            "module.ecs_service.aws_iam_role_policy_attachment.tasks",
            "module.ecs_service.aws_security_group.this",
            "module.ecs_service.data.aws_caller_identity.current",
            "module.ecs_service.data.aws_iam_policy_document.infrastructure_iam_role",
            "module.ecs_service.data.aws_iam_policy_document.service",
            "module.ecs_service.data.aws_iam_policy_document.service_assume",
            "module.ecs_service.data.aws_iam_policy_document.task_exec",
            "module.ecs_service.data.aws_iam_policy_document.task_exec_assume",
            "module.ecs_service.data.aws_iam_policy_document.tasks_assume",
            "module.ecs_service.data.aws_partition.current",
            "module.ecs_service.data.aws_region.current",
            "module.ecs_service.data.aws_subnet.this",
            "module.ecs_service.module.container_definition.aws_cloudwatch_log_group.this",
            "module.ecs_service.module.container_definition.data.aws_region.current",
            "module.vpc.aws_subnet.private",
            "module.vpc.aws_subnet.public",
            "module.vpc.aws_vpc.this",
            "module.vpc.aws_vpc_ipv4_cidr_block_association.this"
          ]
        }
      ]
    },
    {
      "module": "module.ecs_service",
      "mode": "managed",
      "type": "aws_appautoscaling_target",
      "name": "this",
      "provider": "provider[\"registry.terraform.io/hashicorp/aws\"]",
      "instances": [
        {
          "index_key": 0,
          "schema_version": 0,
          "attributes": {
            "arn": "arn:aws:application-autoscaling:ap-southeast-1:058264383156:scalable-target/0ec5a674e64dbb454558bb7531d98f76cf02",
            "id": "service/midecode-ionos/nginx1",
            "max_capacity": 10,
            "min_capacity": 1,
            "region": "ap-southeast-1",
            "resource_id": "service/midecode-ionos/nginx1",
            "role_arn": "arn:aws:iam::058264383156:role/aws-service-role/ecs.application-autoscaling.amazonaws.com/AWSServiceRoleForApplicationAutoScaling_ECSService",
            "scalable_dimension": "ecs:service:DesiredCount",
            "service_namespace": "ecs",
            "suspended_state": [
              {
                "dynamic_scaling_in_suspended": false,
                "dynamic_scaling_out_suspended": false,
                "scheduled_scaling_suspended": false
              }
            ],
            "tags": {
              "Name": "nginx1",
              "environment": "poc",
              "owner": "midecode",
              "project": "ionos"
            },
            "tags_all": {
              "Name": "nginx1",
              "environment": "poc",
              "owner": "midecode",
              "project": "ionos"
            }
          },
          "sensitive_attributes": [],
          "private": "bnVsbA==",
          "dependencies": [
            "aws_service_discovery_http_namespace.this",
            "data.aws_availability_zones.available",
            "module.alb.aws_lambda_permission.this",
            "module.alb.aws_lb.this",
            "module.alb.aws_lb_listener.this",
            "module.alb.aws_lb_listener_certificate.this",
            "module.alb.aws_lb_listener_rule.this",
            "module.alb.aws_lb_target_group.this",
            "module.alb.aws_lb_target_group_attachment.additional",
            "module.alb.aws_lb_target_group_attachment.this",
            "module.alb.aws_route53_record.this",
            "module.alb.aws_security_group.this",
            "module.alb.aws_vpc_security_group_egress_rule.this",
            "module.alb.aws_vpc_security_group_ingress_rule.this",
            "module.alb.aws_wafv2_web_acl_association.this",
            "module.alb.data.aws_partition.current",
            "module.ecs_cluster.aws_cloudwatch_log_group.this",
            "module.ecs_cluster.aws_ecs_cluster.this",
            "module.ecs_service.aws_ecs_service.ignore_task_definition",
            "module.ecs_service.aws_ecs_service.this",
            "module.ecs_service.aws_ecs_task_definition.this",
            "module.ecs_service.aws_iam_policy.service",
            "module.ecs_service.aws_iam_policy.task_exec",
            "module.ecs_service.aws_iam_role.infrastructure_iam_role",
            "module.ecs_service.aws_iam_role.service",
            "module.ecs_service.aws_iam_role.task_exec",
            "module.ecs_service.aws_iam_role.tasks",
            "module.ecs_service.aws_iam_role_policy_attachment.infrastructure_iam_role_ebs_policy",
            "module.ecs_service.aws_iam_role_policy_attachment.service",
            "module.ecs_service.aws_iam_role_policy_attachment.task_exec",
            "module.ecs_service.aws_iam_role_policy_attachment.task_exec_additional",
            "module.ecs_service.aws_iam_role_policy_attachment.tasks",
            "module.ecs_service.aws_security_group.this",
            "module.ecs_service.data.aws_caller_identity.current",
            "module.ecs_service.data.aws_iam_policy_document.infrastructure_iam_role",
            "module.ecs_service.data.aws_iam_policy_document.service",
            "module.ecs_service.data.aws_iam_policy_document.service_assume",
            "module.ecs_service.data.aws_iam_policy_document.task_exec",
            "module.ecs_service.data.aws_iam_policy_document.task_exec_assume",
            "module.ecs_service.data.aws_iam_policy_document.tasks_assume",
            "module.ecs_service.data.aws_partition.current",
            "module.ecs_service.data.aws_region.current",
            "module.ecs_service.data.aws_subnet.this",
            "module.ecs_service.module.container_definition.aws_cloudwatch_log_group.this",
            "module.ecs_service.module.container_definition.data.aws_region.current",
            "module.vpc.aws_subnet.private",
            "module.vpc.aws_subnet.public",
            "module.vpc.aws_vpc.this",
            "module.vpc.aws_vpc_ipv4_cidr_block_association.this"
          ]
        }
      ]
    },
    {
      "module": "module.ecs_service",
      "mode": "managed",
      "type": "aws_ecs_service",
      "name": "this",
      "provider": "provider[\"registry.terraform.io/hashicorp/aws\"]",
      "instances": [
        {
          "index_key": 0,
          "schema_version": 1,
          "attributes": {
            "alarms": [],
            "arn": "arn:aws:ecs:ap-southeast-1:058264383156:service/midecode-ionos/nginx1",
            "availability_zone_rebalancing": "DISABLED",
            "capacity_provider_strategy": [],
            "cluster": "arn:aws:ecs:ap-southeast-1:058264383156:cluster/midecode-ionos",
            "deployment_circuit_breaker": [
              {
                "enable": false,
                "rollback": false
              }
            ],
            "deployment_configuration": [],
            "deployment_controller": [
              {
                "type": "ECS"
              }
            ],
            "deployment_maximum_percent": 200,
            "deployment_minimum_healthy_percent": 66,
            "desired_count": 1,
            "enable_ecs_managed_tags": true,
            "enable_execute_command": true,
            "force_delete": null,
            "force_new_deployment": true,
            "health_check_grace_period_seconds": 0,
            "iam_role": "/aws-service-role/ecs.amazonaws.com/AWSServiceRoleForECS",
            "id": "arn:aws:ecs:ap-southeast-1:058264383156:service/midecode-ionos/nginx1",
            "launch_type": "FARGATE",
            "load_balancer": [
              {
                "advanced_configuration": [],
                "container_name": "nginx",
                "container_port": 80,
                "elb_name": "",
                "target_group_arn": "arn:aws:elasticloadbalancing:ap-southeast-1:058264383156:targetgroup/tf-20250726033801229700000006/b85f1cd694abdf7a"
              }
            ],
            "name": "nginx1",
            "network_configuration": [
              {
                "assign_public_ip": false,
                "security_groups": [
                  "sg-0f8258b8e5163662c"
                ],
                "subnets": [
                  "subnet-00b6ce4e6067ad08e",
                  "subnet-025ae46b72b6ed15e",
                  "subnet-073889b70070f1241"
                ]
              }
            ],
            "ordered_placement_strategy": [],
            "placement_constraints": [],
            "platform_version": "LATEST",
            "propagate_tags": "NONE",
            "region": "ap-southeast-1",
            "scheduling_strategy": "REPLICA",
            "service_connect_configuration": [
              {
                "enabled": true,
                "log_configuration": [],
                "namespace": "arn:aws:servicediscovery:ap-southeast-1:058264383156:namespace/ns-a5gieephymd3vaqr",
                "service": [
                  {
                    "client_alias": [
                      {
                        "dns_name": "nginx1",
                        "port": 80,
                        "test_traffic_rules": []
                      }
                    ],
                    "discovery_name": "nginx1",
                    "ingress_port_override": 0,
                    "port_name": "nginx",
                    "timeout": [],
                    "tls": []
                  }
                ]
              }
            ],
            "service_registries": [],
            "tags": {
              "Name": "nginx1",
              "environment": "poc",
              "owner": "midecode",
              "project": "ionos"
            },
            "tags_all": {
              "Name": "nginx1",
              "environment": "poc",
              "owner": "midecode",
              "project": "ionos"
            },
            "task_definition": "arn:aws:ecs:ap-southeast-1:058264383156:task-definition/nginx1:12",
            "timeouts": null,
            "triggers": {},
            "volume_configuration": [],
            "vpc_lattice_configurations": [],
            "wait_for_steady_state": false
          },
          "sensitive_attributes": [],
          "private": "eyJlMmJmYjczMC1lY2FhLTExZTYtOGY4OC0zNDM2M2JjN2M0YzAiOnsiY3JlYXRlIjoxMjAwMDAwMDAwMDAwLCJkZWxldGUiOjEyMDAwMDAwMDAwMDAsInVwZGF0ZSI6MTIwMDAwMDAwMDAwMH0sInNjaGVtYV92ZXJzaW9uIjoiMSJ9",
          "dependencies": [
            "aws_service_discovery_http_namespace.this",
            "data.aws_availability_zones.available",
            "module.alb.aws_lambda_permission.this",
            "module.alb.aws_lb.this",
            "module.alb.aws_lb_listener.this",
            "module.alb.aws_lb_listener_certificate.this",
            "module.alb.aws_lb_listener_rule.this",
            "module.alb.aws_lb_target_group.this",
            "module.alb.aws_lb_target_group_attachment.additional",
            "module.alb.aws_lb_target_group_attachment.this",
            "module.alb.aws_route53_record.this",
            "module.alb.aws_security_group.this",
            "module.alb.aws_vpc_security_group_egress_rule.this",
            "module.alb.aws_vpc_security_group_ingress_rule.this",
            "module.alb.aws_wafv2_web_acl_association.this",
            "module.alb.data.aws_partition.current",
            "module.ecs_cluster.aws_cloudwatch_log_group.this",
            "module.ecs_cluster.aws_ecs_cluster.this",
            "module.ecs_service.aws_ecs_task_definition.this",
            "module.ecs_service.aws_iam_policy.service",
            "module.ecs_service.aws_iam_policy.task_exec",
            "module.ecs_service.aws_iam_role.infrastructure_iam_role",
            "module.ecs_service.aws_iam_role.service",
            "module.ecs_service.aws_iam_role.task_exec",
            "module.ecs_service.aws_iam_role.tasks",
            "module.ecs_service.aws_iam_role_policy_attachment.infrastructure_iam_role_ebs_policy",
            "module.ecs_service.aws_iam_role_policy_attachment.service",
            "module.ecs_service.aws_iam_role_policy_attachment.task_exec",
            "module.ecs_service.aws_iam_role_policy_attachment.task_exec_additional",
            "module.ecs_service.aws_iam_role_policy_attachment.tasks",
            "module.ecs_service.aws_security_group.this",
            "module.ecs_service.data.aws_caller_identity.current",
            "module.ecs_service.data.aws_iam_policy_document.infrastructure_iam_role",
            "module.ecs_service.data.aws_iam_policy_document.service",
            "module.ecs_service.data.aws_iam_policy_document.service_assume",
            "module.ecs_service.data.aws_iam_policy_document.task_exec",
            "module.ecs_service.data.aws_iam_policy_document.task_exec_assume",
            "module.ecs_service.data.aws_iam_policy_document.tasks_assume",
            "module.ecs_service.data.aws_partition.current",
            "module.ecs_service.data.aws_region.current",
            "module.ecs_service.data.aws_subnet.this",
            "module.ecs_service.module.container_definition.aws_cloudwatch_log_group.this",
            "module.ecs_service.module.container_definition.data.aws_region.current",
            "module.vpc.aws_subnet.private",
            "module.vpc.aws_subnet.public",
            "module.vpc.aws_vpc.this",
            "module.vpc.aws_vpc_ipv4_cidr_block_association.this"
          ]
        }
      ]
    },
    {
      "module": "module.ecs_service",
      "mode": "managed",
      "type": "aws_ecs_task_definition",
      "name": "this",
      "provider": "provider[\"registry.terraform.io/hashicorp/aws\"]",
      "instances": [
        {
          "index_key": 0,
          "schema_version": 1,
          "attributes": {
            "arn": "arn:aws:ecs:ap-southeast-1:058264383156:task-definition/nginx1:12",
            "arn_without_revision": "arn:aws:ecs:ap-southeast-1:058264383156:task-definition/nginx1",
            "container_definitions": "[{\"command\":[\"sh\",\"-c\",\"echo '\u003ch1\u003eHello from nginx1\u003c/h1\u003e' \u003e /usr/share/nginx/html/index.html \u0026\u0026 exec nginx -g 'daemon off;'\"],\"cpu\":512,\"environment\":[],\"essential\":true,\"image\":\"nginx:latest\",\"interactive\":false,\"linuxParameters\":{\"initProcessEnabled\":false},\"logConfiguration\":{\"logDriver\":\"awslogs\",\"options\":{\"awslogs-group\":\"/aws/ecs/nginx1/nginx\",\"awslogs-region\":\"ap-southeast-1\",\"awslogs-stream-prefix\":\"ecs\"}},\"memory\":1024,\"memoryReservation\":100,\"mountPoints\":[],\"name\":\"nginx\",\"portMappings\":[{\"containerPort\":80,\"hostPort\":80,\"name\":\"nginx\",\"protocol\":\"tcp\"}],\"privileged\":false,\"pseudoTerminal\":false,\"readonlyRootFilesystem\":false,\"restartPolicy\":{\"enabled\":true,\"ignoredExitCodes\":[]},\"startTimeout\":30,\"stopTimeout\":120,\"systemControls\":[],\"versionConsistency\":\"disabled\",\"volumesFrom\":[]}]",
            "cpu": "1024",
            "enable_fault_injection": false,
            "ephemeral_storage": [],
            "execution_role_arn": "arn:aws:iam::058264383156:role/nginx1-ecs-task-exec-role-2025072603410564200000000a",
            "family": "nginx1",
            "id": "nginx1",
            "ipc_mode": "",
            "memory": "4096",
            "network_mode": "awsvpc",
            "pid_mode": "",
            "placement_constraints": [],
            "proxy_configuration": [],
            "region": "ap-southeast-1",
            "requires_compatibilities": [
              "FARGATE"
            ],
            "revision": 12,
            "runtime_platform": [
              {
                "cpu_architecture": "X86_64",
                "operating_system_family": "LINUX"
              }
            ],
            "skip_destroy": false,
            "tags": {
              "Name": "nginx1",
              "environment": "poc",
              "owner": "midecode",
              "project": "ionos"
            },
            "tags_all": {
              "Name": "nginx1",
              "environment": "poc",
              "owner": "midecode",
              "project": "ionos"
            },
            "task_role_arn": "arn:aws:iam::058264383156:role/nginx1-ecs-task-role-20250726034106005300000011",
            "track_latest": true,
            "volume": []
          },
          "sensitive_attributes": [],
          "private": "eyJzY2hlbWFfdmVyc2lvbiI6IjEifQ==",
          "dependencies": [
            "data.aws_availability_zones.available",
            "module.alb.aws_lambda_permission.this",
            "module.alb.aws_lb.this",
            "module.alb.aws_lb_listener.this",
            "module.alb.aws_lb_listener_certificate.this",
            "module.alb.aws_lb_listener_rule.this",
            "module.alb.aws_lb_target_group.this",
            "module.alb.aws_lb_target_group_attachment.additional",
            "module.alb.aws_lb_target_group_attachment.this",
            "module.alb.aws_route53_record.this",
            "module.alb.aws_security_group.this",
            "module.alb.aws_vpc_security_group_egress_rule.this",
            "module.alb.aws_vpc_security_group_ingress_rule.this",
            "module.alb.aws_wafv2_web_acl_association.this",
            "module.alb.data.aws_partition.current",
            "module.ecs_service.aws_iam_policy.task_exec",
            "module.ecs_service.aws_iam_role.task_exec",
            "module.ecs_service.aws_iam_role.tasks",
            "module.ecs_service.aws_iam_role_policy_attachment.task_exec",
            "module.ecs_service.aws_iam_role_policy_attachment.task_exec_additional",
            "module.ecs_service.aws_iam_role_policy_attachment.tasks",
            "module.ecs_service.data.aws_caller_identity.current",
            "module.ecs_service.data.aws_iam_policy_document.task_exec",
            "module.ecs_service.data.aws_iam_policy_document.task_exec_assume",
            "module.ecs_service.data.aws_iam_policy_document.tasks_assume",
            "module.ecs_service.data.aws_partition.current",
            "module.ecs_service.data.aws_region.current",
            "module.ecs_service.module.container_definition.aws_cloudwatch_log_group.this",
            "module.ecs_service.module.container_definition.data.aws_region.current",
            "module.vpc.aws_subnet.public",
            "module.vpc.aws_vpc.this",
            "module.vpc.aws_vpc_ipv4_cidr_block_association.this"
          ],
          "create_before_destroy": true
        }
      ]
    },
    {
      "module": "module.ecs_service",
      "mode": "managed",
      "type": "aws_iam_policy",
      "name": "task_exec",
      "provider": "provider[\"registry.terraform.io/hashicorp/aws\"]",
      "instances": [
        {
          "index_key": 0,
          "schema_version": 0,
          "attributes": {
            "arn": "arn:aws:iam::058264383156:policy/nginx1-ecs-task-exec-role-2025072603410573320000000c",
            "attachment_count": 1,
            "description": "Task execution role IAM policy",
            "id": "arn:aws:iam::058264383156:policy/nginx1-ecs-task-exec-role-2025072603410573320000000c",
            "name": "nginx1-ecs-task-exec-role-2025072603410573320000000c",
            "name_prefix": "nginx1-ecs-task-exec-role-",
            "path": "/",
            "policy": "{\"Statement\":[{\"Action\":[\"logs:PutLogEvents\",\"logs:CreateLogStream\"],\"Effect\":\"Allow\",\"Resource\":\"*\",\"Sid\":\"Logs\"},{\"Action\":[\"ecr:GetDownloadUrlForLayer\",\"ecr:GetAuthorizationToken\",\"ecr:BatchGetImage\",\"ecr:BatchCheckLayerAvailability\"],\"Effect\":\"Allow\",\"Resource\":\"*\",\"Sid\":\"ECR\"}],\"Version\":\"2012-10-17\"}",
            "policy_id": "ANPAQ3EGT522NM2XNNSLT",
            "tags": {
              "Name": "nginx1",
              "environment": "poc",
              "owner": "midecode",
              "project": "ionos"
            },
            "tags_all": {
              "Name": "nginx1",
              "environment": "poc",
              "owner": "midecode",
              "project": "ionos"
            }
          },
          "sensitive_attributes": [],
          "private": "bnVsbA==",
          "dependencies": [
            "data.aws_availability_zones.available",
            "module.alb.aws_lambda_permission.this",
            "module.alb.aws_lb.this",
            "module.alb.aws_lb_listener.this",
            "module.alb.aws_lb_listener_certificate.this",
            "module.alb.aws_lb_listener_rule.this",
            "module.alb.aws_lb_target_group.this",
            "module.alb.aws_lb_target_group_attachment.additional",
            "module.alb.aws_lb_target_group_attachment.this",
            "module.alb.aws_route53_record.this",
            "module.alb.aws_security_group.this",
            "module.alb.aws_vpc_security_group_egress_rule.this",
            "module.alb.aws_vpc_security_group_ingress_rule.this",
            "module.alb.aws_wafv2_web_acl_association.this",
            "module.alb.data.aws_partition.current",
            "module.ecs_service.data.aws_iam_policy_document.task_exec",
            "module.vpc.aws_subnet.public",
            "module.vpc.aws_vpc.this",
            "module.vpc.aws_vpc_ipv4_cidr_block_association.this"
          ],
          "create_before_destroy": true
        }
      ]
    },
    {
      "module": "module.ecs_service",
      "mode": "managed",
      "type": "aws_iam_policy",
      "name": "tasks",
      "provider": "provider[\"registry.terraform.io/hashicorp/aws\"]",
      "instances": [
        {
          "index_key": 0,
          "schema_version": 0,
          "attributes": {
            "arn": "arn:aws:iam::058264383156:policy/nginx1-ecs-task-role-20250726034105634500000009",
            "attachment_count": 1,
            "description": "Task role IAM policy",
            "id": "arn:aws:iam::058264383156:policy/nginx1-ecs-task-role-20250726034105634500000009",
            "name": "nginx1-ecs-task-role-20250726034105634500000009",
            "name_prefix": "nginx1-ecs-task-role-",
            "path": "/",
            "policy": "{\"Statement\":[{\"Action\":[\"ssmmessages:OpenDataChannel\",\"ssmmessages:OpenControlChannel\",\"ssmmessages:CreateDataChannel\",\"ssmmessages:CreateControlChannel\"],\"Effect\":\"Allow\",\"Resource\":\"*\",\"Sid\":\"ECSExec\"},{\"Action\":\"s3:List*\",\"Effect\":\"Allow\",\"Resource\":\"arn:aws:s3:::*\"}],\"Version\":\"2012-10-17\"}",
            "policy_id": "ANPAQ3EGT522D6HVXB2EF",
            "tags": {
              "Name": "nginx1",
              "environment": "poc",
              "owner": "midecode",
              "project": "ionos"
            },
            "tags_all": {
              "Name": "nginx1",
              "environment": "poc",
              "owner": "midecode",
              "project": "ionos"
            }
          },
          "sensitive_attributes": [],
          "private": "bnVsbA==",
          "dependencies": [
            "data.aws_availability_zones.available",
            "module.alb.aws_lambda_permission.this",
            "module.alb.aws_lb.this",
            "module.alb.aws_lb_listener.this",
            "module.alb.aws_lb_listener_certificate.this",
            "module.alb.aws_lb_listener_rule.this",
            "module.alb.aws_lb_target_group.this",
            "module.alb.aws_lb_target_group_attachment.additional",
            "module.alb.aws_lb_target_group_attachment.this",
            "module.alb.aws_route53_record.this",
            "module.alb.aws_security_group.this",
            "module.alb.aws_vpc_security_group_egress_rule.this",
            "module.alb.aws_vpc_security_group_ingress_rule.this",
            "module.alb.aws_wafv2_web_acl_association.this",
            "module.alb.data.aws_partition.current",
            "module.ecs_service.data.aws_iam_policy_document.tasks",
            "module.vpc.aws_subnet.public",
            "module.vpc.aws_vpc.this",
            "module.vpc.aws_vpc_ipv4_cidr_block_association.this"
          ]
        }
      ]
    },
    {
      "module": "module.ecs_service",
      "mode": "managed",
      "type": "aws_iam_role",
      "name": "task_exec",
      "provider": "provider[\"registry.terraform.io/hashicorp/aws\"]",
      "instances": [
        {
          "index_key": 0,
          "schema_version": 0,
          "attributes": {
            "arn": "arn:aws:iam::058264383156:role/nginx1-ecs-task-exec-role-2025072603410564200000000a",
            "assume_role_policy": "{\"Statement\":[{\"Action\":\"sts:AssumeRole\",\"Effect\":\"Allow\",\"Principal\":{\"Service\":\"ecs-tasks.amazonaws.com\"},\"Sid\":\"ECSTaskExecutionAssumeRole\"}],\"Version\":\"2012-10-17\"}",
            "create_date": "2025-07-26T03:41:06Z",
            "description": "Task execution role for nginx1-ecs-task-exec-role",
            "force_detach_policies": true,
            "id": "nginx1-ecs-task-exec-role-2025072603410564200000000a",
            "inline_policy": [],
            "managed_policy_arns": [
              "arn:aws:iam::058264383156:policy/nginx1-ecs-task-exec-role-2025072603410573320000000c"
            ],
            "max_session_duration": 3600,
            "name": "nginx1-ecs-task-exec-role-2025072603410564200000000a",
            "name_prefix": "nginx1-ecs-task-exec-role-",
            "path": "/",
            "permissions_boundary": "",
            "tags": {
              "Name": "nginx1",
              "environment": "poc",
              "owner": "midecode",
              "project": "ionos"
            },
            "tags_all": {
              "Name": "nginx1",
              "environment": "poc",
              "owner": "midecode",
              "project": "ionos"
            },
            "unique_id": "AROAQ3EGT522PI2INZAVA"
          },
          "sensitive_attributes": [],
          "private": "bnVsbA==",
          "dependencies": [
            "data.aws_availability_zones.available",
            "module.alb.aws_lambda_permission.this",
            "module.alb.aws_lb.this",
            "module.alb.aws_lb_listener.this",
            "module.alb.aws_lb_listener_certificate.this",
            "module.alb.aws_lb_listener_rule.this",
            "module.alb.aws_lb_target_group.this",
            "module.alb.aws_lb_target_group_attachment.additional",
            "module.alb.aws_lb_target_group_attachment.this",
            "module.alb.aws_route53_record.this",
            "module.alb.aws_security_group.this",
            "module.alb.aws_vpc_security_group_egress_rule.this",
            "module.alb.aws_vpc_security_group_ingress_rule.this",
            "module.alb.aws_wafv2_web_acl_association.this",
            "module.alb.data.aws_partition.current",
            "module.ecs_service.data.aws_iam_policy_document.task_exec_assume",
            "module.vpc.aws_subnet.public",
            "module.vpc.aws_vpc.this",
            "module.vpc.aws_vpc_ipv4_cidr_block_association.this"
          ],
          "create_before_destroy": true
        }
      ]
    },
    {
      "module": "module.ecs_service",
      "mode": "managed",
      "type": "aws_iam_role",
      "name": "tasks",
      "provider": "provider[\"registry.terraform.io/hashicorp/aws\"]",
      "instances": [
        {
          "index_key": 0,
          "schema_version": 0,
          "attributes": {
            "arn": "arn:aws:iam::058264383156:role/nginx1-ecs-task-role-20250726034106005300000011",
            "assume_role_policy": "{\"Statement\":[{\"Action\":\"sts:AssumeRole\",\"Condition\":{\"ArnLike\":{\"aws:SourceArn\":\"arn:aws:ecs:ap-southeast-1:058264383156:*\"},\"StringEquals\":{\"aws:SourceAccount\":\"058264383156\"}},\"Effect\":\"Allow\",\"Principal\":{\"Service\":\"ecs-tasks.amazonaws.com\"},\"Sid\":\"ECSTasksAssumeRole\"}],\"Version\":\"2012-10-17\"}",
            "create_date": "2025-07-26T03:41:06Z",
            "description": "",
            "force_detach_policies": true,
            "id": "nginx1-ecs-task-role-20250726034106005300000011",
            "inline_policy": [],
            "managed_policy_arns": [
              "arn:aws:iam::058264383156:policy/nginx1-ecs-task-role-20250726034105634500000009",
              "arn:aws:iam::aws:policy/AmazonSSMManagedInstanceCore",
              "arn:aws:iam::aws:policy/ReadOnlyAccess"
            ],
            "max_session_duration": 3600,
            "name": "nginx1-ecs-task-role-20250726034106005300000011",
            "name_prefix": "nginx1-ecs-task-role-",
            "path": "/",
            "permissions_boundary": "",
            "tags": {
              "Name": "nginx1",
              "environment": "poc",
              "owner": "midecode",
              "project": "ionos"
            },
            "tags_all": {
              "Name": "nginx1",
              "environment": "poc",
              "owner": "midecode",
              "project": "ionos"
            },
            "unique_id": "AROAQ3EGT522B6KR3HPXU"
          },
          "sensitive_attributes": [],
          "private": "bnVsbA==",
          "dependencies": [
            "data.aws_availability_zones.available",
            "module.alb.aws_lambda_permission.this",
            "module.alb.aws_lb.this",
            "module.alb.aws_lb_listener.this",
            "module.alb.aws_lb_listener_certificate.this",
            "module.alb.aws_lb_listener_rule.this",
            "module.alb.aws_lb_target_group.this",
            "module.alb.aws_lb_target_group_attachment.additional",
            "module.alb.aws_lb_target_group_attachment.this",
            "module.alb.aws_route53_record.this",
            "module.alb.aws_security_group.this",
            "module.alb.aws_vpc_security_group_egress_rule.this",
            "module.alb.aws_vpc_security_group_ingress_rule.this",
            "module.alb.aws_wafv2_web_acl_association.this",
            "module.alb.data.aws_partition.current",
            "module.ecs_service.data.aws_caller_identity.current",
            "module.ecs_service.data.aws_iam_policy_document.tasks_assume",
            "module.ecs_service.data.aws_partition.current",
            "module.ecs_service.data.aws_region.current",
            "module.vpc.aws_subnet.public",
            "module.vpc.aws_vpc.this",
            "module.vpc.aws_vpc_ipv4_cidr_block_association.this"
          ],
          "create_before_destroy": true
        }
      ]
    },
    {
      "module": "module.ecs_service",
      "mode": "managed",
      "type": "aws_iam_role_policy_attachment",
      "name": "task_exec",
      "provider": "provider[\"registry.terraform.io/hashicorp/aws\"]",
      "instances": [
        {
          "index_key": 0,
          "schema_version": 0,
          "attributes": {
            "id": "nginx1-ecs-task-exec-role-2025072603410564200000000a/arn:aws:iam::058264383156:policy/nginx1-ecs-task-exec-role-2025072603410573320000000c",
            "policy_arn": "arn:aws:iam::058264383156:policy/nginx1-ecs-task-exec-role-2025072603410573320000000c",
            "role": "nginx1-ecs-task-exec-role-2025072603410564200000000a"
          },
          "sensitive_attributes": [],
          "private": "bnVsbA==",
          "dependencies": [
            "data.aws_availability_zones.available",
            "module.alb.aws_lambda_permission.this",
            "module.alb.aws_lb.this",
            "module.alb.aws_lb_listener.this",
            "module.alb.aws_lb_listener_certificate.this",
            "module.alb.aws_lb_listener_rule.this",
            "module.alb.aws_lb_target_group.this",
            "module.alb.aws_lb_target_group_attachment.additional",
            "module.alb.aws_lb_target_group_attachment.this",
            "module.alb.aws_route53_record.this",
            "module.alb.aws_security_group.this",
            "module.alb.aws_vpc_security_group_egress_rule.this",
            "module.alb.aws_vpc_security_group_ingress_rule.this",
            "module.alb.aws_wafv2_web_acl_association.this",
            "module.alb.data.aws_partition.current",
            "module.ecs_service.aws_iam_policy.task_exec",
            "module.ecs_service.aws_iam_role.task_exec",
            "module.ecs_service.data.aws_iam_policy_document.task_exec",
            "module.ecs_service.data.aws_iam_policy_document.task_exec_assume",
            "module.vpc.aws_subnet.public",
            "module.vpc.aws_vpc.this",
            "module.vpc.aws_vpc_ipv4_cidr_block_association.this"
          ],
          "create_before_destroy": true
        }
      ]
    },
    {
      "module": "module.ecs_service",
      "mode": "managed",
      "type": "aws_iam_role_policy_attachment",
      "name": "tasks",
      "provider": "provider[\"registry.terraform.io/hashicorp/aws\"]",
      "instances": [
        {
          "index_key": "ReadOnlyAccess",
          "schema_version": 0,
          "attributes": {
            "id": "nginx1-ecs-task-role-20250726034106005300000011/arn:aws:iam::aws:policy/ReadOnlyAccess",
            "policy_arn": "arn:aws:iam::aws:policy/ReadOnlyAccess",
            "role": "nginx1-ecs-task-role-20250726034106005300000011"
          },
          "sensitive_attributes": [],
          "private": "bnVsbA==",
          "dependencies": [
            "data.aws_availability_zones.available",
            "module.alb.aws_lambda_permission.this",
            "module.alb.aws_lb.this",
            "module.alb.aws_lb_listener.this",
            "module.alb.aws_lb_listener_certificate.this",
            "module.alb.aws_lb_listener_rule.this",
            "module.alb.aws_lb_target_group.this",
            "module.alb.aws_lb_target_group_attachment.additional",
            "module.alb.aws_lb_target_group_attachment.this",
            "module.alb.aws_route53_record.this",
            "module.alb.aws_security_group.this",
            "module.alb.aws_vpc_security_group_egress_rule.this",
            "module.alb.aws_vpc_security_group_ingress_rule.this",
            "module.alb.aws_wafv2_web_acl_association.this",
            "module.alb.data.aws_partition.current",
            "module.ecs_service.aws_iam_role.tasks",
            "module.ecs_service.data.aws_caller_identity.current",
            "module.ecs_service.data.aws_iam_policy_document.tasks_assume",
            "module.ecs_service.data.aws_partition.current",
            "module.ecs_service.data.aws_region.current",
            "module.vpc.aws_subnet.public",
            "module.vpc.aws_vpc.this",
            "module.vpc.aws_vpc_ipv4_cidr_block_association.this"
          ],
          "create_before_destroy": true
        },
        {
          "index_key": "SSMManageInstanceCore",
          "schema_version": 0,
          "attributes": {
            "id": "nginx1-ecs-task-role-20250726034106005300000011/arn:aws:iam::aws:policy/AmazonSSMManagedInstanceCore",
            "policy_arn": "arn:aws:iam::aws:policy/AmazonSSMManagedInstanceCore",
            "role": "nginx1-ecs-task-role-20250726034106005300000011"
          },
          "sensitive_attributes": [],
          "private": "bnVsbA==",
          "dependencies": [
            "data.aws_availability_zones.available",
            "module.alb.aws_lambda_permission.this",
            "module.alb.aws_lb.this",
            "module.alb.aws_lb_listener.this",
            "module.alb.aws_lb_listener_certificate.this",
            "module.alb.aws_lb_listener_rule.this",
            "module.alb.aws_lb_target_group.this",
            "module.alb.aws_lb_target_group_attachment.additional",
            "module.alb.aws_lb_target_group_attachment.this",
            "module.alb.aws_route53_record.this",
            "module.alb.aws_security_group.this",
            "module.alb.aws_vpc_security_group_egress_rule.this",
            "module.alb.aws_vpc_security_group_ingress_rule.this",
            "module.alb.aws_wafv2_web_acl_association.this",
            "module.alb.data.aws_partition.current",
            "module.ecs_service.aws_iam_role.tasks",
            "module.ecs_service.data.aws_caller_identity.current",
            "module.ecs_service.data.aws_iam_policy_document.tasks_assume",
            "module.ecs_service.data.aws_partition.current",
            "module.ecs_service.data.aws_region.current",
            "module.vpc.aws_subnet.public",
            "module.vpc.aws_vpc.this",
            "module.vpc.aws_vpc_ipv4_cidr_block_association.this"
          ],
          "create_before_destroy": true
        }
      ]
    },
    {
      "module": "module.ecs_service",
      "mode": "managed",
      "type": "aws_iam_role_policy_attachment",
      "name": "tasks_internal",
      "provider": "provider[\"registry.terraform.io/hashicorp/aws\"]",
      "instances": [
        {
          "index_key": 0,
          "schema_version": 0,
          "attributes": {
            "id": "nginx1-ecs-task-role-20250726034106005300000011/arn:aws:iam::058264383156:policy/nginx1-ecs-task-role-20250726034105634500000009",
            "policy_arn": "arn:aws:iam::058264383156:policy/nginx1-ecs-task-role-20250726034105634500000009",
            "role": "nginx1-ecs-task-role-20250726034106005300000011"
          },
          "sensitive_attributes": [],
          "private": "bnVsbA==",
          "dependencies": [
            "data.aws_availability_zones.available",
            "module.alb.aws_lambda_permission.this",
            "module.alb.aws_lb.this",
            "module.alb.aws_lb_listener.this",
            "module.alb.aws_lb_listener_certificate.this",
            "module.alb.aws_lb_listener_rule.this",
            "module.alb.aws_lb_target_group.this",
            "module.alb.aws_lb_target_group_attachment.additional",
            "module.alb.aws_lb_target_group_attachment.this",
            "module.alb.aws_route53_record.this",
            "module.alb.aws_security_group.this",
            "module.alb.aws_vpc_security_group_egress_rule.this",
            "module.alb.aws_vpc_security_group_ingress_rule.this",
            "module.alb.aws_wafv2_web_acl_association.this",
            "module.alb.data.aws_partition.current",
            "module.ecs_service.aws_iam_policy.tasks",
            "module.ecs_service.aws_iam_role.tasks",
            "module.ecs_service.data.aws_caller_identity.current",
            "module.ecs_service.data.aws_iam_policy_document.tasks",
            "module.ecs_service.data.aws_iam_policy_document.tasks_assume",
            "module.ecs_service.data.aws_partition.current",
            "module.ecs_service.data.aws_region.current",
            "module.vpc.aws_subnet.public",
            "module.vpc.aws_vpc.this",
            "module.vpc.aws_vpc_ipv4_cidr_block_association.this"
          ]
        }
      ]
    },
    {
      "module": "module.ecs_service",
      "mode": "managed",
      "type": "aws_security_group",
      "name": "this",
      "provider": "provider[\"registry.terraform.io/hashicorp/aws\"]",
      "instances": [
        {
          "index_key": 0,
          "schema_version": 1,
          "attributes": {
            "arn": "arn:aws:ec2:ap-southeast-1:058264383156:security-group/sg-0f8258b8e5163662c",
            "description": "Managed by Terraform",
            "egress": [],
            "id": "sg-0f8258b8e5163662c",
            "ingress": [],
            "name": "nginx1-ecs-service-sg-20250726075051054800000002",
            "name_prefix": "nginx1-ecs-service-sg-",
            "owner_id": "058264383156",
            "region": "ap-southeast-1",
            "revoke_rules_on_delete": false,
            "tags": {
              "Name": "nginx1-ecs-service-sg",
              "environment": "poc",
              "owner": "midecode",
              "project": "ionos"
            },
            "tags_all": {
              "Name": "nginx1-ecs-service-sg",
              "environment": "poc",
              "owner": "midecode",
              "project": "ionos"
            },
            "timeouts": null,
            "vpc_id": "vpc-0609e6a41cf755597"
          },
          "sensitive_attributes": [],
          "private": "eyJlMmJmYjczMC1lY2FhLTExZTYtOGY4OC0zNDM2M2JjN2M0YzAiOnsiY3JlYXRlIjo2MDAwMDAwMDAwMDAsImRlbGV0ZSI6OTAwMDAwMDAwMDAwfSwic2NoZW1hX3ZlcnNpb24iOiIxIn0=",
          "dependencies": [
            "data.aws_availability_zones.available",
            "module.alb.aws_lambda_permission.this",
            "module.alb.aws_lb.this",
            "module.alb.aws_lb_listener.this",
            "module.alb.aws_lb_listener_certificate.this",
            "module.alb.aws_lb_listener_rule.this",
            "module.alb.aws_lb_target_group.this",
            "module.alb.aws_lb_target_group_attachment.additional",
            "module.alb.aws_lb_target_group_attachment.this",
            "module.alb.aws_route53_record.this",
            "module.alb.aws_security_group.this",
            "module.alb.aws_vpc_security_group_egress_rule.this",
            "module.alb.aws_vpc_security_group_ingress_rule.this",
            "module.alb.aws_wafv2_web_acl_association.this",
            "module.alb.data.aws_partition.current",
            "module.ecs_service.data.aws_subnet.this",
            "module.vpc.aws_subnet.private",
            "module.vpc.aws_subnet.public",
            "module.vpc.aws_vpc.this",
            "module.vpc.aws_vpc_ipv4_cidr_block_association.this"
          ],
          "create_before_destroy": true
        }
      ]
    },
    {
      "module": "module.ecs_service",
      "mode": "managed",
      "type": "aws_vpc_security_group_egress_rule",
      "name": "this",
      "provider": "provider[\"registry.terraform.io/hashicorp/aws\"]",
      "instances": [
        {
          "index_key": "all",
          "schema_version": 0,
          "attributes": {
            "arn": "arn:aws:ec2:ap-southeast-1:058264383156:security-group-rule/sgr-07ab93c1d170ee81c",
            "cidr_ipv4": "0.0.0.0/0",
            "cidr_ipv6": null,
            "description": null,
            "from_port": null,
            "id": "sgr-07ab93c1d170ee81c",
            "ip_protocol": "-1",
            "prefix_list_id": null,
            "referenced_security_group_id": null,
            "region": "ap-southeast-1",
            "security_group_id": "sg-0f8258b8e5163662c",
            "security_group_rule_id": "sgr-07ab93c1d170ee81c",
            "tags": {
              "Name": "nginx1-ecs-service-sg-all",
              "environment": "poc",
              "owner": "midecode",
              "project": "ionos"
            },
            "tags_all": {
              "Name": "nginx1-ecs-service-sg-all",
              "environment": "poc",
              "owner": "midecode",
              "project": "ionos"
            },
            "to_port": null
          },
          "sensitive_attributes": [],
          "dependencies": [
            "data.aws_availability_zones.available",
            "module.alb.aws_lambda_permission.this",
            "module.alb.aws_lb.this",
            "module.alb.aws_lb_listener.this",
            "module.alb.aws_lb_listener_certificate.this",
            "module.alb.aws_lb_listener_rule.this",
            "module.alb.aws_lb_target_group.this",
            "module.alb.aws_lb_target_group_attachment.additional",
            "module.alb.aws_lb_target_group_attachment.this",
            "module.alb.aws_route53_record.this",
            "module.alb.aws_security_group.this",
            "module.alb.aws_vpc_security_group_egress_rule.this",
            "module.alb.aws_vpc_security_group_ingress_rule.this",
            "module.alb.aws_wafv2_web_acl_association.this",
            "module.alb.data.aws_partition.current",
            "module.ecs_service.aws_security_group.this",
            "module.ecs_service.data.aws_subnet.this",
            "module.vpc.aws_subnet.private",
            "module.vpc.aws_subnet.public",
            "module.vpc.aws_vpc.this",
            "module.vpc.aws_vpc_ipv4_cidr_block_association.this"
          ]
        }
      ]
    },
    {
      "module": "module.ecs_service",
      "mode": "managed",
      "type": "aws_vpc_security_group_ingress_rule",
      "name": "this",
      "provider": "provider[\"registry.terraform.io/hashicorp/aws\"]",
      "instances": [
        {
          "index_key": "alb",
          "schema_version": 0,
          "attributes": {
            "arn": "arn:aws:ec2:ap-southeast-1:058264383156:security-group-rule/sgr-048a5406eb9b50f7b",
            "cidr_ipv4": null,
            "cidr_ipv6": null,
            "description": "Service port",
            "from_port": 80,
            "id": "sgr-048a5406eb9b50f7b",
            "ip_protocol": "tcp",
            "prefix_list_id": null,
            "referenced_security_group_id": "sg-063529c66929249da",
            "region": "ap-southeast-1",
            "security_group_id": "sg-0f8258b8e5163662c",
            "security_group_rule_id": "sgr-048a5406eb9b50f7b",
            "tags": {
              "Name": "nginx1-ecs-service-sg-alb",
              "environment": "poc",
              "owner": "midecode",
              "project": "ionos"
            },
            "tags_all": {
              "Name": "nginx1-ecs-service-sg-alb",
              "environment": "poc",
              "owner": "midecode",
              "project": "ionos"
            },
            "to_port": 80
          },
          "sensitive_attributes": [],
          "dependencies": [
            "data.aws_availability_zones.available",
            "module.alb.aws_lambda_permission.this",
            "module.alb.aws_lb.this",
            "module.alb.aws_lb_listener.this",
            "module.alb.aws_lb_listener_certificate.this",
            "module.alb.aws_lb_listener_rule.this",
            "module.alb.aws_lb_target_group.this",
            "module.alb.aws_lb_target_group_attachment.additional",
            "module.alb.aws_lb_target_group_attachment.this",
            "module.alb.aws_route53_record.this",
            "module.alb.aws_security_group.this",
            "module.alb.aws_vpc_security_group_egress_rule.this",
            "module.alb.aws_vpc_security_group_ingress_rule.this",
            "module.alb.aws_wafv2_web_acl_association.this",
            "module.alb.data.aws_partition.current",
            "module.ecs_service.aws_security_group.this",
            "module.ecs_service.data.aws_subnet.this",
            "module.vpc.aws_subnet.private",
            "module.vpc.aws_subnet.public",
            "module.vpc.aws_vpc.this",
            "module.vpc.aws_vpc_ipv4_cidr_block_association.this"
          ]
        },
        {
          "index_key": "ecs_service_connect",
          "schema_version": 0,
          "attributes": {
            "arn": "arn:aws:ec2:ap-southeast-1:058264383156:security-group-rule/sgr-0e318b31378e92423",
            "cidr_ipv4": null,
            "cidr_ipv6": null,
            "description": "Service Connect port",
            "from_port": 0,
            "id": "sgr-0e318b31378e92423",
            "ip_protocol": "tcp",
            "prefix_list_id": null,
            "referenced_security_group_id": "sg-0f8258b8e5163662c",
            "region": "ap-southeast-1",
            "security_group_id": "sg-0f8258b8e5163662c",
            "security_group_rule_id": "sgr-0e318b31378e92423",
            "tags": {
              "Name": "nginx1-ecs-service-sg-ecs_service_connect",
              "environment": "poc",
              "owner": "midecode",
              "project": "ionos"
            },
            "tags_all": {
              "Name": "nginx1-ecs-service-sg-ecs_service_connect",
              "environment": "poc",
              "owner": "midecode",
              "project": "ionos"
            },
            "to_port": 0
          },
          "sensitive_attributes": [],
          "dependencies": [
            "data.aws_availability_zones.available",
            "module.alb.aws_lambda_permission.this",
            "module.alb.aws_lb.this",
            "module.alb.aws_lb_listener.this",
            "module.alb.aws_lb_listener_certificate.this",
            "module.alb.aws_lb_listener_rule.this",
            "module.alb.aws_lb_target_group.this",
            "module.alb.aws_lb_target_group_attachment.additional",
            "module.alb.aws_lb_target_group_attachment.this",
            "module.alb.aws_route53_record.this",
            "module.alb.aws_security_group.this",
            "module.alb.aws_vpc_security_group_egress_rule.this",
            "module.alb.aws_vpc_security_group_ingress_rule.this",
            "module.alb.aws_wafv2_web_acl_association.this",
            "module.alb.data.aws_partition.current",
            "module.ecs_service.aws_security_group.this",
            "module.ecs_service.data.aws_subnet.this",
            "module.vpc.aws_subnet.private",
            "module.vpc.aws_subnet.public",
            "module.vpc.aws_vpc.this",
            "module.vpc.aws_vpc_ipv4_cidr_block_association.this"
          ]
        }
      ]
    },
    {
      "module": "module.ecs_service.module.container_definition[\"nginx\"]",
      "mode": "data",
      "type": "aws_region",
      "name": "current",
      "provider": "provider[\"registry.terraform.io/hashicorp/aws\"]",
      "instances": [
        {
          "schema_version": 0,
          "attributes": {
            "description": "Asia Pacific (Singapore)",
            "endpoint": "ec2.ap-southeast-1.amazonaws.com",
            "id": "ap-southeast-1",
            "name": "ap-southeast-1",
            "region": "ap-southeast-1"
          },
          "sensitive_attributes": []
        }
      ]
    },
    {
      "module": "module.ecs_service.module.container_definition[\"nginx\"]",
      "mode": "managed",
      "type": "aws_cloudwatch_log_group",
      "name": "this",
      "provider": "provider[\"registry.terraform.io/hashicorp/aws\"]",
      "instances": [
        {
          "index_key": 0,
          "schema_version": 0,
          "attributes": {
            "arn": "arn:aws:logs:ap-southeast-1:058264383156:log-group:/aws/ecs/nginx1/nginx",
            "id": "/aws/ecs/nginx1/nginx",
            "kms_key_id": "",
            "log_group_class": "STANDARD",
            "name": "/aws/ecs/nginx1/nginx",
            "name_prefix": "",
            "region": "ap-southeast-1",
            "retention_in_days": 7,
            "skip_destroy": false,
            "tags": {
              "Name": "nginx1",
              "environment": "poc",
              "owner": "midecode",
              "project": "ionos"
            },
            "tags_all": {
              "Name": "nginx1",
              "environment": "poc",
              "owner": "midecode",
              "project": "ionos"
            }
          },
          "sensitive_attributes": [],
          "private": "bnVsbA==",
          "dependencies": [
            "data.aws_availability_zones.available",
            "module.alb.aws_lambda_permission.this",
            "module.alb.aws_lb.this",
            "module.alb.aws_lb_listener.this",
            "module.alb.aws_lb_listener_certificate.this",
            "module.alb.aws_lb_listener_rule.this",
            "module.alb.aws_lb_target_group.this",
            "module.alb.aws_lb_target_group_attachment.additional",
            "module.alb.aws_lb_target_group_attachment.this",
            "module.alb.aws_route53_record.this",
            "module.alb.aws_security_group.this",
            "module.alb.aws_vpc_security_group_egress_rule.this",
            "module.alb.aws_vpc_security_group_ingress_rule.this",
            "module.alb.aws_wafv2_web_acl_association.this",
            "module.alb.data.aws_partition.current",
            "module.vpc.aws_subnet.public",
            "module.vpc.aws_vpc.this",
            "module.vpc.aws_vpc_ipv4_cidr_block_association.this"
          ],
          "create_before_destroy": true
        }
      ]
    },
    {
      "module": "module.ecs_service2",
      "mode": "data",
      "type": "aws_caller_identity",
      "name": "current",
      "provider": "provider[\"registry.terraform.io/hashicorp/aws\"]",
      "instances": [
        {
          "index_key": 0,
          "schema_version": 0,
          "attributes": {
            "account_id": "058264383156",
            "arn": "arn:aws:iam::058264383156:user/morakot",
            "id": "058264383156",
            "user_id": "AIDAQ3EGT522O3GJFI6CS"
          },
          "sensitive_attributes": []
        }
      ]
    },
    {
      "module": "module.ecs_service2",
      "mode": "data",
      "type": "aws_iam_policy_document",
      "name": "task_exec",
      "provider": "provider[\"registry.terraform.io/hashicorp/aws\"]",
      "instances": [
        {
          "index_key": 0,
          "schema_version": 0,
          "attributes": {
            "id": "1734719305",
            "json": "{\n  \"Version\": \"2012-10-17\",\n  \"Statement\": [\n    {\n      \"Sid\": \"Logs\",\n      \"Effect\": \"Allow\",\n      \"Action\": [\n        \"logs:PutLogEvents\",\n        \"logs:CreateLogStream\"\n      ],\n      \"Resource\": \"*\"\n    },\n    {\n      \"Sid\": \"ECR\",\n      \"Effect\": \"Allow\",\n      \"Action\": [\n        \"ecr:GetDownloadUrlForLayer\",\n        \"ecr:GetAuthorizationToken\",\n        \"ecr:BatchGetImage\",\n        \"ecr:BatchCheckLayerAvailability\"\n      ],\n      \"Resource\": \"*\"\n    }\n  ]\n}",
            "minified_json": "{\"Version\":\"2012-10-17\",\"Statement\":[{\"Sid\":\"Logs\",\"Effect\":\"Allow\",\"Action\":[\"logs:PutLogEvents\",\"logs:CreateLogStream\"],\"Resource\":\"*\"},{\"Sid\":\"ECR\",\"Effect\":\"Allow\",\"Action\":[\"ecr:GetDownloadUrlForLayer\",\"ecr:GetAuthorizationToken\",\"ecr:BatchGetImage\",\"ecr:BatchCheckLayerAvailability\"],\"Resource\":\"*\"}]}",
            "override_json": null,
            "override_policy_documents": null,
            "policy_id": null,
            "source_json": null,
            "source_policy_documents": null,
            "statement": [
              {
                "actions": [
                  "logs:CreateLogStream",
                  "logs:PutLogEvents"
                ],
                "condition": [],
                "effect": "Allow",
                "not_actions": [],
                "not_principals": [],
                "not_resources": [],
                "principals": [],
                "resources": [
                  "*"
                ],
                "sid": "Logs"
              },
              {
                "actions": [
                  "ecr:BatchCheckLayerAvailability",
                  "ecr:BatchGetImage",
                  "ecr:GetAuthorizationToken",
                  "ecr:GetDownloadUrlForLayer"
                ],
                "condition": [],
                "effect": "Allow",
                "not_actions": [],
                "not_principals": [],
                "not_resources": [],
                "principals": [],
                "resources": [
                  "*"
                ],
                "sid": "ECR"
              }
            ],
            "version": "2012-10-17"
          },
          "sensitive_attributes": []
        }
      ]
    },
    {
      "module": "module.ecs_service2",
      "mode": "data",
      "type": "aws_iam_policy_document",
      "name": "task_exec_assume",
      "provider": "provider[\"registry.terraform.io/hashicorp/aws\"]",
      "instances": [
        {
          "index_key": 0,
          "schema_version": 0,
          "attributes": {
            "id": "2291109037",
            "json": "{\n  \"Version\": \"2012-10-17\",\n  \"Statement\": [\n    {\n      \"Sid\": \"ECSTaskExecutionAssumeRole\",\n      \"Effect\": \"Allow\",\n      \"Action\": \"sts:AssumeRole\",\n      \"Principal\": {\n        \"Service\": \"ecs-tasks.amazonaws.com\"\n      }\n    }\n  ]\n}",
            "minified_json": "{\"Version\":\"2012-10-17\",\"Statement\":[{\"Sid\":\"ECSTaskExecutionAssumeRole\",\"Effect\":\"Allow\",\"Action\":\"sts:AssumeRole\",\"Principal\":{\"Service\":\"ecs-tasks.amazonaws.com\"}}]}",
            "override_json": null,
            "override_policy_documents": null,
            "policy_id": null,
            "source_json": null,
            "source_policy_documents": null,
            "statement": [
              {
                "actions": [
                  "sts:AssumeRole"
                ],
                "condition": [],
                "effect": "Allow",
                "not_actions": [],
                "not_principals": [],
                "not_resources": [],
                "principals": [
                  {
                    "identifiers": [
                      "ecs-tasks.amazonaws.com"
                    ],
                    "type": "Service"
                  }
                ],
                "resources": [],
                "sid": "ECSTaskExecutionAssumeRole"
              }
            ],
            "version": "2012-10-17"
          },
          "sensitive_attributes": []
        }
      ]
    },
    {
      "module": "module.ecs_service2",
      "mode": "data",
      "type": "aws_iam_policy_document",
      "name": "tasks",
      "provider": "provider[\"registry.terraform.io/hashicorp/aws\"]",
      "instances": [
        {
          "index_key": 0,
          "schema_version": 0,
          "attributes": {
            "id": "3854003559",
            "json": "{\n  \"Version\": \"2012-10-17\",\n  \"Statement\": [\n    {\n      \"Sid\": \"ECSExec\",\n      \"Effect\": \"Allow\",\n      \"Action\": [\n        \"ssmmessages:OpenDataChannel\",\n        \"ssmmessages:OpenControlChannel\",\n        \"ssmmessages:CreateDataChannel\",\n        \"ssmmessages:CreateControlChannel\"\n      ],\n      \"Resource\": \"*\"\n    },\n    {\n      \"Effect\": \"Allow\",\n      \"Action\": \"s3:List*\",\n      \"Resource\": \"arn:aws:s3:::*\"\n    }\n  ]\n}",
            "minified_json": "{\"Version\":\"2012-10-17\",\"Statement\":[{\"Sid\":\"ECSExec\",\"Effect\":\"Allow\",\"Action\":[\"ssmmessages:OpenDataChannel\",\"ssmmessages:OpenControlChannel\",\"ssmmessages:CreateDataChannel\",\"ssmmessages:CreateControlChannel\"],\"Resource\":\"*\"},{\"Effect\":\"Allow\",\"Action\":\"s3:List*\",\"Resource\":\"arn:aws:s3:::*\"}]}",
            "override_json": null,
            "override_policy_documents": null,
            "policy_id": null,
            "source_json": null,
            "source_policy_documents": null,
            "statement": [
              {
                "actions": [
                  "ssmmessages:CreateControlChannel",
                  "ssmmessages:CreateDataChannel",
                  "ssmmessages:OpenControlChannel",
                  "ssmmessages:OpenDataChannel"
                ],
                "condition": [],
                "effect": "Allow",
                "not_actions": [],
                "not_principals": [],
                "not_resources": [],
                "principals": [],
                "resources": [
                  "*"
                ],
                "sid": "ECSExec"
              },
              {
                "actions": [
                  "s3:List*"
                ],
                "condition": [],
                "effect": "Allow",
                "not_actions": [],
                "not_principals": [],
                "not_resources": [],
                "principals": [],
                "resources": [
                  "arn:aws:s3:::*"
                ],
                "sid": ""
              }
            ],
            "version": "2012-10-17"
          },
          "sensitive_attributes": []
        }
      ]
    },
    {
      "module": "module.ecs_service2",
      "mode": "data",
      "type": "aws_iam_policy_document",
      "name": "tasks_assume",
      "provider": "provider[\"registry.terraform.io/hashicorp/aws\"]",
      "instances": [
        {
          "index_key": 0,
          "schema_version": 0,
          "attributes": {
            "id": "3260779184",
            "json": "{\n  \"Version\": \"2012-10-17\",\n  \"Statement\": [\n    {\n      \"Sid\": \"ECSTasksAssumeRole\",\n      \"Effect\": \"Allow\",\n      \"Action\": \"sts:AssumeRole\",\n      \"Principal\": {\n        \"Service\": \"ecs-tasks.amazonaws.com\"\n      },\n      \"Condition\": {\n        \"ArnLike\": {\n          \"aws:SourceArn\": \"arn:aws:ecs:ap-southeast-1:058264383156:*\"\n        },\n        \"StringEquals\": {\n          \"aws:SourceAccount\": \"058264383156\"\n        }\n      }\n    }\n  ]\n}",
            "minified_json": "{\"Version\":\"2012-10-17\",\"Statement\":[{\"Sid\":\"ECSTasksAssumeRole\",\"Effect\":\"Allow\",\"Action\":\"sts:AssumeRole\",\"Principal\":{\"Service\":\"ecs-tasks.amazonaws.com\"},\"Condition\":{\"ArnLike\":{\"aws:SourceArn\":\"arn:aws:ecs:ap-southeast-1:058264383156:*\"},\"StringEquals\":{\"aws:SourceAccount\":\"058264383156\"}}}]}",
            "override_json": null,
            "override_policy_documents": null,
            "policy_id": null,
            "source_json": null,
            "source_policy_documents": null,
            "statement": [
              {
                "actions": [
                  "sts:AssumeRole"
                ],
                "condition": [
                  {
                    "test": "ArnLike",
                    "values": [
                      "arn:aws:ecs:ap-southeast-1:058264383156:*"
                    ],
                    "variable": "aws:SourceArn"
                  },
                  {
                    "test": "StringEquals",
                    "values": [
                      "058264383156"
                    ],
                    "variable": "aws:SourceAccount"
                  }
                ],
                "effect": "Allow",
                "not_actions": [],
                "not_principals": [],
                "not_resources": [],
                "principals": [
                  {
                    "identifiers": [
                      "ecs-tasks.amazonaws.com"
                    ],
                    "type": "Service"
                  }
                ],
                "resources": [],
                "sid": "ECSTasksAssumeRole"
              }
            ],
            "version": "2012-10-17"
          },
          "sensitive_attributes": []
        }
      ]
    },
    {
      "module": "module.ecs_service2",
      "mode": "data",
      "type": "aws_partition",
      "name": "current",
      "provider": "provider[\"registry.terraform.io/hashicorp/aws\"]",
      "instances": [
        {
          "index_key": 0,
          "schema_version": 0,
          "attributes": {
            "dns_suffix": "amazonaws.com",
            "id": "aws",
            "partition": "aws",
            "reverse_dns_prefix": "com.amazonaws"
          },
          "sensitive_attributes": []
        }
      ]
    },
    {
      "module": "module.ecs_service2",
      "mode": "data",
      "type": "aws_region",
      "name": "current",
      "provider": "provider[\"registry.terraform.io/hashicorp/aws\"]",
      "instances": [
        {
          "index_key": 0,
          "schema_version": 0,
          "attributes": {
            "description": "Asia Pacific (Singapore)",
            "endpoint": "ec2.ap-southeast-1.amazonaws.com",
            "id": "ap-southeast-1",
            "name": "ap-southeast-1",
            "region": "ap-southeast-1"
          },
          "sensitive_attributes": []
        }
      ]
    },
    {
      "module": "module.ecs_service2",
      "mode": "data",
      "type": "aws_subnet",
      "name": "this",
      "provider": "provider[\"registry.terraform.io/hashicorp/aws\"]",
      "instances": [
        {
          "index_key": 0,
          "schema_version": 0,
          "attributes": {
            "arn": "arn:aws:ec2:ap-southeast-1:058264383156:subnet/subnet-073889b70070f1241",
            "assign_ipv6_address_on_creation": false,
            "availability_zone": "ap-southeast-1a",
            "availability_zone_id": "apse1-az2",
            "available_ip_address_count": 4091,
            "cidr_block": "10.0.0.0/20",
            "customer_owned_ipv4_pool": "",
            "default_for_az": false,
            "enable_dns64": false,
            "enable_lni_at_device_index": 0,
            "enable_resource_name_dns_a_record_on_launch": false,
            "enable_resource_name_dns_aaaa_record_on_launch": false,
            "filter": null,
            "id": "subnet-073889b70070f1241",
            "ipv6_cidr_block": "",
            "ipv6_cidr_block_association_id": "",
            "ipv6_native": false,
            "map_customer_owned_ip_on_launch": false,
            "map_public_ip_on_launch": false,
            "outpost_arn": "",
            "owner_id": "058264383156",
            "private_dns_hostname_type_on_launch": "ip-name",
            "region": "ap-southeast-1",
            "state": "available",
            "tags": {
              "Name": "midecode-ionos",
              "environment": "poc",
              "owner": "midecode",
              "project": "ionos"
            },
            "timeouts": null,
            "vpc_id": "vpc-0609e6a41cf755597"
          },
          "sensitive_attributes": []
        }
      ]
    },
    {
      "module": "module.ecs_service2",
      "mode": "managed",
      "type": "aws_appautoscaling_policy",
      "name": "this",
      "provider": "provider[\"registry.terraform.io/hashicorp/aws\"]",
      "instances": [
        {
          "index_key": "cpu",
          "schema_version": 0,
          "attributes": {
            "alarm_arns": [
              "arn:aws:cloudwatch:ap-southeast-1:058264383156:alarm:TargetTracking-service/midecode-ionos/nginx2-AlarmHigh-327cb667-6af2-4dc6-8048-f819bbebf5bb",
              "arn:aws:cloudwatch:ap-southeast-1:058264383156:alarm:TargetTracking-service/midecode-ionos/nginx2-AlarmLow-fef041af-8cdf-4c13-824f-806236fa7d87"
            ],
            "arn": "arn:aws:autoscaling:ap-southeast-1:058264383156:scalingPolicy:75ad30fc-8949-446f-9e36-a2e41626186c:resource/ecs/service/midecode-ionos/nginx2:policyName/cpu",
            "id": "cpu",
            "name": "cpu",
            "policy_type": "TargetTrackingScaling",
            "region": "ap-southeast-1",
            "resource_id": "service/midecode-ionos/nginx2",
            "scalable_dimension": "ecs:service:DesiredCount",
            "service_namespace": "ecs",
            "step_scaling_policy_configuration": [],
            "target_tracking_scaling_policy_configuration": [
              {
                "customized_metric_specification": [],
                "disable_scale_in": false,
                "predefined_metric_specification": [
                  {
                    "predefined_metric_type": "ECSServiceAverageCPUUtilization",
                    "resource_label": ""
                  }
                ],
                "scale_in_cooldown": 300,
                "scale_out_cooldown": 60,
                "target_value": 75
              }
            ]
          },
          "sensitive_attributes": [],
          "private": "bnVsbA==",
          "dependencies": [
            "aws_service_discovery_http_namespace.this",
            "data.aws_availability_zones.available",
            "module.alb.aws_lambda_permission.this",
            "module.alb.aws_lb.this",
            "module.alb.aws_lb_listener.this",
            "module.alb.aws_lb_listener_certificate.this",
            "module.alb.aws_lb_listener_rule.this",
            "module.alb.aws_lb_target_group.this",
            "module.alb.aws_lb_target_group_attachment.additional",
            "module.alb.aws_lb_target_group_attachment.this",
            "module.alb.aws_route53_record.this",
            "module.alb.aws_security_group.this",
            "module.alb.aws_vpc_security_group_egress_rule.this",
            "module.alb.aws_vpc_security_group_ingress_rule.this",
            "module.alb.aws_wafv2_web_acl_association.this",
            "module.alb.data.aws_partition.current",
            "module.ecs_cluster.aws_cloudwatch_log_group.this",
            "module.ecs_cluster.aws_ecs_cluster.this",
            "module.ecs_service2.aws_appautoscaling_target.this",
            "module.ecs_service2.aws_ecs_service.ignore_task_definition",
            "module.ecs_service2.aws_ecs_service.this",
            "module.ecs_service2.aws_ecs_task_definition.this",
            "module.ecs_service2.aws_iam_policy.service",
            "module.ecs_service2.aws_iam_policy.task_exec",
            "module.ecs_service2.aws_iam_role.infrastructure_iam_role",
            "module.ecs_service2.aws_iam_role.service",
            "module.ecs_service2.aws_iam_role.task_exec",
            "module.ecs_service2.aws_iam_role.tasks",
            "module.ecs_service2.aws_iam_role_policy_attachment.infrastructure_iam_role_ebs_policy",
            "module.ecs_service2.aws_iam_role_policy_attachment.service",
            "module.ecs_service2.aws_iam_role_policy_attachment.task_exec",
            "module.ecs_service2.aws_iam_role_policy_attachment.task_exec_additional",
            "module.ecs_service2.aws_iam_role_policy_attachment.tasks",
            "module.ecs_service2.aws_security_group.this",
            "module.ecs_service2.data.aws_caller_identity.current",
            "module.ecs_service2.data.aws_iam_policy_document.infrastructure_iam_role",
            "module.ecs_service2.data.aws_iam_policy_document.service",
            "module.ecs_service2.data.aws_iam_policy_document.service_assume",
            "module.ecs_service2.data.aws_iam_policy_document.task_exec",
            "module.ecs_service2.data.aws_iam_policy_document.task_exec_assume",
            "module.ecs_service2.data.aws_iam_policy_document.tasks_assume",
            "module.ecs_service2.data.aws_partition.current",
            "module.ecs_service2.data.aws_region.current",
            "module.ecs_service2.data.aws_subnet.this",
            "module.ecs_service2.module.container_definition.aws_cloudwatch_log_group.this",
            "module.ecs_service2.module.container_definition.data.aws_region.current",
            "module.vpc.aws_subnet.private",
            "module.vpc.aws_subnet.public",
            "module.vpc.aws_vpc.this",
            "module.vpc.aws_vpc_ipv4_cidr_block_association.this"
          ]
        },
        {
          "index_key": "memory",
          "schema_version": 0,
          "attributes": {
            "alarm_arns": [
              "arn:aws:cloudwatch:ap-southeast-1:058264383156:alarm:TargetTracking-service/midecode-ionos/nginx2-AlarmHigh-644d602f-dd15-4a33-86a4-5b00e7d1120a",
              "arn:aws:cloudwatch:ap-southeast-1:058264383156:alarm:TargetTracking-service/midecode-ionos/nginx2-AlarmLow-40cb2ba5-0a23-44fe-adce-d69bff0a0410"
            ],
            "arn": "arn:aws:autoscaling:ap-southeast-1:058264383156:scalingPolicy:75ad30fc-8949-446f-9e36-a2e41626186c:resource/ecs/service/midecode-ionos/nginx2:policyName/memory",
            "id": "memory",
            "name": "memory",
            "policy_type": "TargetTrackingScaling",
            "region": "ap-southeast-1",
            "resource_id": "service/midecode-ionos/nginx2",
            "scalable_dimension": "ecs:service:DesiredCount",
            "service_namespace": "ecs",
            "step_scaling_policy_configuration": [],
            "target_tracking_scaling_policy_configuration": [
              {
                "customized_metric_specification": [],
                "disable_scale_in": false,
                "predefined_metric_specification": [
                  {
                    "predefined_metric_type": "ECSServiceAverageMemoryUtilization",
                    "resource_label": ""
                  }
                ],
                "scale_in_cooldown": 300,
                "scale_out_cooldown": 60,
                "target_value": 75
              }
            ]
          },
          "sensitive_attributes": [],
          "private": "bnVsbA==",
          "dependencies": [
            "aws_service_discovery_http_namespace.this",
            "data.aws_availability_zones.available",
            "module.alb.aws_lambda_permission.this",
            "module.alb.aws_lb.this",
            "module.alb.aws_lb_listener.this",
            "module.alb.aws_lb_listener_certificate.this",
            "module.alb.aws_lb_listener_rule.this",
            "module.alb.aws_lb_target_group.this",
            "module.alb.aws_lb_target_group_attachment.additional",
            "module.alb.aws_lb_target_group_attachment.this",
            "module.alb.aws_route53_record.this",
            "module.alb.aws_security_group.this",
            "module.alb.aws_vpc_security_group_egress_rule.this",
            "module.alb.aws_vpc_security_group_ingress_rule.this",
            "module.alb.aws_wafv2_web_acl_association.this",
            "module.alb.data.aws_partition.current",
            "module.ecs_cluster.aws_cloudwatch_log_group.this",
            "module.ecs_cluster.aws_ecs_cluster.this",
            "module.ecs_service2.aws_appautoscaling_target.this",
            "module.ecs_service2.aws_ecs_service.ignore_task_definition",
            "module.ecs_service2.aws_ecs_service.this",
            "module.ecs_service2.aws_ecs_task_definition.this",
            "module.ecs_service2.aws_iam_policy.service",
            "module.ecs_service2.aws_iam_policy.task_exec",
            "module.ecs_service2.aws_iam_role.infrastructure_iam_role",
            "module.ecs_service2.aws_iam_role.service",
            "module.ecs_service2.aws_iam_role.task_exec",
            "module.ecs_service2.aws_iam_role.tasks",
            "module.ecs_service2.aws_iam_role_policy_attachment.infrastructure_iam_role_ebs_policy",
            "module.ecs_service2.aws_iam_role_policy_attachment.service",
            "module.ecs_service2.aws_iam_role_policy_attachment.task_exec",
            "module.ecs_service2.aws_iam_role_policy_attachment.task_exec_additional",
            "module.ecs_service2.aws_iam_role_policy_attachment.tasks",
            "module.ecs_service2.aws_security_group.this",
            "module.ecs_service2.data.aws_caller_identity.current",
            "module.ecs_service2.data.aws_iam_policy_document.infrastructure_iam_role",
            "module.ecs_service2.data.aws_iam_policy_document.service",
            "module.ecs_service2.data.aws_iam_policy_document.service_assume",
            "module.ecs_service2.data.aws_iam_policy_document.task_exec",
            "module.ecs_service2.data.aws_iam_policy_document.task_exec_assume",
            "module.ecs_service2.data.aws_iam_policy_document.tasks_assume",
            "module.ecs_service2.data.aws_partition.current",
            "module.ecs_service2.data.aws_region.current",
            "module.ecs_service2.data.aws_subnet.this",
            "module.ecs_service2.module.container_definition.aws_cloudwatch_log_group.this",
            "module.ecs_service2.module.container_definition.data.aws_region.current",
            "module.vpc.aws_subnet.private",
            "module.vpc.aws_subnet.public",
            "module.vpc.aws_vpc.this",
            "module.vpc.aws_vpc_ipv4_cidr_block_association.this"
          ]
        }
      ]
    },
    {
      "module": "module.ecs_service2",
      "mode": "managed",
      "type": "aws_appautoscaling_target",
      "name": "this",
      "provider": "provider[\"registry.terraform.io/hashicorp/aws\"]",
      "instances": [
        {
          "index_key": 0,
          "schema_version": 0,
          "attributes": {
            "arn": "arn:aws:application-autoscaling:ap-southeast-1:058264383156:scalable-target/0ec575ad30fc8949446f9e36a2e41626186c",
            "id": "service/midecode-ionos/nginx2",
            "max_capacity": 10,
            "min_capacity": 1,
            "region": "ap-southeast-1",
            "resource_id": "service/midecode-ionos/nginx2",
            "role_arn": "arn:aws:iam::058264383156:role/aws-service-role/ecs.application-autoscaling.amazonaws.com/AWSServiceRoleForApplicationAutoScaling_ECSService",
            "scalable_dimension": "ecs:service:DesiredCount",
            "service_namespace": "ecs",
            "suspended_state": [
              {
                "dynamic_scaling_in_suspended": false,
                "dynamic_scaling_out_suspended": false,
                "scheduled_scaling_suspended": false
              }
            ],
            "tags": {
              "Name": "nginx2",
              "environment": "poc",
              "owner": "midecode",
              "project": "ionos"
            },
            "tags_all": {
              "Name": "nginx2",
              "environment": "poc",
              "owner": "midecode",
              "project": "ionos"
            }
          },
          "sensitive_attributes": [],
          "private": "bnVsbA==",
          "dependencies": [
            "aws_service_discovery_http_namespace.this",
            "data.aws_availability_zones.available",
            "module.alb.aws_lambda_permission.this",
            "module.alb.aws_lb.this",
            "module.alb.aws_lb_listener.this",
            "module.alb.aws_lb_listener_certificate.this",
            "module.alb.aws_lb_listener_rule.this",
            "module.alb.aws_lb_target_group.this",
            "module.alb.aws_lb_target_group_attachment.additional",
            "module.alb.aws_lb_target_group_attachment.this",
            "module.alb.aws_route53_record.this",
            "module.alb.aws_security_group.this",
            "module.alb.aws_vpc_security_group_egress_rule.this",
            "module.alb.aws_vpc_security_group_ingress_rule.this",
            "module.alb.aws_wafv2_web_acl_association.this",
            "module.alb.data.aws_partition.current",
            "module.ecs_cluster.aws_cloudwatch_log_group.this",
            "module.ecs_cluster.aws_ecs_cluster.this",
            "module.ecs_service2.aws_ecs_service.ignore_task_definition",
            "module.ecs_service2.aws_ecs_service.this",
            "module.ecs_service2.aws_ecs_task_definition.this",
            "module.ecs_service2.aws_iam_policy.service",
            "module.ecs_service2.aws_iam_policy.task_exec",
            "module.ecs_service2.aws_iam_role.infrastructure_iam_role",
            "module.ecs_service2.aws_iam_role.service",
            "module.ecs_service2.aws_iam_role.task_exec",
            "module.ecs_service2.aws_iam_role.tasks",
            "module.ecs_service2.aws_iam_role_policy_attachment.infrastructure_iam_role_ebs_policy",
            "module.ecs_service2.aws_iam_role_policy_attachment.service",
            "module.ecs_service2.aws_iam_role_policy_attachment.task_exec",
            "module.ecs_service2.aws_iam_role_policy_attachment.task_exec_additional",
            "module.ecs_service2.aws_iam_role_policy_attachment.tasks",
            "module.ecs_service2.aws_security_group.this",
            "module.ecs_service2.data.aws_caller_identity.current",
            "module.ecs_service2.data.aws_iam_policy_document.infrastructure_iam_role",
            "module.ecs_service2.data.aws_iam_policy_document.service",
            "module.ecs_service2.data.aws_iam_policy_document.service_assume",
            "module.ecs_service2.data.aws_iam_policy_document.task_exec",
            "module.ecs_service2.data.aws_iam_policy_document.task_exec_assume",
            "module.ecs_service2.data.aws_iam_policy_document.tasks_assume",
            "module.ecs_service2.data.aws_partition.current",
            "module.ecs_service2.data.aws_region.current",
            "module.ecs_service2.data.aws_subnet.this",
            "module.ecs_service2.module.container_definition.aws_cloudwatch_log_group.this",
            "module.ecs_service2.module.container_definition.data.aws_region.current",
            "module.vpc.aws_subnet.private",
            "module.vpc.aws_subnet.public",
            "module.vpc.aws_vpc.this",
            "module.vpc.aws_vpc_ipv4_cidr_block_association.this"
          ]
        }
      ]
    },
    {
      "module": "module.ecs_service2",
      "mode": "managed",
      "type": "aws_ecs_service",
      "name": "this",
      "provider": "provider[\"registry.terraform.io/hashicorp/aws\"]",
      "instances": [
        {
          "index_key": 0,
          "schema_version": 1,
          "attributes": {
            "alarms": [],
            "arn": "arn:aws:ecs:ap-southeast-1:058264383156:service/midecode-ionos/nginx2",
            "availability_zone_rebalancing": "DISABLED",
            "capacity_provider_strategy": [],
            "cluster": "arn:aws:ecs:ap-southeast-1:058264383156:cluster/midecode-ionos",
            "deployment_circuit_breaker": [
              {
                "enable": false,
                "rollback": false
              }
            ],
            "deployment_configuration": [],
            "deployment_controller": [
              {
                "type": "ECS"
              }
            ],
            "deployment_maximum_percent": 200,
            "deployment_minimum_healthy_percent": 66,
            "desired_count": 1,
            "enable_ecs_managed_tags": true,
            "enable_execute_command": true,
            "force_delete": null,
            "force_new_deployment": true,
            "health_check_grace_period_seconds": 0,
            "iam_role": "/aws-service-role/ecs.amazonaws.com/AWSServiceRoleForECS",
            "id": "arn:aws:ecs:ap-southeast-1:058264383156:service/midecode-ionos/nginx2",
            "launch_type": "FARGATE",
            "load_balancer": [
              {
                "advanced_configuration": [],
                "container_name": "nginx",
                "container_port": 80,
                "elb_name": "",
                "target_group_arn": "arn:aws:elasticloadbalancing:ap-southeast-1:058264383156:targetgroup/tf-20250726033800211300000003/5efe4731a9a4bcdd"
              }
            ],
            "name": "nginx2",
            "network_configuration": [
              {
                "assign_public_ip": false,
                "security_groups": [
                  "sg-0a9632aa94ac3085f"
                ],
                "subnets": [
                  "subnet-00b6ce4e6067ad08e",
                  "subnet-025ae46b72b6ed15e",
                  "subnet-073889b70070f1241"
                ]
              }
            ],
            "ordered_placement_strategy": [],
            "placement_constraints": [],
            "platform_version": "LATEST",
            "propagate_tags": "NONE",
            "region": "ap-southeast-1",
            "scheduling_strategy": "REPLICA",
            "service_connect_configuration": [
              {
                "enabled": true,
                "log_configuration": [],
                "namespace": "arn:aws:servicediscovery:ap-southeast-1:058264383156:namespace/ns-a5gieephymd3vaqr",
                "service": [
                  {
                    "client_alias": [
                      {
                        "dns_name": "nginx2",
                        "port": 80,
                        "test_traffic_rules": []
                      }
                    ],
                    "discovery_name": "nginx2",
                    "ingress_port_override": 0,
                    "port_name": "nginx",
                    "timeout": [],
                    "tls": []
                  }
                ]
              }
            ],
            "service_registries": [],
            "tags": {
              "Name": "nginx2",
              "environment": "poc",
              "owner": "midecode",
              "project": "ionos"
            },
            "tags_all": {
              "Name": "nginx2",
              "environment": "poc",
              "owner": "midecode",
              "project": "ionos"
            },
            "task_definition": "arn:aws:ecs:ap-southeast-1:058264383156:task-definition/nginx2:12",
            "timeouts": null,
            "triggers": {},
            "volume_configuration": [],
            "vpc_lattice_configurations": [],
            "wait_for_steady_state": false
          },
          "sensitive_attributes": [],
          "private": "eyJlMmJmYjczMC1lY2FhLTExZTYtOGY4OC0zNDM2M2JjN2M0YzAiOnsiY3JlYXRlIjoxMjAwMDAwMDAwMDAwLCJkZWxldGUiOjEyMDAwMDAwMDAwMDAsInVwZGF0ZSI6MTIwMDAwMDAwMDAwMH0sInNjaGVtYV92ZXJzaW9uIjoiMSJ9",
          "dependencies": [
            "aws_service_discovery_http_namespace.this",
            "data.aws_availability_zones.available",
            "module.alb.aws_lambda_permission.this",
            "module.alb.aws_lb.this",
            "module.alb.aws_lb_listener.this",
            "module.alb.aws_lb_listener_certificate.this",
            "module.alb.aws_lb_listener_rule.this",
            "module.alb.aws_lb_target_group.this",
            "module.alb.aws_lb_target_group_attachment.additional",
            "module.alb.aws_lb_target_group_attachment.this",
            "module.alb.aws_route53_record.this",
            "module.alb.aws_security_group.this",
            "module.alb.aws_vpc_security_group_egress_rule.this",
            "module.alb.aws_vpc_security_group_ingress_rule.this",
            "module.alb.aws_wafv2_web_acl_association.this",
            "module.alb.data.aws_partition.current",
            "module.ecs_cluster.aws_cloudwatch_log_group.this",
            "module.ecs_cluster.aws_ecs_cluster.this",
            "module.ecs_service2.aws_ecs_task_definition.this",
            "module.ecs_service2.aws_iam_policy.service",
            "module.ecs_service2.aws_iam_policy.task_exec",
            "module.ecs_service2.aws_iam_role.infrastructure_iam_role",
            "module.ecs_service2.aws_iam_role.service",
            "module.ecs_service2.aws_iam_role.task_exec",
            "module.ecs_service2.aws_iam_role.tasks",
            "module.ecs_service2.aws_iam_role_policy_attachment.infrastructure_iam_role_ebs_policy",
            "module.ecs_service2.aws_iam_role_policy_attachment.service",
            "module.ecs_service2.aws_iam_role_policy_attachment.task_exec",
            "module.ecs_service2.aws_iam_role_policy_attachment.task_exec_additional",
            "module.ecs_service2.aws_iam_role_policy_attachment.tasks",
            "module.ecs_service2.aws_security_group.this",
            "module.ecs_service2.data.aws_caller_identity.current",
            "module.ecs_service2.data.aws_iam_policy_document.infrastructure_iam_role",
            "module.ecs_service2.data.aws_iam_policy_document.service",
            "module.ecs_service2.data.aws_iam_policy_document.service_assume",
            "module.ecs_service2.data.aws_iam_policy_document.task_exec",
            "module.ecs_service2.data.aws_iam_policy_document.task_exec_assume",
            "module.ecs_service2.data.aws_iam_policy_document.tasks_assume",
            "module.ecs_service2.data.aws_partition.current",
            "module.ecs_service2.data.aws_region.current",
            "module.ecs_service2.data.aws_subnet.this",
            "module.ecs_service2.module.container_definition.aws_cloudwatch_log_group.this",
            "module.ecs_service2.module.container_definition.data.aws_region.current",
            "module.vpc.aws_subnet.private",
            "module.vpc.aws_subnet.public",
            "module.vpc.aws_vpc.this",
            "module.vpc.aws_vpc_ipv4_cidr_block_association.this"
          ]
        }
      ]
    },
    {
      "module": "module.ecs_service2",
      "mode": "managed",
      "type": "aws_ecs_task_definition",
      "name": "this",
      "provider": "provider[\"registry.terraform.io/hashicorp/aws\"]",
      "instances": [
        {
          "index_key": 0,
          "schema_version": 1,
          "attributes": {
            "arn": "arn:aws:ecs:ap-southeast-1:058264383156:task-definition/nginx2:12",
            "arn_without_revision": "arn:aws:ecs:ap-southeast-1:058264383156:task-definition/nginx2",
            "container_definitions": "[{\"command\":[\"sh\",\"-c\",\"echo '\u003ch1\u003eHello from nginx2\u003c/h1\u003e' \u003e /usr/share/nginx/html/index.html \u0026\u0026 exec nginx -g 'daemon off;'\"],\"cpu\":512,\"environment\":[],\"essential\":true,\"image\":\"nginx:latest\",\"interactive\":false,\"linuxParameters\":{\"initProcessEnabled\":false},\"logConfiguration\":{\"logDriver\":\"awslogs\",\"options\":{\"awslogs-stream-prefix\":\"ecs\",\"awslogs-group\":\"/aws/ecs/nginx2/nginx\",\"awslogs-region\":\"ap-southeast-1\"}},\"memory\":1024,\"memoryReservation\":100,\"mountPoints\":[],\"name\":\"nginx\",\"portMappings\":[{\"containerPort\":80,\"hostPort\":80,\"name\":\"nginx\",\"protocol\":\"tcp\"}],\"privileged\":false,\"pseudoTerminal\":false,\"readonlyRootFilesystem\":false,\"restartPolicy\":{\"enabled\":true,\"ignoredExitCodes\":[]},\"startTimeout\":30,\"stopTimeout\":120,\"systemControls\":[],\"versionConsistency\":\"disabled\",\"volumesFrom\":[]}]",
            "cpu": "1024",
            "enable_fault_injection": false,
            "ephemeral_storage": [],
            "execution_role_arn": "arn:aws:iam::058264383156:role/nginx2-ecs-task-exec-role-20250726040359638400000002",
            "family": "nginx2",
            "id": "nginx2",
            "ipc_mode": "",
            "memory": "4096",
            "network_mode": "awsvpc",
            "pid_mode": "",
            "placement_constraints": [],
            "proxy_configuration": [],
            "region": "ap-southeast-1",
            "requires_compatibilities": [
              "FARGATE"
            ],
            "revision": 12,
            "runtime_platform": [
              {
                "cpu_architecture": "X86_64",
                "operating_system_family": "LINUX"
              }
            ],
            "skip_destroy": false,
            "tags": {
              "Name": "nginx2",
              "environment": "poc",
              "owner": "midecode",
              "project": "ionos"
            },
            "tags_all": {
              "Name": "nginx2",
              "environment": "poc",
              "owner": "midecode",
              "project": "ionos"
            },
            "task_role_arn": "arn:aws:iam::058264383156:role/nginx2-ecs-task-role-20250726040400742500000003",
            "track_latest": true,
            "volume": []
          },
          "sensitive_attributes": [],
          "private": "eyJzY2hlbWFfdmVyc2lvbiI6IjEifQ==",
          "dependencies": [
            "data.aws_availability_zones.available",
            "module.alb.aws_lambda_permission.this",
            "module.alb.aws_lb.this",
            "module.alb.aws_lb_listener.this",
            "module.alb.aws_lb_listener_certificate.this",
            "module.alb.aws_lb_listener_rule.this",
            "module.alb.aws_lb_target_group.this",
            "module.alb.aws_lb_target_group_attachment.additional",
            "module.alb.aws_lb_target_group_attachment.this",
            "module.alb.aws_route53_record.this",
            "module.alb.aws_security_group.this",
            "module.alb.aws_vpc_security_group_egress_rule.this",
            "module.alb.aws_vpc_security_group_ingress_rule.this",
            "module.alb.aws_wafv2_web_acl_association.this",
            "module.alb.data.aws_partition.current",
            "module.ecs_service2.aws_iam_policy.task_exec",
            "module.ecs_service2.aws_iam_role.task_exec",
            "module.ecs_service2.aws_iam_role.tasks",
            "module.ecs_service2.aws_iam_role_policy_attachment.task_exec",
            "module.ecs_service2.aws_iam_role_policy_attachment.task_exec_additional",
            "module.ecs_service2.aws_iam_role_policy_attachment.tasks",
            "module.ecs_service2.data.aws_caller_identity.current",
            "module.ecs_service2.data.aws_iam_policy_document.task_exec",
            "module.ecs_service2.data.aws_iam_policy_document.task_exec_assume",
            "module.ecs_service2.data.aws_iam_policy_document.tasks_assume",
            "module.ecs_service2.data.aws_partition.current",
            "module.ecs_service2.data.aws_region.current",
            "module.ecs_service2.module.container_definition.aws_cloudwatch_log_group.this",
            "module.ecs_service2.module.container_definition.data.aws_region.current",
            "module.vpc.aws_subnet.public",
            "module.vpc.aws_vpc.this",
            "module.vpc.aws_vpc_ipv4_cidr_block_association.this"
          ],
          "create_before_destroy": true
        }
      ]
    },
    {
      "module": "module.ecs_service2",
      "mode": "managed",
      "type": "aws_iam_policy",
      "name": "task_exec",
      "provider": "provider[\"registry.terraform.io/hashicorp/aws\"]",
      "instances": [
        {
          "index_key": 0,
          "schema_version": 0,
          "attributes": {
            "arn": "arn:aws:iam::058264383156:policy/nginx2-ecs-task-exec-role-20250726040359637400000001",
            "attachment_count": 1,
            "description": "Task execution role IAM policy",
            "id": "arn:aws:iam::058264383156:policy/nginx2-ecs-task-exec-role-20250726040359637400000001",
            "name": "nginx2-ecs-task-exec-role-20250726040359637400000001",
            "name_prefix": "nginx2-ecs-task-exec-role-",
            "path": "/",
            "policy": "{\"Statement\":[{\"Action\":[\"logs:PutLogEvents\",\"logs:CreateLogStream\"],\"Effect\":\"Allow\",\"Resource\":\"*\",\"Sid\":\"Logs\"},{\"Action\":[\"ecr:GetDownloadUrlForLayer\",\"ecr:GetAuthorizationToken\",\"ecr:BatchGetImage\",\"ecr:BatchCheckLayerAvailability\"],\"Effect\":\"Allow\",\"Resource\":\"*\",\"Sid\":\"ECR\"}],\"Version\":\"2012-10-17\"}",
            "policy_id": "ANPAQ3EGT522KT4ZWYVR5",
            "tags": {
              "Name": "nginx2",
              "environment": "poc",
              "owner": "midecode",
              "project": "ionos"
            },
            "tags_all": {
              "Name": "nginx2",
              "environment": "poc",
              "owner": "midecode",
              "project": "ionos"
            }
          },
          "sensitive_attributes": [],
          "private": "bnVsbA==",
          "dependencies": [
            "data.aws_availability_zones.available",
            "module.alb.aws_lambda_permission.this",
            "module.alb.aws_lb.this",
            "module.alb.aws_lb_listener.this",
            "module.alb.aws_lb_listener_certificate.this",
            "module.alb.aws_lb_listener_rule.this",
            "module.alb.aws_lb_target_group.this",
            "module.alb.aws_lb_target_group_attachment.additional",
            "module.alb.aws_lb_target_group_attachment.this",
            "module.alb.aws_route53_record.this",
            "module.alb.aws_security_group.this",
            "module.alb.aws_vpc_security_group_egress_rule.this",
            "module.alb.aws_vpc_security_group_ingress_rule.this",
            "module.alb.aws_wafv2_web_acl_association.this",
            "module.alb.data.aws_partition.current",
            "module.ecs_service2.data.aws_iam_policy_document.task_exec",
            "module.vpc.aws_subnet.public",
            "module.vpc.aws_vpc.this",
            "module.vpc.aws_vpc_ipv4_cidr_block_association.this"
          ],
          "create_before_destroy": true
        }
      ]
    },
    {
      "module": "module.ecs_service2",
      "mode": "managed",
      "type": "aws_iam_policy",
      "name": "tasks",
      "provider": "provider[\"registry.terraform.io/hashicorp/aws\"]",
      "instances": [
        {
          "index_key": 0,
          "schema_version": 0,
          "attributes": {
            "arn": "arn:aws:iam::058264383156:policy/nginx2-ecs-task-role-20250726040401545000000004",
            "attachment_count": 1,
            "description": "Task role IAM policy",
            "id": "arn:aws:iam::058264383156:policy/nginx2-ecs-task-role-20250726040401545000000004",
            "name": "nginx2-ecs-task-role-20250726040401545000000004",
            "name_prefix": "nginx2-ecs-task-role-",
            "path": "/",
            "policy": "{\"Statement\":[{\"Action\":[\"ssmmessages:OpenDataChannel\",\"ssmmessages:OpenControlChannel\",\"ssmmessages:CreateDataChannel\",\"ssmmessages:CreateControlChannel\"],\"Effect\":\"Allow\",\"Resource\":\"*\",\"Sid\":\"ECSExec\"},{\"Action\":\"s3:List*\",\"Effect\":\"Allow\",\"Resource\":\"arn:aws:s3:::*\"}],\"Version\":\"2012-10-17\"}",
            "policy_id": "ANPAQ3EGT522CEXWY3XBD",
            "tags": {
              "Name": "nginx2",
              "environment": "poc",
              "owner": "midecode",
              "project": "ionos"
            },
            "tags_all": {
              "Name": "nginx2",
              "environment": "poc",
              "owner": "midecode",
              "project": "ionos"
            }
          },
          "sensitive_attributes": [],
          "private": "bnVsbA==",
          "dependencies": [
            "data.aws_availability_zones.available",
            "module.alb.aws_lambda_permission.this",
            "module.alb.aws_lb.this",
            "module.alb.aws_lb_listener.this",
            "module.alb.aws_lb_listener_certificate.this",
            "module.alb.aws_lb_listener_rule.this",
            "module.alb.aws_lb_target_group.this",
            "module.alb.aws_lb_target_group_attachment.additional",
            "module.alb.aws_lb_target_group_attachment.this",
            "module.alb.aws_route53_record.this",
            "module.alb.aws_security_group.this",
            "module.alb.aws_vpc_security_group_egress_rule.this",
            "module.alb.aws_vpc_security_group_ingress_rule.this",
            "module.alb.aws_wafv2_web_acl_association.this",
            "module.alb.data.aws_partition.current",
            "module.ecs_service2.data.aws_iam_policy_document.tasks",
            "module.vpc.aws_subnet.public",
            "module.vpc.aws_vpc.this",
            "module.vpc.aws_vpc_ipv4_cidr_block_association.this"
          ]
        }
      ]
    },
    {
      "module": "module.ecs_service2",
      "mode": "managed",
      "type": "aws_iam_role",
      "name": "task_exec",
      "provider": "provider[\"registry.terraform.io/hashicorp/aws\"]",
      "instances": [
        {
          "index_key": 0,
          "schema_version": 0,
          "attributes": {
            "arn": "arn:aws:iam::058264383156:role/nginx2-ecs-task-exec-role-20250726040359638400000002",
            "assume_role_policy": "{\"Statement\":[{\"Action\":\"sts:AssumeRole\",\"Effect\":\"Allow\",\"Principal\":{\"Service\":\"ecs-tasks.amazonaws.com\"},\"Sid\":\"ECSTaskExecutionAssumeRole\"}],\"Version\":\"2012-10-17\"}",
            "create_date": "2025-07-26T04:04:00Z",
            "description": "Task execution role for nginx2-ecs-task-exec-role",
            "force_detach_policies": true,
            "id": "nginx2-ecs-task-exec-role-20250726040359638400000002",
            "inline_policy": [],
            "managed_policy_arns": [
              "arn:aws:iam::058264383156:policy/nginx2-ecs-task-exec-role-20250726040359637400000001"
            ],
            "max_session_duration": 3600,
            "name": "nginx2-ecs-task-exec-role-20250726040359638400000002",
            "name_prefix": "nginx2-ecs-task-exec-role-",
            "path": "/",
            "permissions_boundary": "",
            "tags": {
              "Name": "nginx2",
              "environment": "poc",
              "owner": "midecode",
              "project": "ionos"
            },
            "tags_all": {
              "Name": "nginx2",
              "environment": "poc",
              "owner": "midecode",
              "project": "ionos"
            },
            "unique_id": "AROAQ3EGT522MODS53RCS"
          },
          "sensitive_attributes": [],
          "private": "bnVsbA==",
          "dependencies": [
            "data.aws_availability_zones.available",
            "module.alb.aws_lambda_permission.this",
            "module.alb.aws_lb.this",
            "module.alb.aws_lb_listener.this",
            "module.alb.aws_lb_listener_certificate.this",
            "module.alb.aws_lb_listener_rule.this",
            "module.alb.aws_lb_target_group.this",
            "module.alb.aws_lb_target_group_attachment.additional",
            "module.alb.aws_lb_target_group_attachment.this",
            "module.alb.aws_route53_record.this",
            "module.alb.aws_security_group.this",
            "module.alb.aws_vpc_security_group_egress_rule.this",
            "module.alb.aws_vpc_security_group_ingress_rule.this",
            "module.alb.aws_wafv2_web_acl_association.this",
            "module.alb.data.aws_partition.current",
            "module.ecs_service2.data.aws_iam_policy_document.task_exec_assume",
            "module.vpc.aws_subnet.public",
            "module.vpc.aws_vpc.this",
            "module.vpc.aws_vpc_ipv4_cidr_block_association.this"
          ],
          "create_before_destroy": true
        }
      ]
    },
    {
      "module": "module.ecs_service2",
      "mode": "managed",
      "type": "aws_iam_role",
      "name": "tasks",
      "provider": "provider[\"registry.terraform.io/hashicorp/aws\"]",
      "instances": [
        {
          "index_key": 0,
          "schema_version": 0,
          "attributes": {
            "arn": "arn:aws:iam::058264383156:role/nginx2-ecs-task-role-20250726040400742500000003",
            "assume_role_policy": "{\"Statement\":[{\"Action\":\"sts:AssumeRole\",\"Condition\":{\"ArnLike\":{\"aws:SourceArn\":\"arn:aws:ecs:ap-southeast-1:058264383156:*\"},\"StringEquals\":{\"aws:SourceAccount\":\"058264383156\"}},\"Effect\":\"Allow\",\"Principal\":{\"Service\":\"ecs-tasks.amazonaws.com\"},\"Sid\":\"ECSTasksAssumeRole\"}],\"Version\":\"2012-10-17\"}",
            "create_date": "2025-07-26T04:04:01Z",
            "description": "",
            "force_detach_policies": true,
            "id": "nginx2-ecs-task-role-20250726040400742500000003",
            "inline_policy": [],
            "managed_policy_arns": [
              "arn:aws:iam::058264383156:policy/nginx2-ecs-task-role-20250726040401545000000004",
              "arn:aws:iam::aws:policy/AmazonSSMManagedInstanceCore",
              "arn:aws:iam::aws:policy/ReadOnlyAccess"
            ],
            "max_session_duration": 3600,
            "name": "nginx2-ecs-task-role-20250726040400742500000003",
            "name_prefix": "nginx2-ecs-task-role-",
            "path": "/",
            "permissions_boundary": "",
            "tags": {
              "Name": "nginx2",
              "environment": "poc",
              "owner": "midecode",
              "project": "ionos"
            },
            "tags_all": {
              "Name": "nginx2",
              "environment": "poc",
              "owner": "midecode",
              "project": "ionos"
            },
            "unique_id": "AROAQ3EGT522JZYAZ3RDZ"
          },
          "sensitive_attributes": [],
          "private": "bnVsbA==",
          "dependencies": [
            "data.aws_availability_zones.available",
            "module.alb.aws_lambda_permission.this",
            "module.alb.aws_lb.this",
            "module.alb.aws_lb_listener.this",
            "module.alb.aws_lb_listener_certificate.this",
            "module.alb.aws_lb_listener_rule.this",
            "module.alb.aws_lb_target_group.this",
            "module.alb.aws_lb_target_group_attachment.additional",
            "module.alb.aws_lb_target_group_attachment.this",
            "module.alb.aws_route53_record.this",
            "module.alb.aws_security_group.this",
            "module.alb.aws_vpc_security_group_egress_rule.this",
            "module.alb.aws_vpc_security_group_ingress_rule.this",
            "module.alb.aws_wafv2_web_acl_association.this",
            "module.alb.data.aws_partition.current",
            "module.ecs_service2.data.aws_caller_identity.current",
            "module.ecs_service2.data.aws_iam_policy_document.tasks_assume",
            "module.ecs_service2.data.aws_partition.current",
            "module.ecs_service2.data.aws_region.current",
            "module.vpc.aws_subnet.public",
            "module.vpc.aws_vpc.this",
            "module.vpc.aws_vpc_ipv4_cidr_block_association.this"
          ],
          "create_before_destroy": true
        }
      ]
    },
    {
      "module": "module.ecs_service2",
      "mode": "managed",
      "type": "aws_iam_role_policy_attachment",
      "name": "task_exec",
      "provider": "provider[\"registry.terraform.io/hashicorp/aws\"]",
      "instances": [
        {
          "index_key": 0,
          "schema_version": 0,
          "attributes": {
            "id": "nginx2-ecs-task-exec-role-20250726040359638400000002/arn:aws:iam::058264383156:policy/nginx2-ecs-task-exec-role-20250726040359637400000001",
            "policy_arn": "arn:aws:iam::058264383156:policy/nginx2-ecs-task-exec-role-20250726040359637400000001",
            "role": "nginx2-ecs-task-exec-role-20250726040359638400000002"
          },
          "sensitive_attributes": [],
          "private": "bnVsbA==",
          "dependencies": [
            "data.aws_availability_zones.available",
            "module.alb.aws_lambda_permission.this",
            "module.alb.aws_lb.this",
            "module.alb.aws_lb_listener.this",
            "module.alb.aws_lb_listener_certificate.this",
            "module.alb.aws_lb_listener_rule.this",
            "module.alb.aws_lb_target_group.this",
            "module.alb.aws_lb_target_group_attachment.additional",
            "module.alb.aws_lb_target_group_attachment.this",
            "module.alb.aws_route53_record.this",
            "module.alb.aws_security_group.this",
            "module.alb.aws_vpc_security_group_egress_rule.this",
            "module.alb.aws_vpc_security_group_ingress_rule.this",
            "module.alb.aws_wafv2_web_acl_association.this",
            "module.alb.data.aws_partition.current",
            "module.ecs_service2.aws_iam_policy.task_exec",
            "module.ecs_service2.aws_iam_role.task_exec",
            "module.ecs_service2.data.aws_iam_policy_document.task_exec",
            "module.ecs_service2.data.aws_iam_policy_document.task_exec_assume",
            "module.vpc.aws_subnet.public",
            "module.vpc.aws_vpc.this",
            "module.vpc.aws_vpc_ipv4_cidr_block_association.this"
          ],
          "create_before_destroy": true
        }
      ]
    },
    {
      "module": "module.ecs_service2",
      "mode": "managed",
      "type": "aws_iam_role_policy_attachment",
      "name": "tasks",
      "provider": "provider[\"registry.terraform.io/hashicorp/aws\"]",
      "instances": [
        {
          "index_key": "ReadOnlyAccess",
          "schema_version": 0,
          "attributes": {
            "id": "nginx2-ecs-task-role-20250726040400742500000003/arn:aws:iam::aws:policy/ReadOnlyAccess",
            "policy_arn": "arn:aws:iam::aws:policy/ReadOnlyAccess",
            "role": "nginx2-ecs-task-role-20250726040400742500000003"
          },
          "sensitive_attributes": [],
          "private": "bnVsbA==",
          "dependencies": [
            "data.aws_availability_zones.available",
            "module.alb.aws_lambda_permission.this",
            "module.alb.aws_lb.this",
            "module.alb.aws_lb_listener.this",
            "module.alb.aws_lb_listener_certificate.this",
            "module.alb.aws_lb_listener_rule.this",
            "module.alb.aws_lb_target_group.this",
            "module.alb.aws_lb_target_group_attachment.additional",
            "module.alb.aws_lb_target_group_attachment.this",
            "module.alb.aws_route53_record.this",
            "module.alb.aws_security_group.this",
            "module.alb.aws_vpc_security_group_egress_rule.this",
            "module.alb.aws_vpc_security_group_ingress_rule.this",
            "module.alb.aws_wafv2_web_acl_association.this",
            "module.alb.data.aws_partition.current",
            "module.ecs_service2.aws_iam_role.tasks",
            "module.ecs_service2.data.aws_caller_identity.current",
            "module.ecs_service2.data.aws_iam_policy_document.tasks_assume",
            "module.ecs_service2.data.aws_partition.current",
            "module.ecs_service2.data.aws_region.current",
            "module.vpc.aws_subnet.public",
            "module.vpc.aws_vpc.this",
            "module.vpc.aws_vpc_ipv4_cidr_block_association.this"
          ],
          "create_before_destroy": true
        },
        {
          "index_key": "SSMManageInstanceCore",
          "schema_version": 0,
          "attributes": {
            "id": "nginx2-ecs-task-role-20250726040400742500000003/arn:aws:iam::aws:policy/AmazonSSMManagedInstanceCore",
            "policy_arn": "arn:aws:iam::aws:policy/AmazonSSMManagedInstanceCore",
            "role": "nginx2-ecs-task-role-20250726040400742500000003"
          },
          "sensitive_attributes": [],
          "private": "bnVsbA==",
          "dependencies": [
            "data.aws_availability_zones.available",
            "module.alb.aws_lambda_permission.this",
            "module.alb.aws_lb.this",
            "module.alb.aws_lb_listener.this",
            "module.alb.aws_lb_listener_certificate.this",
            "module.alb.aws_lb_listener_rule.this",
            "module.alb.aws_lb_target_group.this",
            "module.alb.aws_lb_target_group_attachment.additional",
            "module.alb.aws_lb_target_group_attachment.this",
            "module.alb.aws_route53_record.this",
            "module.alb.aws_security_group.this",
            "module.alb.aws_vpc_security_group_egress_rule.this",
            "module.alb.aws_vpc_security_group_ingress_rule.this",
            "module.alb.aws_wafv2_web_acl_association.this",
            "module.alb.data.aws_partition.current",
            "module.ecs_service2.aws_iam_role.tasks",
            "module.ecs_service2.data.aws_caller_identity.current",
            "module.ecs_service2.data.aws_iam_policy_document.tasks_assume",
            "module.ecs_service2.data.aws_partition.current",
            "module.ecs_service2.data.aws_region.current",
            "module.vpc.aws_subnet.public",
            "module.vpc.aws_vpc.this",
            "module.vpc.aws_vpc_ipv4_cidr_block_association.this"
          ],
          "create_before_destroy": true
        }
      ]
    },
    {
      "module": "module.ecs_service2",
      "mode": "managed",
      "type": "aws_iam_role_policy_attachment",
      "name": "tasks_internal",
      "provider": "provider[\"registry.terraform.io/hashicorp/aws\"]",
      "instances": [
        {
          "index_key": 0,
          "schema_version": 0,
          "attributes": {
            "id": "nginx2-ecs-task-role-20250726040400742500000003/arn:aws:iam::058264383156:policy/nginx2-ecs-task-role-20250726040401545000000004",
            "policy_arn": "arn:aws:iam::058264383156:policy/nginx2-ecs-task-role-20250726040401545000000004",
            "role": "nginx2-ecs-task-role-20250726040400742500000003"
          },
          "sensitive_attributes": [],
          "private": "bnVsbA==",
          "dependencies": [
            "data.aws_availability_zones.available",
            "module.alb.aws_lambda_permission.this",
            "module.alb.aws_lb.this",
            "module.alb.aws_lb_listener.this",
            "module.alb.aws_lb_listener_certificate.this",
            "module.alb.aws_lb_listener_rule.this",
            "module.alb.aws_lb_target_group.this",
            "module.alb.aws_lb_target_group_attachment.additional",
            "module.alb.aws_lb_target_group_attachment.this",
            "module.alb.aws_route53_record.this",
            "module.alb.aws_security_group.this",
            "module.alb.aws_vpc_security_group_egress_rule.this",
            "module.alb.aws_vpc_security_group_ingress_rule.this",
            "module.alb.aws_wafv2_web_acl_association.this",
            "module.alb.data.aws_partition.current",
            "module.ecs_service2.aws_iam_policy.tasks",
            "module.ecs_service2.aws_iam_role.tasks",
            "module.ecs_service2.data.aws_caller_identity.current",
            "module.ecs_service2.data.aws_iam_policy_document.tasks",
            "module.ecs_service2.data.aws_iam_policy_document.tasks_assume",
            "module.ecs_service2.data.aws_partition.current",
            "module.ecs_service2.data.aws_region.current",
            "module.vpc.aws_subnet.public",
            "module.vpc.aws_vpc.this",
            "module.vpc.aws_vpc_ipv4_cidr_block_association.this"
          ]
        }
      ]
    },
    {
      "module": "module.ecs_service2",
      "mode": "managed",
      "type": "aws_security_group",
      "name": "this",
      "provider": "provider[\"registry.terraform.io/hashicorp/aws\"]",
      "instances": [
        {
          "index_key": 0,
          "schema_version": 1,
          "attributes": {
            "arn": "arn:aws:ec2:ap-southeast-1:058264383156:security-group/sg-0a9632aa94ac3085f",
            "description": "Managed by Terraform",
            "egress": [],
            "id": "sg-0a9632aa94ac3085f",
            "ingress": [],
            "name": "nginx2-ecs-service-sg-20250726075051054800000001",
            "name_prefix": "nginx2-ecs-service-sg-",
            "owner_id": "058264383156",
            "region": "ap-southeast-1",
            "revoke_rules_on_delete": false,
            "tags": {
              "Name": "nginx2-ecs-service-sg",
              "environment": "poc",
              "owner": "midecode",
              "project": "ionos"
            },
            "tags_all": {
              "Name": "nginx2-ecs-service-sg",
              "environment": "poc",
              "owner": "midecode",
              "project": "ionos"
            },
            "timeouts": null,
            "vpc_id": "vpc-0609e6a41cf755597"
          },
          "sensitive_attributes": [],
          "private": "eyJlMmJmYjczMC1lY2FhLTExZTYtOGY4OC0zNDM2M2JjN2M0YzAiOnsiY3JlYXRlIjo2MDAwMDAwMDAwMDAsImRlbGV0ZSI6OTAwMDAwMDAwMDAwfSwic2NoZW1hX3ZlcnNpb24iOiIxIn0=",
          "dependencies": [
            "data.aws_availability_zones.available",
            "module.alb.aws_lambda_permission.this",
            "module.alb.aws_lb.this",
            "module.alb.aws_lb_listener.this",
            "module.alb.aws_lb_listener_certificate.this",
            "module.alb.aws_lb_listener_rule.this",
            "module.alb.aws_lb_target_group.this",
            "module.alb.aws_lb_target_group_attachment.additional",
            "module.alb.aws_lb_target_group_attachment.this",
            "module.alb.aws_route53_record.this",
            "module.alb.aws_security_group.this",
            "module.alb.aws_vpc_security_group_egress_rule.this",
            "module.alb.aws_vpc_security_group_ingress_rule.this",
            "module.alb.aws_wafv2_web_acl_association.this",
            "module.alb.data.aws_partition.current",
            "module.ecs_service2.data.aws_subnet.this",
            "module.vpc.aws_subnet.private",
            "module.vpc.aws_subnet.public",
            "module.vpc.aws_vpc.this",
            "module.vpc.aws_vpc_ipv4_cidr_block_association.this"
          ],
          "create_before_destroy": true
        }
      ]
    },
    {
      "module": "module.ecs_service2",
      "mode": "managed",
      "type": "aws_vpc_security_group_egress_rule",
      "name": "this",
      "provider": "provider[\"registry.terraform.io/hashicorp/aws\"]",
      "instances": [
        {
          "index_key": "all",
          "schema_version": 0,
          "attributes": {
            "arn": "arn:aws:ec2:ap-southeast-1:058264383156:security-group-rule/sgr-05fff19bce4acc0e2",
            "cidr_ipv4": "0.0.0.0/0",
            "cidr_ipv6": null,
            "description": null,
            "from_port": null,
            "id": "sgr-05fff19bce4acc0e2",
            "ip_protocol": "-1",
            "prefix_list_id": null,
            "referenced_security_group_id": null,
            "region": "ap-southeast-1",
            "security_group_id": "sg-0a9632aa94ac3085f",
            "security_group_rule_id": "sgr-05fff19bce4acc0e2",
            "tags": {
              "Name": "nginx2-ecs-service-sg-all",
              "environment": "poc",
              "owner": "midecode",
              "project": "ionos"
            },
            "tags_all": {
              "Name": "nginx2-ecs-service-sg-all",
              "environment": "poc",
              "owner": "midecode",
              "project": "ionos"
            },
            "to_port": null
          },
          "sensitive_attributes": [],
          "dependencies": [
            "data.aws_availability_zones.available",
            "module.alb.aws_lambda_permission.this",
            "module.alb.aws_lb.this",
            "module.alb.aws_lb_listener.this",
            "module.alb.aws_lb_listener_certificate.this",
            "module.alb.aws_lb_listener_rule.this",
            "module.alb.aws_lb_target_group.this",
            "module.alb.aws_lb_target_group_attachment.additional",
            "module.alb.aws_lb_target_group_attachment.this",
            "module.alb.aws_route53_record.this",
            "module.alb.aws_security_group.this",
            "module.alb.aws_vpc_security_group_egress_rule.this",
            "module.alb.aws_vpc_security_group_ingress_rule.this",
            "module.alb.aws_wafv2_web_acl_association.this",
            "module.alb.data.aws_partition.current",
            "module.ecs_service2.aws_security_group.this",
            "module.ecs_service2.data.aws_subnet.this",
            "module.vpc.aws_subnet.private",
            "module.vpc.aws_subnet.public",
            "module.vpc.aws_vpc.this",
            "module.vpc.aws_vpc_ipv4_cidr_block_association.this"
          ]
        }
      ]
    },
    {
      "module": "module.ecs_service2",
      "mode": "managed",
      "type": "aws_vpc_security_group_ingress_rule",
      "name": "this",
      "provider": "provider[\"registry.terraform.io/hashicorp/aws\"]",
      "instances": [
        {
          "index_key": "alb",
          "schema_version": 0,
          "attributes": {
            "arn": "arn:aws:ec2:ap-southeast-1:058264383156:security-group-rule/sgr-042bbefc2eb563d2d",
            "cidr_ipv4": null,
            "cidr_ipv6": null,
            "description": "Service port",
            "from_port": 80,
            "id": "sgr-042bbefc2eb563d2d",
            "ip_protocol": "tcp",
            "prefix_list_id": null,
            "referenced_security_group_id": "sg-063529c66929249da",
            "region": "ap-southeast-1",
            "security_group_id": "sg-0a9632aa94ac3085f",
            "security_group_rule_id": "sgr-042bbefc2eb563d2d",
            "tags": {
              "Name": "nginx2-ecs-service-sg-alb",
              "environment": "poc",
              "owner": "midecode",
              "project": "ionos"
            },
            "tags_all": {
              "Name": "nginx2-ecs-service-sg-alb",
              "environment": "poc",
              "owner": "midecode",
              "project": "ionos"
            },
            "to_port": 80
          },
          "sensitive_attributes": [],
          "dependencies": [
            "data.aws_availability_zones.available",
            "module.alb.aws_lambda_permission.this",
            "module.alb.aws_lb.this",
            "module.alb.aws_lb_listener.this",
            "module.alb.aws_lb_listener_certificate.this",
            "module.alb.aws_lb_listener_rule.this",
            "module.alb.aws_lb_target_group.this",
            "module.alb.aws_lb_target_group_attachment.additional",
            "module.alb.aws_lb_target_group_attachment.this",
            "module.alb.aws_route53_record.this",
            "module.alb.aws_security_group.this",
            "module.alb.aws_vpc_security_group_egress_rule.this",
            "module.alb.aws_vpc_security_group_ingress_rule.this",
            "module.alb.aws_wafv2_web_acl_association.this",
            "module.alb.data.aws_partition.current",
            "module.ecs_service2.aws_security_group.this",
            "module.ecs_service2.data.aws_subnet.this",
            "module.vpc.aws_subnet.private",
            "module.vpc.aws_subnet.public",
            "module.vpc.aws_vpc.this",
            "module.vpc.aws_vpc_ipv4_cidr_block_association.this"
          ]
        }
      ]
    },
    {
      "module": "module.ecs_service2.module.container_definition[\"nginx\"]",
      "mode": "data",
      "type": "aws_region",
      "name": "current",
      "provider": "provider[\"registry.terraform.io/hashicorp/aws\"]",
      "instances": [
        {
          "schema_version": 0,
          "attributes": {
            "description": "Asia Pacific (Singapore)",
            "endpoint": "ec2.ap-southeast-1.amazonaws.com",
            "id": "ap-southeast-1",
            "name": "ap-southeast-1",
            "region": "ap-southeast-1"
          },
          "sensitive_attributes": []
        }
      ]
    },
    {
      "module": "module.ecs_service2.module.container_definition[\"nginx\"]",
      "mode": "managed",
      "type": "aws_cloudwatch_log_group",
      "name": "this",
      "provider": "provider[\"registry.terraform.io/hashicorp/aws\"]",
      "instances": [
        {
          "index_key": 0,
          "schema_version": 0,
          "attributes": {
            "arn": "arn:aws:logs:ap-southeast-1:058264383156:log-group:/aws/ecs/nginx2/nginx",
            "id": "/aws/ecs/nginx2/nginx",
            "kms_key_id": "",
            "log_group_class": "STANDARD",
            "name": "/aws/ecs/nginx2/nginx",
            "name_prefix": "",
            "region": "ap-southeast-1",
            "retention_in_days": 7,
            "skip_destroy": false,
            "tags": {
              "Name": "nginx2",
              "environment": "poc",
              "owner": "midecode",
              "project": "ionos"
            },
            "tags_all": {
              "Name": "nginx2",
              "environment": "poc",
              "owner": "midecode",
              "project": "ionos"
            }
          },
          "sensitive_attributes": [],
          "private": "bnVsbA==",
          "dependencies": [
            "data.aws_availability_zones.available",
            "module.alb.aws_lambda_permission.this",
            "module.alb.aws_lb.this",
            "module.alb.aws_lb_listener.this",
            "module.alb.aws_lb_listener_certificate.this",
            "module.alb.aws_lb_listener_rule.this",
            "module.alb.aws_lb_target_group.this",
            "module.alb.aws_lb_target_group_attachment.additional",
            "module.alb.aws_lb_target_group_attachment.this",
            "module.alb.aws_route53_record.this",
            "module.alb.aws_security_group.this",
            "module.alb.aws_vpc_security_group_egress_rule.this",
            "module.alb.aws_vpc_security_group_ingress_rule.this",
            "module.alb.aws_wafv2_web_acl_association.this",
            "module.alb.data.aws_partition.current",
            "module.vpc.aws_subnet.public",
            "module.vpc.aws_vpc.this",
            "module.vpc.aws_vpc_ipv4_cidr_block_association.this"
          ],
          "create_before_destroy": true
        }
      ]
    },
    {
      "module": "module.vpc",
      "mode": "managed",
      "type": "aws_default_network_acl",
      "name": "this",
      "provider": "provider[\"registry.terraform.io/hashicorp/aws\"]",
      "instances": [
        {
          "index_key": 0,
          "schema_version": 0,
          "attributes": {
            "arn": "arn:aws:ec2:ap-southeast-1:058264383156:network-acl/acl-085a264e43c4ec6f0",
            "default_network_acl_id": "acl-085a264e43c4ec6f0",
            "egress": [
              {
                "action": "allow",
                "cidr_block": "",
                "from_port": 0,
                "icmp_code": 0,
                "icmp_type": 0,
                "ipv6_cidr_block": "::/0",
                "protocol": "-1",
                "rule_no": 101,
                "to_port": 0
              },
              {
                "action": "allow",
                "cidr_block": "0.0.0.0/0",
                "from_port": 0,
                "icmp_code": 0,
                "icmp_type": 0,
                "ipv6_cidr_block": "",
                "protocol": "-1",
                "rule_no": 100,
                "to_port": 0
              }
            ],
            "id": "acl-085a264e43c4ec6f0",
            "ingress": [
              {
                "action": "allow",
                "cidr_block": "",
                "from_port": 0,
                "icmp_code": 0,
                "icmp_type": 0,
                "ipv6_cidr_block": "::/0",
                "protocol": "-1",
                "rule_no": 101,
                "to_port": 0
              },
              {
                "action": "allow",
                "cidr_block": "0.0.0.0/0",
                "from_port": 0,
                "icmp_code": 0,
                "icmp_type": 0,
                "ipv6_cidr_block": "",
                "protocol": "-1",
                "rule_no": 100,
                "to_port": 0
              }
            ],
            "owner_id": "058264383156",
            "region": "ap-southeast-1",
            "subnet_ids": [
              "subnet-00b6ce4e6067ad08e",
              "subnet-025ae46b72b6ed15e",
              "subnet-05d9c61d5f9649fe1",
              "subnet-073889b70070f1241",
              "subnet-07693580c4689a0b8",
              "subnet-0b2682b57df10813a"
            ],
            "tags": {
              "Name": "midecode-ionos",
              "environment": "poc",
              "owner": "midecode",
              "project": "ionos"
            },
            "tags_all": {
              "Name": "midecode-ionos",
              "environment": "poc",
              "owner": "midecode",
              "project": "ionos"
            },
            "vpc_id": "vpc-0609e6a41cf755597"
          },
          "sensitive_attributes": [],
          "private": "bnVsbA==",
          "dependencies": [
            "module.vpc.aws_vpc.this"
          ]
        }
      ]
    },
    {
      "module": "module.vpc",
      "mode": "managed",
      "type": "aws_default_route_table",
      "name": "default",
      "provider": "provider[\"registry.terraform.io/hashicorp/aws\"]",
      "instances": [
        {
          "index_key": 0,
          "schema_version": 0,
          "attributes": {
            "arn": "arn:aws:ec2:ap-southeast-1:058264383156:route-table/rtb-070a58cb354bcde13",
            "default_route_table_id": "rtb-070a58cb354bcde13",
            "id": "rtb-070a58cb354bcde13",
            "owner_id": "058264383156",
            "propagating_vgws": [],
            "region": "ap-southeast-1",
            "route": [],
            "tags": {
              "Name": "midecode-ionos",
              "environment": "poc",
              "owner": "midecode",
              "project": "ionos"
            },
            "tags_all": {
              "Name": "midecode-ionos",
              "environment": "poc",
              "owner": "midecode",
              "project": "ionos"
            },
            "timeouts": {
              "create": "5m",
              "update": "5m"
            },
            "vpc_id": "vpc-0609e6a41cf755597"
          },
          "sensitive_attributes": [],
          "private": "eyJlMmJmYjczMC1lY2FhLTExZTYtOGY4OC0zNDM2M2JjN2M0YzAiOnsiY3JlYXRlIjozMDAwMDAwMDAwMDAsInVwZGF0ZSI6MzAwMDAwMDAwMDAwfX0=",
          "dependencies": [
            "module.vpc.aws_vpc.this"
          ]
        }
      ]
    },
    {
      "module": "module.vpc",
      "mode": "managed",
      "type": "aws_default_security_group",
      "name": "this",
      "provider": "provider[\"registry.terraform.io/hashicorp/aws\"]",
      "instances": [
        {
          "index_key": 0,
          "schema_version": 1,
          "attributes": {
            "arn": "arn:aws:ec2:ap-southeast-1:058264383156:security-group/sg-05f2523fc4287319b",
            "description": "default VPC security group",
            "egress": [],
            "id": "sg-05f2523fc4287319b",
            "ingress": [],
            "name": "default",
            "name_prefix": "",
            "owner_id": "058264383156",
            "region": "ap-southeast-1",
            "revoke_rules_on_delete": false,
            "tags": {
              "Name": "midecode-ionos",
              "environment": "poc",
              "owner": "midecode",
              "project": "ionos"
            },
            "tags_all": {
              "Name": "midecode-ionos",
              "environment": "poc",
              "owner": "midecode",
              "project": "ionos"
            },
            "vpc_id": "vpc-0609e6a41cf755597"
          },
          "sensitive_attributes": [],
          "private": "eyJzY2hlbWFfdmVyc2lvbiI6IjEifQ==",
          "dependencies": [
            "module.vpc.aws_vpc.this"
          ]
        }
      ]
    },
    {
      "module": "module.vpc",
      "mode": "managed",
      "type": "aws_eip",
      "name": "nat",
      "provider": "provider[\"registry.terraform.io/hashicorp/aws\"]",
      "instances": [
        {
          "index_key": 0,
          "schema_version": 0,
          "attributes": {
            "address": null,
            "allocation_id": "eipalloc-08dfbc1355012a84d",
            "arn": "arn:aws:ec2:ap-southeast-1:058264383156:elastic-ip/eipalloc-08dfbc1355012a84d",
            "associate_with_private_ip": null,
            "association_id": "eipassoc-0401bb6563e3e52be",
            "carrier_ip": "",
            "customer_owned_ip": "",
            "customer_owned_ipv4_pool": "",
            "domain": "vpc",
            "id": "eipalloc-08dfbc1355012a84d",
            "instance": "",
            "ipam_pool_id": null,
            "network_border_group": "ap-southeast-1",
            "network_interface": "eni-0de864decaf9764e8",
            "private_dns": "ip-10-0-48-109.ap-southeast-1.compute.internal",
            "private_ip": "10.0.48.109",
            "ptr_record": "",
            "public_dns": "ec2-175-41-156-87.ap-southeast-1.compute.amazonaws.com",
            "public_ip": "175.41.156.87",
            "public_ipv4_pool": "amazon",
            "region": "ap-southeast-1",
            "tags": {
              "Name": "midecode-ionos",
              "environment": "poc",
              "owner": "midecode",
              "project": "ionos"
            },
            "tags_all": {
              "Name": "midecode-ionos",
              "environment": "poc",
              "owner": "midecode",
              "project": "ionos"
            },
            "timeouts": null
          },
          "sensitive_attributes": [],
          "private": "eyJlMmJmYjczMC1lY2FhLTExZTYtOGY4OC0zNDM2M2JjN2M0YzAiOnsiZGVsZXRlIjoxODAwMDAwMDAwMDAsInJlYWQiOjkwMDAwMDAwMDAwMCwidXBkYXRlIjozMDAwMDAwMDAwMDB9fQ==",
          "dependencies": [
            "data.aws_availability_zones.available",
            "module.vpc.aws_internet_gateway.this",
            "module.vpc.aws_vpc.this",
            "module.vpc.aws_vpc_ipv4_cidr_block_association.this"
          ]
        }
      ]
    },
    {
      "module": "module.vpc",
      "mode": "managed",
      "type": "aws_internet_gateway",
      "name": "this",
      "provider": "provider[\"registry.terraform.io/hashicorp/aws\"]",
      "instances": [
        {
          "index_key": 0,
          "schema_version": 0,
          "attributes": {
            "arn": "arn:aws:ec2:ap-southeast-1:058264383156:internet-gateway/igw-0d6a1e479d01f19fc",
            "id": "igw-0d6a1e479d01f19fc",
            "owner_id": "058264383156",
            "region": "ap-southeast-1",
            "tags": {
              "Name": "midecode-ionos",
              "environment": "poc",
              "owner": "midecode",
              "project": "ionos"
            },
            "tags_all": {
              "Name": "midecode-ionos",
              "environment": "poc",
              "owner": "midecode",
              "project": "ionos"
            },
            "timeouts": null,
            "vpc_id": "vpc-0609e6a41cf755597"
          },
          "sensitive_attributes": [],
          "private": "eyJlMmJmYjczMC1lY2FhLTExZTYtOGY4OC0zNDM2M2JjN2M0YzAiOnsiY3JlYXRlIjoxMjAwMDAwMDAwMDAwLCJkZWxldGUiOjEyMDAwMDAwMDAwMDAsInVwZGF0ZSI6MTIwMDAwMDAwMDAwMH19",
          "dependencies": [
            "data.aws_availability_zones.available",
            "module.vpc.aws_vpc.this",
            "module.vpc.aws_vpc_ipv4_cidr_block_association.this"
          ]
        }
      ]
    },
    {
      "module": "module.vpc",
      "mode": "managed",
      "type": "aws_nat_gateway",
      "name": "this",
      "provider": "provider[\"registry.terraform.io/hashicorp/aws\"]",
      "instances": [
        {
          "index_key": 0,
          "schema_version": 0,
          "attributes": {
            "allocation_id": "eipalloc-08dfbc1355012a84d",
            "association_id": "eipassoc-0401bb6563e3e52be",
            "connectivity_type": "public",
            "id": "nat-095a2a4f613fd6c2f",
            "network_interface_id": "eni-0de864decaf9764e8",
            "private_ip": "10.0.48.109",
            "public_ip": "175.41.156.87",
            "region": "ap-southeast-1",
            "secondary_allocation_ids": [],
            "secondary_private_ip_address_count": 0,
            "secondary_private_ip_addresses": [],
            "subnet_id": "subnet-05d9c61d5f9649fe1",
            "tags": {
              "Name": "midecode-ionos",
              "environment": "poc",
              "owner": "midecode",
              "project": "ionos"
            },
            "tags_all": {
              "Name": "midecode-ionos",
              "environment": "poc",
              "owner": "midecode",
              "project": "ionos"
            },
            "timeouts": null
          },
          "sensitive_attributes": [],
          "private": "eyJlMmJmYjczMC1lY2FhLTExZTYtOGY4OC0zNDM2M2JjN2M0YzAiOnsiY3JlYXRlIjo2MDAwMDAwMDAwMDAsImRlbGV0ZSI6MTgwMDAwMDAwMDAwMCwidXBkYXRlIjo2MDAwMDAwMDAwMDB9fQ==",
          "dependencies": [
            "data.aws_availability_zones.available",
            "module.vpc.aws_eip.nat",
            "module.vpc.aws_internet_gateway.this",
            "module.vpc.aws_subnet.public",
            "module.vpc.aws_vpc.this",
            "module.vpc.aws_vpc_ipv4_cidr_block_association.this"
          ]
        }
      ]
    },
    {
      "module": "module.vpc",
      "mode": "managed",
      "type": "aws_route",
      "name": "private_nat_gateway",
      "provider": "provider[\"registry.terraform.io/hashicorp/aws\"]",
      "instances": [
        {
          "index_key": 0,
          "schema_version": 0,
          "attributes": {
            "carrier_gateway_id": "",
            "core_network_arn": "",
            "destination_cidr_block": "0.0.0.0/0",
            "destination_ipv6_cidr_block": "",
            "destination_prefix_list_id": "",
            "egress_only_gateway_id": "",
            "gateway_id": "",
            "id": "r-rtb-0059aa51f8c7baec31080289494",
            "instance_id": "",
            "instance_owner_id": "",
            "local_gateway_id": "",
            "nat_gateway_id": "nat-095a2a4f613fd6c2f",
            "network_interface_id": "",
            "origin": "CreateRoute",
            "region": "ap-southeast-1",
            "route_table_id": "rtb-0059aa51f8c7baec3",
            "state": "active",
            "timeouts": {
              "create": "5m",
              "delete": null,
              "update": null
            },
            "transit_gateway_id": "",
            "vpc_endpoint_id": "",
            "vpc_peering_connection_id": ""
          },
          "sensitive_attributes": [],
          "private": "eyJlMmJmYjczMC1lY2FhLTExZTYtOGY4OC0zNDM2M2JjN2M0YzAiOnsiY3JlYXRlIjozMDAwMDAwMDAwMDAsImRlbGV0ZSI6MzAwMDAwMDAwMDAwLCJ1cGRhdGUiOjEyMDAwMDAwMDAwMH19",
          "dependencies": [
            "data.aws_availability_zones.available",
            "module.vpc.aws_eip.nat",
            "module.vpc.aws_internet_gateway.this",
            "module.vpc.aws_nat_gateway.this",
            "module.vpc.aws_route_table.private",
            "module.vpc.aws_subnet.public",
            "module.vpc.aws_vpc.this",
            "module.vpc.aws_vpc_ipv4_cidr_block_association.this"
          ]
        }
      ]
    },
    {
      "module": "module.vpc",
      "mode": "managed",
      "type": "aws_route",
      "name": "public_internet_gateway",
      "provider": "provider[\"registry.terraform.io/hashicorp/aws\"]",
      "instances": [
        {
          "index_key": 0,
          "schema_version": 0,
          "attributes": {
            "carrier_gateway_id": "",
            "core_network_arn": "",
            "destination_cidr_block": "0.0.0.0/0",
            "destination_ipv6_cidr_block": "",
            "destination_prefix_list_id": "",
            "egress_only_gateway_id": "",
            "gateway_id": "igw-0d6a1e479d01f19fc",
            "id": "r-rtb-0bb0cc39d915012391080289494",
            "instance_id": "",
            "instance_owner_id": "",
            "local_gateway_id": "",
            "nat_gateway_id": "",
            "network_interface_id": "",
            "origin": "CreateRoute",
            "region": "ap-southeast-1",
            "route_table_id": "rtb-0bb0cc39d91501239",
            "state": "active",
            "timeouts": {
              "create": "5m",
              "delete": null,
              "update": null
            },
            "transit_gateway_id": "",
            "vpc_endpoint_id": "",
            "vpc_peering_connection_id": ""
          },
          "sensitive_attributes": [],
          "private": "eyJlMmJmYjczMC1lY2FhLTExZTYtOGY4OC0zNDM2M2JjN2M0YzAiOnsiY3JlYXRlIjozMDAwMDAwMDAwMDAsImRlbGV0ZSI6MzAwMDAwMDAwMDAwLCJ1cGRhdGUiOjEyMDAwMDAwMDAwMH19",
          "dependencies": [
            "data.aws_availability_zones.available",
            "module.vpc.aws_internet_gateway.this",
            "module.vpc.aws_route_table.public",
            "module.vpc.aws_vpc.this",
            "module.vpc.aws_vpc_ipv4_cidr_block_association.this"
          ]
        }
      ]
    },
    {
      "module": "module.vpc",
      "mode": "managed",
      "type": "aws_route_table",
      "name": "private",
      "provider": "provider[\"registry.terraform.io/hashicorp/aws\"]",
      "instances": [
        {
          "index_key": 0,
          "schema_version": 0,
          "attributes": {
            "arn": "arn:aws:ec2:ap-southeast-1:058264383156:route-table/rtb-0059aa51f8c7baec3",
            "id": "rtb-0059aa51f8c7baec3",
            "owner_id": "058264383156",
            "propagating_vgws": [],
            "region": "ap-southeast-1",
            "route": [
              {
                "carrier_gateway_id": "",
                "cidr_block": "0.0.0.0/0",
                "core_network_arn": "",
                "destination_prefix_list_id": "",
                "egress_only_gateway_id": "",
                "gateway_id": "",
                "ipv6_cidr_block": "",
                "local_gateway_id": "",
                "nat_gateway_id": "nat-095a2a4f613fd6c2f",
                "network_interface_id": "",
                "transit_gateway_id": "",
                "vpc_endpoint_id": "",
                "vpc_peering_connection_id": ""
              }
            ],
            "tags": {
              "Name": "midecode-ionos",
              "environment": "poc",
              "owner": "midecode",
              "project": "ionos"
            },
            "tags_all": {
              "Name": "midecode-ionos",
              "environment": "poc",
              "owner": "midecode",
              "project": "ionos"
            },
            "timeouts": null,
            "vpc_id": "vpc-0609e6a41cf755597"
          },
          "sensitive_attributes": [],
          "private": "eyJlMmJmYjczMC1lY2FhLTExZTYtOGY4OC0zNDM2M2JjN2M0YzAiOnsiY3JlYXRlIjozMDAwMDAwMDAwMDAsImRlbGV0ZSI6MzAwMDAwMDAwMDAwLCJ1cGRhdGUiOjEyMDAwMDAwMDAwMH19",
          "dependencies": [
            "data.aws_availability_zones.available",
            "module.vpc.aws_vpc.this",
            "module.vpc.aws_vpc_ipv4_cidr_block_association.this"
          ]
        }
      ]
    },
    {
      "module": "module.vpc",
      "mode": "managed",
      "type": "aws_route_table",
      "name": "public",
      "provider": "provider[\"registry.terraform.io/hashicorp/aws\"]",
      "instances": [
        {
          "index_key": 0,
          "schema_version": 0,
          "attributes": {
            "arn": "arn:aws:ec2:ap-southeast-1:058264383156:route-table/rtb-0bb0cc39d91501239",
            "id": "rtb-0bb0cc39d91501239",
            "owner_id": "058264383156",
            "propagating_vgws": [],
            "region": "ap-southeast-1",
            "route": [
              {
                "carrier_gateway_id": "",
                "cidr_block": "0.0.0.0/0",
                "core_network_arn": "",
                "destination_prefix_list_id": "",
                "egress_only_gateway_id": "",
                "gateway_id": "igw-0d6a1e479d01f19fc",
                "ipv6_cidr_block": "",
                "local_gateway_id": "",
                "nat_gateway_id": "",
                "network_interface_id": "",
                "transit_gateway_id": "",
                "vpc_endpoint_id": "",
                "vpc_peering_connection_id": ""
              }
            ],
            "tags": {
              "Name": "midecode-ionos",
              "environment": "poc",
              "owner": "midecode",
              "project": "ionos"
            },
            "tags_all": {
              "Name": "midecode-ionos",
              "environment": "poc",
              "owner": "midecode",
              "project": "ionos"
            },
            "timeouts": null,
            "vpc_id": "vpc-0609e6a41cf755597"
          },
          "sensitive_attributes": [],
          "private": "eyJlMmJmYjczMC1lY2FhLTExZTYtOGY4OC0zNDM2M2JjN2M0YzAiOnsiY3JlYXRlIjozMDAwMDAwMDAwMDAsImRlbGV0ZSI6MzAwMDAwMDAwMDAwLCJ1cGRhdGUiOjEyMDAwMDAwMDAwMH19",
          "dependencies": [
            "data.aws_availability_zones.available",
            "module.vpc.aws_vpc.this",
            "module.vpc.aws_vpc_ipv4_cidr_block_association.this"
          ]
        }
      ]
    },
    {
      "module": "module.vpc",
      "mode": "managed",
      "type": "aws_route_table_association",
      "name": "private",
      "provider": "provider[\"registry.terraform.io/hashicorp/aws\"]",
      "instances": [
        {
          "index_key": 0,
          "schema_version": 0,
          "attributes": {
            "gateway_id": "",
            "id": "rtbassoc-00d282fcf2a4d28c5",
            "region": "ap-southeast-1",
            "route_table_id": "rtb-0059aa51f8c7baec3",
            "subnet_id": "subnet-073889b70070f1241",
            "timeouts": null
          },
          "sensitive_attributes": [],
          "private": "eyJlMmJmYjczMC1lY2FhLTExZTYtOGY4OC0zNDM2M2JjN2M0YzAiOnsiY3JlYXRlIjozMDAwMDAwMDAwMDAsImRlbGV0ZSI6MzAwMDAwMDAwMDAwLCJ1cGRhdGUiOjEyMDAwMDAwMDAwMH19",
          "dependencies": [
            "data.aws_availability_zones.available",
            "module.vpc.aws_route_table.private",
            "module.vpc.aws_subnet.private",
            "module.vpc.aws_vpc.this",
            "module.vpc.aws_vpc_ipv4_cidr_block_association.this"
          ]
        },
        {
          "index_key": 1,
          "schema_version": 0,
          "attributes": {
            "gateway_id": "",
            "id": "rtbassoc-05e3a1807adbfff1c",
            "region": "ap-southeast-1",
            "route_table_id": "rtb-0059aa51f8c7baec3",
            "subnet_id": "subnet-00b6ce4e6067ad08e",
            "timeouts": null
          },
          "sensitive_attributes": [],
          "private": "eyJlMmJmYjczMC1lY2FhLTExZTYtOGY4OC0zNDM2M2JjN2M0YzAiOnsiY3JlYXRlIjozMDAwMDAwMDAwMDAsImRlbGV0ZSI6MzAwMDAwMDAwMDAwLCJ1cGRhdGUiOjEyMDAwMDAwMDAwMH19",
          "dependencies": [
            "data.aws_availability_zones.available",
            "module.vpc.aws_route_table.private",
            "module.vpc.aws_subnet.private",
            "module.vpc.aws_vpc.this",
            "module.vpc.aws_vpc_ipv4_cidr_block_association.this"
          ]
        },
        {
          "index_key": 2,
          "schema_version": 0,
          "attributes": {
            "gateway_id": "",
            "id": "rtbassoc-04d136abae9d9f82d",
            "region": "ap-southeast-1",
            "route_table_id": "rtb-0059aa51f8c7baec3",
            "subnet_id": "subnet-025ae46b72b6ed15e",
            "timeouts": null
          },
          "sensitive_attributes": [],
          "private": "eyJlMmJmYjczMC1lY2FhLTExZTYtOGY4OC0zNDM2M2JjN2M0YzAiOnsiY3JlYXRlIjozMDAwMDAwMDAwMDAsImRlbGV0ZSI6MzAwMDAwMDAwMDAwLCJ1cGRhdGUiOjEyMDAwMDAwMDAwMH19",
          "dependencies": [
            "data.aws_availability_zones.available",
            "module.vpc.aws_route_table.private",
            "module.vpc.aws_subnet.private",
            "module.vpc.aws_vpc.this",
            "module.vpc.aws_vpc_ipv4_cidr_block_association.this"
          ]
        }
      ]
    },
    {
      "module": "module.vpc",
      "mode": "managed",
      "type": "aws_route_table_association",
      "name": "public",
      "provider": "provider[\"registry.terraform.io/hashicorp/aws\"]",
      "instances": [
        {
          "index_key": 0,
          "schema_version": 0,
          "attributes": {
            "gateway_id": "",
            "id": "rtbassoc-0dd79a1ba8b182d0d",
            "region": "ap-southeast-1",
            "route_table_id": "rtb-0bb0cc39d91501239",
            "subnet_id": "subnet-05d9c61d5f9649fe1",
            "timeouts": null
          },
          "sensitive_attributes": [],
          "private": "eyJlMmJmYjczMC1lY2FhLTExZTYtOGY4OC0zNDM2M2JjN2M0YzAiOnsiY3JlYXRlIjozMDAwMDAwMDAwMDAsImRlbGV0ZSI6MzAwMDAwMDAwMDAwLCJ1cGRhdGUiOjEyMDAwMDAwMDAwMH19",
          "dependencies": [
            "data.aws_availability_zones.available",
            "module.vpc.aws_route_table.public",
            "module.vpc.aws_subnet.public",
            "module.vpc.aws_vpc.this",
            "module.vpc.aws_vpc_ipv4_cidr_block_association.this"
          ]
        },
        {
          "index_key": 1,
          "schema_version": 0,
          "attributes": {
            "gateway_id": "",
            "id": "rtbassoc-0674d3a41c98ecbfb",
            "region": "ap-southeast-1",
            "route_table_id": "rtb-0bb0cc39d91501239",
            "subnet_id": "subnet-07693580c4689a0b8",
            "timeouts": null
          },
          "sensitive_attributes": [],
          "private": "eyJlMmJmYjczMC1lY2FhLTExZTYtOGY4OC0zNDM2M2JjN2M0YzAiOnsiY3JlYXRlIjozMDAwMDAwMDAwMDAsImRlbGV0ZSI6MzAwMDAwMDAwMDAwLCJ1cGRhdGUiOjEyMDAwMDAwMDAwMH19",
          "dependencies": [
            "data.aws_availability_zones.available",
            "module.vpc.aws_route_table.public",
            "module.vpc.aws_subnet.public",
            "module.vpc.aws_vpc.this",
            "module.vpc.aws_vpc_ipv4_cidr_block_association.this"
          ]
        },
        {
          "index_key": 2,
          "schema_version": 0,
          "attributes": {
            "gateway_id": "",
            "id": "rtbassoc-0f3ad8204adbf655f",
            "region": "ap-southeast-1",
            "route_table_id": "rtb-0bb0cc39d91501239",
            "subnet_id": "subnet-0b2682b57df10813a",
            "timeouts": null
          },
          "sensitive_attributes": [],
          "private": "eyJlMmJmYjczMC1lY2FhLTExZTYtOGY4OC0zNDM2M2JjN2M0YzAiOnsiY3JlYXRlIjozMDAwMDAwMDAwMDAsImRlbGV0ZSI6MzAwMDAwMDAwMDAwLCJ1cGRhdGUiOjEyMDAwMDAwMDAwMH19",
          "dependencies": [
            "data.aws_availability_zones.available",
            "module.vpc.aws_route_table.public",
            "module.vpc.aws_subnet.public",
            "module.vpc.aws_vpc.this",
            "module.vpc.aws_vpc_ipv4_cidr_block_association.this"
          ]
        }
      ]
    },
    {
      "module": "module.vpc",
      "mode": "managed",
      "type": "aws_subnet",
      "name": "private",
      "provider": "provider[\"registry.terraform.io/hashicorp/aws\"]",
      "instances": [
        {
          "index_key": 0,
          "schema_version": 1,
          "attributes": {
            "arn": "arn:aws:ec2:ap-southeast-1:058264383156:subnet/subnet-073889b70070f1241",
            "assign_ipv6_address_on_creation": false,
            "availability_zone": "ap-southeast-1a",
            "availability_zone_id": "apse1-az2",
            "cidr_block": "10.0.0.0/20",
            "customer_owned_ipv4_pool": "",
            "enable_dns64": false,
            "enable_lni_at_device_index": 0,
            "enable_resource_name_dns_a_record_on_launch": false,
            "enable_resource_name_dns_aaaa_record_on_launch": false,
            "id": "subnet-073889b70070f1241",
            "ipv6_cidr_block": "",
            "ipv6_cidr_block_association_id": "",
            "ipv6_native": false,
            "map_customer_owned_ip_on_launch": false,
            "map_public_ip_on_launch": false,
            "outpost_arn": "",
            "owner_id": "058264383156",
            "private_dns_hostname_type_on_launch": "ip-name",
            "region": "ap-southeast-1",
            "tags": {
              "Name": "midecode-ionos",
              "environment": "poc",
              "owner": "midecode",
              "project": "ionos"
            },
            "tags_all": {
              "Name": "midecode-ionos",
              "environment": "poc",
              "owner": "midecode",
              "project": "ionos"
            },
            "timeouts": null,
            "vpc_id": "vpc-0609e6a41cf755597"
          },
          "sensitive_attributes": [],
          "private": "eyJlMmJmYjczMC1lY2FhLTExZTYtOGY4OC0zNDM2M2JjN2M0YzAiOnsiY3JlYXRlIjo2MDAwMDAwMDAwMDAsImRlbGV0ZSI6MTIwMDAwMDAwMDAwMH0sInNjaGVtYV92ZXJzaW9uIjoiMSJ9",
          "dependencies": [
            "data.aws_availability_zones.available",
            "module.vpc.aws_vpc.this",
            "module.vpc.aws_vpc_ipv4_cidr_block_association.this"
          ],
          "create_before_destroy": true
        },
        {
          "index_key": 1,
          "schema_version": 1,
          "attributes": {
            "arn": "arn:aws:ec2:ap-southeast-1:058264383156:subnet/subnet-00b6ce4e6067ad08e",
            "assign_ipv6_address_on_creation": false,
            "availability_zone": "ap-southeast-1b",
            "availability_zone_id": "apse1-az1",
            "cidr_block": "10.0.16.0/20",
            "customer_owned_ipv4_pool": "",
            "enable_dns64": false,
            "enable_lni_at_device_index": 0,
            "enable_resource_name_dns_a_record_on_launch": false,
            "enable_resource_name_dns_aaaa_record_on_launch": false,
            "id": "subnet-00b6ce4e6067ad08e",
            "ipv6_cidr_block": "",
            "ipv6_cidr_block_association_id": "",
            "ipv6_native": false,
            "map_customer_owned_ip_on_launch": false,
            "map_public_ip_on_launch": false,
            "outpost_arn": "",
            "owner_id": "058264383156",
            "private_dns_hostname_type_on_launch": "ip-name",
            "region": "ap-southeast-1",
            "tags": {
              "Name": "midecode-ionos",
              "environment": "poc",
              "owner": "midecode",
              "project": "ionos"
            },
            "tags_all": {
              "Name": "midecode-ionos",
              "environment": "poc",
              "owner": "midecode",
              "project": "ionos"
            },
            "timeouts": null,
            "vpc_id": "vpc-0609e6a41cf755597"
          },
          "sensitive_attributes": [],
          "private": "eyJlMmJmYjczMC1lY2FhLTExZTYtOGY4OC0zNDM2M2JjN2M0YzAiOnsiY3JlYXRlIjo2MDAwMDAwMDAwMDAsImRlbGV0ZSI6MTIwMDAwMDAwMDAwMH0sInNjaGVtYV92ZXJzaW9uIjoiMSJ9",
          "dependencies": [
            "data.aws_availability_zones.available",
            "module.vpc.aws_vpc.this",
            "module.vpc.aws_vpc_ipv4_cidr_block_association.this"
          ],
          "create_before_destroy": true
        },
        {
          "index_key": 2,
          "schema_version": 1,
          "attributes": {
            "arn": "arn:aws:ec2:ap-southeast-1:058264383156:subnet/subnet-025ae46b72b6ed15e",
            "assign_ipv6_address_on_creation": false,
            "availability_zone": "ap-southeast-1c",
            "availability_zone_id": "apse1-az3",
            "cidr_block": "10.0.32.0/20",
            "customer_owned_ipv4_pool": "",
            "enable_dns64": false,
            "enable_lni_at_device_index": 0,
            "enable_resource_name_dns_a_record_on_launch": false,
            "enable_resource_name_dns_aaaa_record_on_launch": false,
            "id": "subnet-025ae46b72b6ed15e",
            "ipv6_cidr_block": "",
            "ipv6_cidr_block_association_id": "",
            "ipv6_native": false,
            "map_customer_owned_ip_on_launch": false,
            "map_public_ip_on_launch": false,
            "outpost_arn": "",
            "owner_id": "058264383156",
            "private_dns_hostname_type_on_launch": "ip-name",
            "region": "ap-southeast-1",
            "tags": {
              "Name": "midecode-ionos",
              "environment": "poc",
              "owner": "midecode",
              "project": "ionos"
            },
            "tags_all": {
              "Name": "midecode-ionos",
              "environment": "poc",
              "owner": "midecode",
              "project": "ionos"
            },
            "timeouts": null,
            "vpc_id": "vpc-0609e6a41cf755597"
          },
          "sensitive_attributes": [],
          "private": "eyJlMmJmYjczMC1lY2FhLTExZTYtOGY4OC0zNDM2M2JjN2M0YzAiOnsiY3JlYXRlIjo2MDAwMDAwMDAwMDAsImRlbGV0ZSI6MTIwMDAwMDAwMDAwMH0sInNjaGVtYV92ZXJzaW9uIjoiMSJ9",
          "dependencies": [
            "data.aws_availability_zones.available",
            "module.vpc.aws_vpc.this",
            "module.vpc.aws_vpc_ipv4_cidr_block_association.this"
          ],
          "create_before_destroy": true
        }
      ]
    },
    {
      "module": "module.vpc",
      "mode": "managed",
      "type": "aws_subnet",
      "name": "public",
      "provider": "provider[\"registry.terraform.io/hashicorp/aws\"]",
      "instances": [
        {
          "index_key": 0,
          "schema_version": 1,
          "attributes": {
            "arn": "arn:aws:ec2:ap-southeast-1:058264383156:subnet/subnet-05d9c61d5f9649fe1",
            "assign_ipv6_address_on_creation": false,
            "availability_zone": "ap-southeast-1a",
            "availability_zone_id": "apse1-az2",
            "cidr_block": "10.0.48.0/24",
            "customer_owned_ipv4_pool": "",
            "enable_dns64": false,
            "enable_lni_at_device_index": 0,
            "enable_resource_name_dns_a_record_on_launch": false,
            "enable_resource_name_dns_aaaa_record_on_launch": false,
            "id": "subnet-05d9c61d5f9649fe1",
            "ipv6_cidr_block": "",
            "ipv6_cidr_block_association_id": "",
            "ipv6_native": false,
            "map_customer_owned_ip_on_launch": false,
            "map_public_ip_on_launch": false,
            "outpost_arn": "",
            "owner_id": "058264383156",
            "private_dns_hostname_type_on_launch": "ip-name",
            "region": "ap-southeast-1",
            "tags": {
              "Name": "midecode-ionos",
              "environment": "poc",
              "owner": "midecode",
              "project": "ionos"
            },
            "tags_all": {
              "Name": "midecode-ionos",
              "environment": "poc",
              "owner": "midecode",
              "project": "ionos"
            },
            "timeouts": null,
            "vpc_id": "vpc-0609e6a41cf755597"
          },
          "sensitive_attributes": [],
          "private": "eyJlMmJmYjczMC1lY2FhLTExZTYtOGY4OC0zNDM2M2JjN2M0YzAiOnsiY3JlYXRlIjo2MDAwMDAwMDAwMDAsImRlbGV0ZSI6MTIwMDAwMDAwMDAwMH0sInNjaGVtYV92ZXJzaW9uIjoiMSJ9",
          "dependencies": [
            "data.aws_availability_zones.available",
            "module.vpc.aws_vpc.this",
            "module.vpc.aws_vpc_ipv4_cidr_block_association.this"
          ],
          "create_before_destroy": true
        },
        {
          "index_key": 1,
          "schema_version": 1,
          "attributes": {
            "arn": "arn:aws:ec2:ap-southeast-1:058264383156:subnet/subnet-07693580c4689a0b8",
            "assign_ipv6_address_on_creation": false,
            "availability_zone": "ap-southeast-1b",
            "availability_zone_id": "apse1-az1",
            "cidr_block": "10.0.49.0/24",
            "customer_owned_ipv4_pool": "",
            "enable_dns64": false,
            "enable_lni_at_device_index": 0,
            "enable_resource_name_dns_a_record_on_launch": false,
            "enable_resource_name_dns_aaaa_record_on_launch": false,
            "id": "subnet-07693580c4689a0b8",
            "ipv6_cidr_block": "",
            "ipv6_cidr_block_association_id": "",
            "ipv6_native": false,
            "map_customer_owned_ip_on_launch": false,
            "map_public_ip_on_launch": false,
            "outpost_arn": "",
            "owner_id": "058264383156",
            "private_dns_hostname_type_on_launch": "ip-name",
            "region": "ap-southeast-1",
            "tags": {
              "Name": "midecode-ionos",
              "environment": "poc",
              "owner": "midecode",
              "project": "ionos"
            },
            "tags_all": {
              "Name": "midecode-ionos",
              "environment": "poc",
              "owner": "midecode",
              "project": "ionos"
            },
            "timeouts": null,
            "vpc_id": "vpc-0609e6a41cf755597"
          },
          "sensitive_attributes": [],
          "private": "eyJlMmJmYjczMC1lY2FhLTExZTYtOGY4OC0zNDM2M2JjN2M0YzAiOnsiY3JlYXRlIjo2MDAwMDAwMDAwMDAsImRlbGV0ZSI6MTIwMDAwMDAwMDAwMH0sInNjaGVtYV92ZXJzaW9uIjoiMSJ9",
          "dependencies": [
            "data.aws_availability_zones.available",
            "module.vpc.aws_vpc.this",
            "module.vpc.aws_vpc_ipv4_cidr_block_association.this"
          ],
          "create_before_destroy": true
        },
        {
          "index_key": 2,
          "schema_version": 1,
          "attributes": {
            "arn": "arn:aws:ec2:ap-southeast-1:058264383156:subnet/subnet-0b2682b57df10813a",
            "assign_ipv6_address_on_creation": false,
            "availability_zone": "ap-southeast-1c",
            "availability_zone_id": "apse1-az3",
            "cidr_block": "10.0.50.0/24",
            "customer_owned_ipv4_pool": "",
            "enable_dns64": false,
            "enable_lni_at_device_index": 0,
            "enable_resource_name_dns_a_record_on_launch": false,
            "enable_resource_name_dns_aaaa_record_on_launch": false,
            "id": "subnet-0b2682b57df10813a",
            "ipv6_cidr_block": "",
            "ipv6_cidr_block_association_id": "",
            "ipv6_native": false,
            "map_customer_owned_ip_on_launch": false,
            "map_public_ip_on_launch": false,
            "outpost_arn": "",
            "owner_id": "058264383156",
            "private_dns_hostname_type_on_launch": "ip-name",
            "region": "ap-southeast-1",
            "tags": {
              "Name": "midecode-ionos",
              "environment": "poc",
              "owner": "midecode",
              "project": "ionos"
            },
            "tags_all": {
              "Name": "midecode-ionos",
              "environment": "poc",
              "owner": "midecode",
              "project": "ionos"
            },
            "timeouts": null,
            "vpc_id": "vpc-0609e6a41cf755597"
          },
          "sensitive_attributes": [],
          "private": "eyJlMmJmYjczMC1lY2FhLTExZTYtOGY4OC0zNDM2M2JjN2M0YzAiOnsiY3JlYXRlIjo2MDAwMDAwMDAwMDAsImRlbGV0ZSI6MTIwMDAwMDAwMDAwMH0sInNjaGVtYV92ZXJzaW9uIjoiMSJ9",
          "dependencies": [
            "data.aws_availability_zones.available",
            "module.vpc.aws_vpc.this",
            "module.vpc.aws_vpc_ipv4_cidr_block_association.this"
          ],
          "create_before_destroy": true
        }
      ]
    },
    {
      "module": "module.vpc",
      "mode": "managed",
      "type": "aws_vpc",
      "name": "this",
      "provider": "provider[\"registry.terraform.io/hashicorp/aws\"]",
      "instances": [
        {
          "index_key": 0,
          "schema_version": 1,
          "attributes": {
            "arn": "arn:aws:ec2:ap-southeast-1:058264383156:vpc/vpc-0609e6a41cf755597",
            "assign_generated_ipv6_cidr_block": false,
            "cidr_block": "10.0.0.0/16",
            "default_network_acl_id": "acl-085a264e43c4ec6f0",
            "default_route_table_id": "rtb-070a58cb354bcde13",
            "default_security_group_id": "sg-05f2523fc4287319b",
            "dhcp_options_id": "dopt-09a0d680a410f185f",
            "enable_dns_hostnames": true,
            "enable_dns_support": true,
            "enable_network_address_usage_metrics": false,
            "id": "vpc-0609e6a41cf755597",
            "instance_tenancy": "default",
            "ipv4_ipam_pool_id": null,
            "ipv4_netmask_length": null,
            "ipv6_association_id": "",
            "ipv6_cidr_block": "",
            "ipv6_cidr_block_network_border_group": "",
            "ipv6_ipam_pool_id": "",
            "ipv6_netmask_length": 0,
            "main_route_table_id": "rtb-070a58cb354bcde13",
            "owner_id": "058264383156",
            "region": "ap-southeast-1",
            "tags": {
              "Name": "midecode-ionos",
              "environment": "poc",
              "owner": "midecode",
              "project": "ionos"
            },
            "tags_all": {
              "Name": "midecode-ionos",
              "environment": "poc",
              "owner": "midecode",
              "project": "ionos"
            }
          },
          "sensitive_attributes": [],
          "private": "eyJzY2hlbWFfdmVyc2lvbiI6IjEifQ==",
          "create_before_destroy": true
        }
      ]
    }
  ],
  "check_results": null
}
